// !$*UTF8*$!
{
	archiveVersion = 1;
	classes = {
	};
	objectVersion = 45;
	objects = {

/* Begin PBXAggregateTarget section */
		8E7B689911EBD8BC00112165 /* Distribution */ = {
			isa = PBXAggregateTarget;
			buildConfigurationList = 8E7B68AC11EBD8D500112165 /* Build configuration list for PBXAggregateTarget "Distribution" */;
			buildPhases = (
				8E7B68A111EBD8CE00112165 /* ShellScript */,
			);
			dependencies = (
				8E7B689D11EBD8C000112165 /* PBXTargetDependency */,
			);
			name = Distribution;
			productName = Distribution;
		};
/* End PBXAggregateTarget section */

/* Begin PBXBuildFile section */
		1DDD58160DA1D0A300B32029 /* MainMenu.xib in Resources */ = {isa = PBXBuildFile; fileRef = 1DDD58140DA1D0A300B32029 /* MainMenu.xib */; };
		256AC3DA0F4B6AC300CF3369 /* GrabBoxAppDelegate.m in Sources */ = {isa = PBXBuildFile; fileRef = 256AC3D90F4B6AC300CF3369 /* GrabBoxAppDelegate.m */; };
		8D11072B0486CEB800E47090 /* InfoPlist.strings in Resources */ = {isa = PBXBuildFile; fileRef = 089C165CFE840E0CC02AAC07 /* InfoPlist.strings */; };
		8D11072D0486CEB800E47090 /* main.m in Sources */ = {isa = PBXBuildFile; fileRef = 29B97316FDCFA39411CA2CEA /* main.m */; settings = {ATTRIBUTES = (); }; };
		8D11072F0486CEB800E47090 /* Cocoa.framework in Frameworks */ = {isa = PBXBuildFile; fileRef = 1058C7A1FEA54F0111CA2CBB /* Cocoa.framework */; };
		8E17FB1F11EE334B00819835 /* GrabBox.icns in Resources */ = {isa = PBXBuildFile; fileRef = 8E4E78D511EE2AB100EB0CAD /* GrabBox.icns */; };
		8E1A63EB11EFB63A00C3379F /* DropboxDetector.m in Sources */ = {isa = PBXBuildFile; fileRef = 8E1A63EA11EFB63A00C3379F /* DropboxDetector.m */; };
		8E1A641611EFBAB200C3379F /* DropboxDetector.xib in Resources */ = {isa = PBXBuildFile; fileRef = 8E1A641511EFBAB200C3379F /* DropboxDetector.xib */; };
		8E2AF15911F01D3100A29A61 /* link_ok.png in Resources */ = {isa = PBXBuildFile; fileRef = 8E2AF15811F01D3100A29A61 /* link_ok.png */; };
		8E2AF15B11F01D4B00A29A61 /* link_waiting.png in Resources */ = {isa = PBXBuildFile; fileRef = 8E2AF15A11F01D4B00A29A61 /* link_waiting.png */; };
		8E2AF15D11F0275000A29A61 /* howto.png in Resources */ = {isa = PBXBuildFile; fileRef = 8E2AF15C11F0275000A29A61 /* howto.png */; };
		8E2AF24E11F03A8500A29A61 /* dropbox.png in Resources */ = {isa = PBXBuildFile; fileRef = 8E2AF24D11F03A8500A29A61 /* dropbox.png */; };
		8E3A3220125034BD00E9D0F6 /* NSDataAdditions.m in Sources */ = {isa = PBXBuildFile; fileRef = 8E3A321F125034BD00E9D0F6 /* NSDataAdditions.m */; };
		8E49CF2211ED0DFA0041CE70 /* ImageRenamer.m in Sources */ = {isa = PBXBuildFile; fileRef = 8E49CF2111ED0DFA0041CE70 /* ImageRenamer.m */; };
		8E49CF4D11ED14640041CE70 /* ImageRenamer.xib in Resources */ = {isa = PBXBuildFile; fileRef = 8E49CF4B11ED14640041CE70 /* ImageRenamer.xib */; };
		8E4A509111E9105700A0A743 /* Setup.m in Sources */ = {isa = PBXBuildFile; fileRef = 8E4A509011E9105700A0A743 /* Setup.m */; };
		8E4A50A011E9155500A0A743 /* InformationGatherer.m in Sources */ = {isa = PBXBuildFile; fileRef = 8E4A509F11E9155500A0A743 /* InformationGatherer.m */; };
		8E51825911E7CE3A00D15CAB /* FSRefConversions.m in Sources */ = {isa = PBXBuildFile; fileRef = 8E51825811E7CE3A00D15CAB /* FSRefConversions.m */; };
		8E60861811E6D1B600881A1C /* Notifier.m in Sources */ = {isa = PBXBuildFile; fileRef = 8E60861711E6D1B600881A1C /* Notifier.m */; };
		8E7385D811F3C5ED0051276B /* ProcessIsRunningWithBundleID.c in Sources */ = {isa = PBXBuildFile; fileRef = 8E7385D711F3C5EC0051276B /* ProcessIsRunningWithBundleID.c */; };
		8E7385EA11F3C7900051276B /* Carbon.framework in Frameworks */ = {isa = PBXBuildFile; fileRef = 8E7385E911F3C7900051276B /* Carbon.framework */; };
		8E7B686911EBD1BA00112165 /* Sparkle.framework in Frameworks */ = {isa = PBXBuildFile; fileRef = 8E7B686811EBD1BA00112165 /* Sparkle.framework */; };
		8E7B688F11EBD26500112165 /* Sparkle.framework in Copy Supporting Frameworks */ = {isa = PBXBuildFile; fileRef = 8E7B686811EBD1BA00112165 /* Sparkle.framework */; };
		8E7B689811EBD87500112165 /* dsa_pub.pem in Resources */ = {isa = PBXBuildFile; fileRef = 8E7B689711EBD87500112165 /* dsa_pub.pem */; };
		8E7B696211EBEFCF00112165 /* Growler.m in Sources */ = {isa = PBXBuildFile; fileRef = 8E7B696111EBEFCF00112165 /* Growler.m */; };
		8E7B69D911EBF66900112165 /* GrowlerDelegate.m in Sources */ = {isa = PBXBuildFile; fileRef = 8E7B69D811EBF66900112165 /* GrowlerDelegate.m */; };
		8E7B6A4111EBFD4400112165 /* Growl Registration Ticket.growlRegDict in Resources */ = {isa = PBXBuildFile; fileRef = 8E7B692311EBEBB400112165 /* Growl Registration Ticket.growlRegDict */; };
		8E7B6A7911EBFF1E00112165 /* libsqlite3.dylib in Frameworks */ = {isa = PBXBuildFile; fileRef = 8E7B6A7811EBFF1E00112165 /* libsqlite3.dylib */; };
		8E7B6B2E11EC19A500112165 /* Growl.framework in Frameworks */ = {isa = PBXBuildFile; fileRef = 8E7B6B2D11EC19A500112165 /* Growl.framework */; };
		8E7B6B3611EC19A700112165 /* Growl.framework in Copy Supporting Frameworks */ = {isa = PBXBuildFile; fileRef = 8E7B6B2D11EC19A500112165 /* Growl.framework */; };
		8E7B6BC911EC383800112165 /* UploadInitiator.m in Sources */ = {isa = PBXBuildFile; fileRef = 8E7B6BC811EC383800112165 /* UploadInitiator.m */; };
		8E7B6C2511EC433B00112165 /* Preferences.m in Sources */ = {isa = PBXBuildFile; fileRef = 8E7B6C2411EC433B00112165 /* Preferences.m */; };
		8EE03A2711F2534E00655738 /* Credits.rtf in Resources */ = {isa = PBXBuildFile; fileRef = 8EE03A2611F2534E00655738 /* Credits.rtf */; };
/* End PBXBuildFile section */

/* Begin PBXContainerItemProxy section */
		8E7B689C11EBD8C000112165 /* PBXContainerItemProxy */ = {
			isa = PBXContainerItemProxy;
			containerPortal = 29B97313FDCFA39411CA2CEA /* Project object */;
			proxyType = 1;
			remoteGlobalIDString = 8D1107260486CEB800E47090;
			remoteInfo = GrabBox;
		};
/* End PBXContainerItemProxy section */

/* Begin PBXCopyFilesBuildPhase section */
		8E7B688B11EBD23900112165 /* Copy Supporting Frameworks */ = {
			isa = PBXCopyFilesBuildPhase;
			buildActionMask = 12;
			dstPath = "";
			dstSubfolderSpec = 10;
			files = (
				8E7B6B3611EC19A700112165 /* Growl.framework in Copy Supporting Frameworks */,
				8E7B688F11EBD26500112165 /* Sparkle.framework in Copy Supporting Frameworks */,
			);
			name = "Copy Supporting Frameworks";
			runOnlyForDeploymentPostprocessing = 0;
		};
/* End PBXCopyFilesBuildPhase section */

/* Begin PBXFileReference section */
		089C165DFE840E0CC02AAC07 /* English */ = {isa = PBXFileReference; fileEncoding = 4; lastKnownFileType = text.plist.strings; name = English; path = English.lproj/InfoPlist.strings; sourceTree = "<group>"; };
		1058C7A1FEA54F0111CA2CBB /* Cocoa.framework */ = {isa = PBXFileReference; lastKnownFileType = wrapper.framework; name = Cocoa.framework; path = /System/Library/Frameworks/Cocoa.framework; sourceTree = "<absolute>"; };
		13E42FB307B3F0F600E4EEF1 /* CoreData.framework */ = {isa = PBXFileReference; lastKnownFileType = wrapper.framework; name = CoreData.framework; path = /System/Library/Frameworks/CoreData.framework; sourceTree = "<absolute>"; };
		1DDD58150DA1D0A300B32029 /* English */ = {isa = PBXFileReference; lastKnownFileType = file.xib; name = English; path = English.lproj/MainMenu.xib; sourceTree = "<group>"; };
		256AC3D80F4B6AC300CF3369 /* GrabBoxAppDelegate.h */ = {isa = PBXFileReference; fileEncoding = 4; lastKnownFileType = sourcecode.c.h; path = GrabBoxAppDelegate.h; sourceTree = "<group>"; };
		256AC3D90F4B6AC300CF3369 /* GrabBoxAppDelegate.m */ = {isa = PBXFileReference; fileEncoding = 4; lastKnownFileType = sourcecode.c.objc; path = GrabBoxAppDelegate.m; sourceTree = "<group>"; };
		256AC3F00F4B6AF500CF3369 /* GrabBox_Prefix.pch */ = {isa = PBXFileReference; fileEncoding = 4; lastKnownFileType = sourcecode.c.h; path = GrabBox_Prefix.pch; sourceTree = "<group>"; };
		29B97316FDCFA39411CA2CEA /* main.m */ = {isa = PBXFileReference; fileEncoding = 4; lastKnownFileType = sourcecode.c.objc; path = main.m; sourceTree = "<group>"; };
		29B97324FDCFA39411CA2CEA /* AppKit.framework */ = {isa = PBXFileReference; lastKnownFileType = wrapper.framework; name = AppKit.framework; path = /System/Library/Frameworks/AppKit.framework; sourceTree = "<absolute>"; };
		29B97325FDCFA39411CA2CEA /* Foundation.framework */ = {isa = PBXFileReference; lastKnownFileType = wrapper.framework; name = Foundation.framework; path = /System/Library/Frameworks/Foundation.framework; sourceTree = "<absolute>"; };
		8D1107310486CEB800E47090 /* GrabBox-Info.plist */ = {isa = PBXFileReference; fileEncoding = 4; lastKnownFileType = text.plist.xml; path = "GrabBox-Info.plist"; sourceTree = "<group>"; };
		8D1107320486CEB800E47090 /* GrabBox.app */ = {isa = PBXFileReference; explicitFileType = wrapper.application; includeInIndex = 0; path = GrabBox.app; sourceTree = BUILT_PRODUCTS_DIR; };
		8E1A63E911EFB63A00C3379F /* DropboxDetector.h */ = {isa = PBXFileReference; fileEncoding = 4; lastKnownFileType = sourcecode.c.h; path = DropboxDetector.h; sourceTree = "<group>"; };
		8E1A63EA11EFB63A00C3379F /* DropboxDetector.m */ = {isa = PBXFileReference; fileEncoding = 4; lastKnownFileType = sourcecode.c.objc; path = DropboxDetector.m; sourceTree = "<group>"; };
		8E1A641511EFBAB200C3379F /* DropboxDetector.xib */ = {isa = PBXFileReference; lastKnownFileType = file.xib; path = DropboxDetector.xib; sourceTree = "<group>"; };
		8E2AF15811F01D3100A29A61 /* link_ok.png */ = {isa = PBXFileReference; lastKnownFileType = image.png; path = link_ok.png; sourceTree = "<group>"; };
		8E2AF15A11F01D4B00A29A61 /* link_waiting.png */ = {isa = PBXFileReference; lastKnownFileType = image.png; path = link_waiting.png; sourceTree = "<group>"; };
		8E2AF15C11F0275000A29A61 /* howto.png */ = {isa = PBXFileReference; lastKnownFileType = image.png; path = howto.png; sourceTree = "<group>"; };
		8E2AF24D11F03A8500A29A61 /* dropbox.png */ = {isa = PBXFileReference; lastKnownFileType = image.png; path = dropbox.png; sourceTree = "<group>"; };
		8E2AF33D11F04B7900A29A61 /* GrabBox 0.5.html */ = {isa = PBXFileReference; fileEncoding = 4; lastKnownFileType = text.html; path = "GrabBox 0.5.html"; sourceTree = "<group>"; };
		8E2AF34111F04B8D00A29A61 /* favicon.ico */ = {isa = PBXFileReference; lastKnownFileType = image.ico; path = favicon.ico; sourceTree = "<group>"; };
		8E2AF34711F04BAD00A29A61 /* GrabBox 0.5.zip */ = {isa = PBXFileReference; lastKnownFileType = archive.zip; path = "GrabBox 0.5.zip"; sourceTree = "<group>"; };
		8E3A321F125034BD00E9D0F6 /* NSDataAdditions.m */ = {isa = PBXFileReference; fileEncoding = 4; lastKnownFileType = sourcecode.c.objc; path = NSDataAdditions.m; sourceTree = "<group>"; };
		8E3A3221125034CF00E9D0F6 /* NSDataAdditions.h */ = {isa = PBXFileReference; fileEncoding = 4; lastKnownFileType = sourcecode.c.h; path = NSDataAdditions.h; sourceTree = "<group>"; };
		8E49CF2011ED0DFA0041CE70 /* ImageRenamer.h */ = {isa = PBXFileReference; fileEncoding = 4; lastKnownFileType = sourcecode.c.h; path = ImageRenamer.h; sourceTree = "<group>"; };
		8E49CF2111ED0DFA0041CE70 /* ImageRenamer.m */ = {isa = PBXFileReference; fileEncoding = 4; lastKnownFileType = sourcecode.c.objc; path = ImageRenamer.m; sourceTree = "<group>"; };
		8E49CF4C11ED14640041CE70 /* English */ = {isa = PBXFileReference; lastKnownFileType = file.xib; name = English; path = English.lproj/ImageRenamer.xib; sourceTree = "<group>"; };
		8E4A508B11E9086700A0A743 /* TODO.txt */ = {isa = PBXFileReference; fileEncoding = 4; lastKnownFileType = text; path = TODO.txt; sourceTree = "<group>"; };
		8E4A508F11E9105700A0A743 /* Setup.h */ = {isa = PBXFileReference; fileEncoding = 4; lastKnownFileType = sourcecode.c.h; path = Setup.h; sourceTree = "<group>"; };
		8E4A509011E9105700A0A743 /* Setup.m */ = {isa = PBXFileReference; fileEncoding = 4; lastKnownFileType = sourcecode.c.objc; path = Setup.m; sourceTree = "<group>"; };
		8E4A509E11E9155500A0A743 /* InformationGatherer.h */ = {isa = PBXFileReference; fileEncoding = 4; lastKnownFileType = sourcecode.c.h; path = InformationGatherer.h; sourceTree = "<group>"; };
		8E4A509F11E9155500A0A743 /* InformationGatherer.m */ = {isa = PBXFileReference; fileEncoding = 4; lastKnownFileType = sourcecode.c.objc; path = InformationGatherer.m; sourceTree = "<group>"; };
		8E4E78D511EE2AB100EB0CAD /* GrabBox.icns */ = {isa = PBXFileReference; lastKnownFileType = image.icns; path = GrabBox.icns; sourceTree = "<group>"; };
		8E4E78E911EE2E7A00EB0CAD /* appcast.xml */ = {isa = PBXFileReference; fileEncoding = 4; lastKnownFileType = text.xml; path = appcast.xml; sourceTree = "<group>"; };
		8E4E78EA11EE2E7A00EB0CAD /* grabbox.png */ = {isa = PBXFileReference; lastKnownFileType = image.png; path = grabbox.png; sourceTree = "<group>"; };
		8E4E78EB11EE2E7A00EB0CAD /* growl.png */ = {isa = PBXFileReference; lastKnownFileType = image.png; path = growl.png; sourceTree = "<group>"; };
		8E4E78EC11EE2E7A00EB0CAD /* index.html */ = {isa = PBXFileReference; fileEncoding = 4; lastKnownFileType = text.html; path = index.html; sourceTree = "<group>"; };
		8E4E78ED11EE2E7A00EB0CAD /* muller.png */ = {isa = PBXFileReference; lastKnownFileType = image.png; path = muller.png; sourceTree = "<group>"; };
		8E4E78EE11EE2E7A00EB0CAD /* preferences.png */ = {isa = PBXFileReference; lastKnownFileType = image.png; path = preferences.png; sourceTree = "<group>"; };
		8E4E78EF11EE2E7A00EB0CAD /* prompt_rename.png */ = {isa = PBXFileReference; lastKnownFileType = image.png; path = prompt_rename.png; sourceTree = "<group>"; };
		8E4E78F011EE2E7A00EB0CAD /* prompt_upload.png */ = {isa = PBXFileReference; lastKnownFileType = image.png; path = prompt_upload.png; sourceTree = "<group>"; };
		8E4E78F111EE2E7A00EB0CAD /* sparkle.png */ = {isa = PBXFileReference; lastKnownFileType = image.png; path = sparkle.png; sourceTree = "<group>"; };
		8E4E78F311EE2E7A00EB0CAD /* GrabBox 0.1.1.html */ = {isa = PBXFileReference; fileEncoding = 4; lastKnownFileType = text.html; path = "GrabBox 0.1.1.html"; sourceTree = "<group>"; };
		8E4E78F411EE2E7A00EB0CAD /* GrabBox 0.1.1.zip */ = {isa = PBXFileReference; lastKnownFileType = archive.zip; path = "GrabBox 0.1.1.zip"; sourceTree = "<group>"; };
		8E4E78F511EE2E7A00EB0CAD /* GrabBox 0.1.html */ = {isa = PBXFileReference; fileEncoding = 4; lastKnownFileType = text.html; path = "GrabBox 0.1.html"; sourceTree = "<group>"; };
		8E4E78F611EE2E7A00EB0CAD /* GrabBox 0.2.html */ = {isa = PBXFileReference; fileEncoding = 4; lastKnownFileType = text.html; path = "GrabBox 0.2.html"; sourceTree = "<group>"; };
		8E4E78F711EE2E7A00EB0CAD /* GrabBox 0.2.zip */ = {isa = PBXFileReference; lastKnownFileType = archive.zip; path = "GrabBox 0.2.zip"; sourceTree = "<group>"; };
		8E4E78F811EE2E7A00EB0CAD /* GrabBox 0.3.html */ = {isa = PBXFileReference; fileEncoding = 4; lastKnownFileType = text.html; path = "GrabBox 0.3.html"; sourceTree = "<group>"; };
		8E4E78F911EE2E7A00EB0CAD /* GrabBox 0.3.zip */ = {isa = PBXFileReference; lastKnownFileType = archive.zip; path = "GrabBox 0.3.zip"; sourceTree = "<group>"; };
		8E4E78FA11EE2E7A00EB0CAD /* GrabBox 0.4.1.html */ = {isa = PBXFileReference; fileEncoding = 4; lastKnownFileType = text.html; path = "GrabBox 0.4.1.html"; sourceTree = "<group>"; };
		8E4E78FB11EE2E7A00EB0CAD /* GrabBox 0.4.1.zip */ = {isa = PBXFileReference; lastKnownFileType = archive.zip; path = "GrabBox 0.4.1.zip"; sourceTree = "<group>"; };
		8E4E78FC11EE2E7A00EB0CAD /* GrabBox 0.4.html */ = {isa = PBXFileReference; fileEncoding = 4; lastKnownFileType = text.html; path = "GrabBox 0.4.html"; sourceTree = "<group>"; };
		8E4E78FD11EE2E7A00EB0CAD /* GrabBox 0.4.zip */ = {isa = PBXFileReference; lastKnownFileType = archive.zip; path = "GrabBox 0.4.zip"; sourceTree = "<group>"; };
		8E4E78FE11EE2E7A00EB0CAD /* updates.css */ = {isa = PBXFileReference; fileEncoding = 4; lastKnownFileType = text.css; path = updates.css; sourceTree = "<group>"; };
		8E51825711E7CE3A00D15CAB /* FSRefConversions.h */ = {isa = PBXFileReference; fileEncoding = 4; lastKnownFileType = sourcecode.c.h; path = FSRefConversions.h; sourceTree = "<group>"; };
		8E51825811E7CE3A00D15CAB /* FSRefConversions.m */ = {isa = PBXFileReference; fileEncoding = 4; lastKnownFileType = sourcecode.c.objc; path = FSRefConversions.m; sourceTree = "<group>"; };
		8E60861611E6D1B600881A1C /* Notifier.h */ = {isa = PBXFileReference; fileEncoding = 4; lastKnownFileType = sourcecode.c.h; path = Notifier.h; sourceTree = "<group>"; };
		8E60861711E6D1B600881A1C /* Notifier.m */ = {isa = PBXFileReference; fileEncoding = 4; lastKnownFileType = sourcecode.c.objc; path = Notifier.m; sourceTree = "<group>"; };
		8E7385D611F3C5EC0051276B /* ProcessIsRunningWithBundleID.h */ = {isa = PBXFileReference; fileEncoding = 4; lastKnownFileType = sourcecode.c.h; path = ProcessIsRunningWithBundleID.h; sourceTree = "<group>"; };
		8E7385D711F3C5EC0051276B /* ProcessIsRunningWithBundleID.c */ = {isa = PBXFileReference; fileEncoding = 4; lastKnownFileType = sourcecode.c.c; path = ProcessIsRunningWithBundleID.c; sourceTree = "<group>"; };
		8E7385E911F3C7900051276B /* Carbon.framework */ = {isa = PBXFileReference; lastKnownFileType = wrapper.framework; name = Carbon.framework; path = System/Library/Frameworks/Carbon.framework; sourceTree = SDKROOT; };
		8E7B686811EBD1BA00112165 /* Sparkle.framework */ = {isa = PBXFileReference; lastKnownFileType = wrapper.framework; path = Sparkle.framework; sourceTree = "<group>"; };
		8E7B689711EBD87500112165 /* dsa_pub.pem */ = {isa = PBXFileReference; fileEncoding = 4; lastKnownFileType = text; path = dsa_pub.pem; sourceTree = "<group>"; };
		8E7B692311EBEBB400112165 /* Growl Registration Ticket.growlRegDict */ = {isa = PBXFileReference; fileEncoding = 4; lastKnownFileType = text.xml; path = "Growl Registration Ticket.growlRegDict"; sourceTree = "<group>"; };
		8E7B696011EBEFCF00112165 /* Growler.h */ = {isa = PBXFileReference; fileEncoding = 4; lastKnownFileType = sourcecode.c.h; path = Growler.h; sourceTree = "<group>"; };
		8E7B696111EBEFCF00112165 /* Growler.m */ = {isa = PBXFileReference; fileEncoding = 4; lastKnownFileType = sourcecode.c.objc; path = Growler.m; sourceTree = "<group>"; };
		8E7B69D711EBF66900112165 /* GrowlerDelegate.h */ = {isa = PBXFileReference; fileEncoding = 4; lastKnownFileType = sourcecode.c.h; path = GrowlerDelegate.h; sourceTree = "<group>"; };
		8E7B69D811EBF66900112165 /* GrowlerDelegate.m */ = {isa = PBXFileReference; fileEncoding = 4; lastKnownFileType = sourcecode.c.objc; path = GrowlerDelegate.m; sourceTree = "<group>"; };
		8E7B6A7811EBFF1E00112165 /* libsqlite3.dylib */ = {isa = PBXFileReference; lastKnownFileType = "compiled.mach-o.dylib"; name = libsqlite3.dylib; path = usr/lib/libsqlite3.dylib; sourceTree = SDKROOT; };
		8E7B6B2D11EC19A500112165 /* Growl.framework */ = {isa = PBXFileReference; lastKnownFileType = wrapper.framework; path = Growl.framework; sourceTree = "<group>"; };
		8E7B6BC711EC383800112165 /* UploadInitiator.h */ = {isa = PBXFileReference; fileEncoding = 4; lastKnownFileType = sourcecode.c.h; path = UploadInitiator.h; sourceTree = "<group>"; };
		8E7B6BC811EC383800112165 /* UploadInitiator.m */ = {isa = PBXFileReference; fileEncoding = 4; lastKnownFileType = sourcecode.c.objc; path = UploadInitiator.m; sourceTree = "<group>"; };
		8E7B6C2311EC433B00112165 /* Preferences.h */ = {isa = PBXFileReference; fileEncoding = 4; lastKnownFileType = sourcecode.c.h; path = Preferences.h; sourceTree = "<group>"; };
		8E7B6C2411EC433B00112165 /* Preferences.m */ = {isa = PBXFileReference; fileEncoding = 4; lastKnownFileType = sourcecode.c.objc; path = Preferences.m; sourceTree = "<group>"; };
		8E83818711F0DB1C00C3151D /* GrabBox 0.5.1.html */ = {isa = PBXFileReference; fileEncoding = 4; lastKnownFileType = text.html; path = "GrabBox 0.5.1.html"; sourceTree = "<group>"; };
		8E83818811F0DB2A00C3151D /* setup.png */ = {isa = PBXFileReference; lastKnownFileType = image.png; path = setup.png; sourceTree = "<group>"; };
		8E83818911F0DB2A00C3151D /* silk.gif */ = {isa = PBXFileReference; lastKnownFileType = image.gif; path = silk.gif; sourceTree = "<group>"; };
		8EE03A2611F2534E00655738 /* Credits.rtf */ = {isa = PBXFileReference; lastKnownFileType = text.rtf; path = Credits.rtf; sourceTree = "<group>"; };
/* End PBXFileReference section */

/* Begin PBXFrameworksBuildPhase section */
		8D11072E0486CEB800E47090 /* Frameworks */ = {
			isa = PBXFrameworksBuildPhase;
			buildActionMask = 2147483647;
			files = (
				8D11072F0486CEB800E47090 /* Cocoa.framework in Frameworks */,
				8E7B686911EBD1BA00112165 /* Sparkle.framework in Frameworks */,
				8E7B6A7911EBFF1E00112165 /* libsqlite3.dylib in Frameworks */,
				8E7B6B2E11EC19A500112165 /* Growl.framework in Frameworks */,
				8E7385EA11F3C7900051276B /* Carbon.framework in Frameworks */,
			);
			runOnlyForDeploymentPostprocessing = 0;
		};
/* End PBXFrameworksBuildPhase section */

/* Begin PBXGroup section */
		080E96DDFE201D6D7F000001 /* Classes */ = {
			isa = PBXGroup;
			children = (
				8E1A63E911EFB63A00C3379F /* DropboxDetector.h */,
				8E1A63EA11EFB63A00C3379F /* DropboxDetector.m */,
				8E51825711E7CE3A00D15CAB /* FSRefConversions.h */,
				8E51825811E7CE3A00D15CAB /* FSRefConversions.m */,
				256AC3D80F4B6AC300CF3369 /* GrabBoxAppDelegate.h */,
				256AC3D90F4B6AC300CF3369 /* GrabBoxAppDelegate.m */,
				8E7B696011EBEFCF00112165 /* Growler.h */,
				8E7B696111EBEFCF00112165 /* Growler.m */,
				8E7B69D711EBF66900112165 /* GrowlerDelegate.h */,
				8E7B69D811EBF66900112165 /* GrowlerDelegate.m */,
				8E49CF2011ED0DFA0041CE70 /* ImageRenamer.h */,
				8E49CF2111ED0DFA0041CE70 /* ImageRenamer.m */,
				8E4A509E11E9155500A0A743 /* InformationGatherer.h */,
				8E4A509F11E9155500A0A743 /* InformationGatherer.m */,
				8E60861611E6D1B600881A1C /* Notifier.h */,
				8E60861711E6D1B600881A1C /* Notifier.m */,
				8E3A3221125034CF00E9D0F6 /* NSDataAdditions.h */,
				8E3A321F125034BD00E9D0F6 /* NSDataAdditions.m */,
				8E7B6C2311EC433B00112165 /* Preferences.h */,
				8E7B6C2411EC433B00112165 /* Preferences.m */,
				8E4A508F11E9105700A0A743 /* Setup.h */,
				8E4A509011E9105700A0A743 /* Setup.m */,
				8E7B6BC711EC383800112165 /* UploadInitiator.h */,
				8E7B6BC811EC383800112165 /* UploadInitiator.m */,
				8E7385D611F3C5EC0051276B /* ProcessIsRunningWithBundleID.h */,
				8E7385D711F3C5EC0051276B /* ProcessIsRunningWithBundleID.c */,
			);
			name = Classes;
			sourceTree = "<group>";
		};
		1058C7A0FEA54F0111CA2CBB /* Linked Frameworks */ = {
			isa = PBXGroup;
			children = (
				8E7B6B2D11EC19A500112165 /* Growl.framework */,
				8E7B686811EBD1BA00112165 /* Sparkle.framework */,
				1058C7A1FEA54F0111CA2CBB /* Cocoa.framework */,
				8E7B6A7811EBFF1E00112165 /* libsqlite3.dylib */,
			);
			name = "Linked Frameworks";
			sourceTree = "<group>";
		};
		1058C7A2FEA54F0111CA2CBB /* Other Frameworks */ = {
			isa = PBXGroup;
			children = (
				29B97324FDCFA39411CA2CEA /* AppKit.framework */,
				13E42FB307B3F0F600E4EEF1 /* CoreData.framework */,
				29B97325FDCFA39411CA2CEA /* Foundation.framework */,
				8E7385E911F3C7900051276B /* Carbon.framework */,
			);
			name = "Other Frameworks";
			sourceTree = "<group>";
		};
		19C28FACFE9D520D11CA2CBB /* Products */ = {
			isa = PBXGroup;
			children = (
				8D1107320486CEB800E47090 /* GrabBox.app */,
			);
			name = Products;
			sourceTree = "<group>";
		};
		29B97314FDCFA39411CA2CEA /* GrabBox */ = {
			isa = PBXGroup;
			children = (
				080E96DDFE201D6D7F000001 /* Classes */,
				29B97315FDCFA39411CA2CEA /* Other Sources */,
				29B97317FDCFA39411CA2CEA /* Resources */,
				8E4A508B11E9086700A0A743 /* TODO.txt */,
				8E4E78E811EE2E7A00EB0CAD /* Webpage */,
				19C28FACFE9D520D11CA2CBB /* Products */,
				29B97323FDCFA39411CA2CEA /* Frameworks */,
			);
			name = GrabBox;
			sourceTree = "<group>";
		};
		29B97315FDCFA39411CA2CEA /* Other Sources */ = {
			isa = PBXGroup;
			children = (
				256AC3F00F4B6AF500CF3369 /* GrabBox_Prefix.pch */,
				29B97316FDCFA39411CA2CEA /* main.m */,
			);
			name = "Other Sources";
			sourceTree = "<group>";
		};
		29B97317FDCFA39411CA2CEA /* Resources */ = {
			isa = PBXGroup;
			children = (
				8E2AF15511F01D2100A29A61 /* Icons */,
				8E7B692311EBEBB400112165 /* Growl Registration Ticket.growlRegDict */,
				8E7B689711EBD87500112165 /* dsa_pub.pem */,
				8D1107310486CEB800E47090 /* GrabBox-Info.plist */,
				8E2AF15C11F0275000A29A61 /* howto.png */,
				8EE03A2611F2534E00655738 /* Credits.rtf */,
				089C165CFE840E0CC02AAC07 /* InfoPlist.strings */,
				8E1A641511EFBAB200C3379F /* DropboxDetector.xib */,
				8E49CF4B11ED14640041CE70 /* ImageRenamer.xib */,
				1DDD58140DA1D0A300B32029 /* MainMenu.xib */,
			);
			name = Resources;
			sourceTree = "<group>";
		};
		29B97323FDCFA39411CA2CEA /* Frameworks */ = {
			isa = PBXGroup;
			children = (
				1058C7A0FEA54F0111CA2CBB /* Linked Frameworks */,
				1058C7A2FEA54F0111CA2CBB /* Other Frameworks */,
			);
			name = Frameworks;
			sourceTree = "<group>";
		};
		8E2AF15511F01D2100A29A61 /* Icons */ = {
			isa = PBXGroup;
			children = (
				8E2AF24D11F03A8500A29A61 /* dropbox.png */,
				8E4E78D511EE2AB100EB0CAD /* GrabBox.icns */,
				8E2AF15811F01D3100A29A61 /* link_ok.png */,
				8E2AF15A11F01D4B00A29A61 /* link_waiting.png */,
			);
			name = Icons;
			sourceTree = "<group>";
		};
		8E4E78E811EE2E7A00EB0CAD /* Webpage */ = {
			isa = PBXGroup;
			children = (
				8E4E78F211EE2E7A00EB0CAD /* Updates */,
				8E83818911F0DB2A00C3151D /* silk.gif */,
				8E4E78EC11EE2E7A00EB0CAD /* index.html */,
				8E2AF34111F04B8D00A29A61 /* favicon.ico */,
				8E4E78EA11EE2E7A00EB0CAD /* grabbox.png */,
				8E4E78EB11EE2E7A00EB0CAD /* growl.png */,
				8E4E78ED11EE2E7A00EB0CAD /* muller.png */,
				8E4E78EE11EE2E7A00EB0CAD /* preferences.png */,
				8E4E78EF11EE2E7A00EB0CAD /* prompt_rename.png */,
				8E4E78F011EE2E7A00EB0CAD /* prompt_upload.png */,
				8E83818811F0DB2A00C3151D /* setup.png */,
				8E4E78F111EE2E7A00EB0CAD /* sparkle.png */,
				8E4E78E911EE2E7A00EB0CAD /* appcast.xml */,
			);
			name = Webpage;
			path = webpage;
			sourceTree = "<group>";
		};
		8E4E78F211EE2E7A00EB0CAD /* Updates */ = {
			isa = PBXGroup;
			children = (
				8E4E78FE11EE2E7A00EB0CAD /* updates.css */,
				8E4E78F311EE2E7A00EB0CAD /* GrabBox 0.1.1.html */,
				8E4E78F511EE2E7A00EB0CAD /* GrabBox 0.1.html */,
				8E4E78F611EE2E7A00EB0CAD /* GrabBox 0.2.html */,
				8E4E78F811EE2E7A00EB0CAD /* GrabBox 0.3.html */,
				8E4E78FA11EE2E7A00EB0CAD /* GrabBox 0.4.1.html */,
				8E4E78FC11EE2E7A00EB0CAD /* GrabBox 0.4.html */,
				8E83818711F0DB1C00C3151D /* GrabBox 0.5.1.html */,
				8E2AF33D11F04B7900A29A61 /* GrabBox 0.5.html */,
				8E4E78F411EE2E7A00EB0CAD /* GrabBox 0.1.1.zip */,
				8E4E78F711EE2E7A00EB0CAD /* GrabBox 0.2.zip */,
				8E4E78F911EE2E7A00EB0CAD /* GrabBox 0.3.zip */,
				8E4E78FB11EE2E7A00EB0CAD /* GrabBox 0.4.1.zip */,
				8E4E78FD11EE2E7A00EB0CAD /* GrabBox 0.4.zip */,
				8E2AF34711F04BAD00A29A61 /* GrabBox 0.5.zip */,
			);
			name = Updates;
			path = updates;
			sourceTree = "<group>";
		};
/* End PBXGroup section */

/* Begin PBXNativeTarget section */
		8D1107260486CEB800E47090 /* GrabBox */ = {
			isa = PBXNativeTarget;
			buildConfigurationList = C01FCF4A08A954540054247B /* Build configuration list for PBXNativeTarget "GrabBox" */;
			buildPhases = (
				8D11072C0486CEB800E47090 /* Sources */,
				8D11072E0486CEB800E47090 /* Frameworks */,
				8D1107290486CEB800E47090 /* Resources */,
				8E7B688B11EBD23900112165 /* Copy Supporting Frameworks */,
			);
			buildRules = (
			);
			dependencies = (
			);
			name = GrabBox;
			productInstallPath = "$(HOME)/Applications";
			productName = GrabBox;
			productReference = 8D1107320486CEB800E47090 /* GrabBox.app */;
			productType = "com.apple.product-type.application";
		};
/* End PBXNativeTarget section */

/* Begin PBXProject section */
		29B97313FDCFA39411CA2CEA /* Project object */ = {
			isa = PBXProject;
			buildConfigurationList = C01FCF4E08A954540054247B /* Build configuration list for PBXProject "GrabBox" */;
			compatibilityVersion = "Xcode 3.1";
			hasScannedForEncodings = 1;
			mainGroup = 29B97314FDCFA39411CA2CEA /* GrabBox */;
			projectDirPath = "";
			projectRoot = "";
			targets = (
				8D1107260486CEB800E47090 /* GrabBox */,
				8E7B689911EBD8BC00112165 /* Distribution */,
			);
		};
/* End PBXProject section */

/* Begin PBXResourcesBuildPhase section */
		8D1107290486CEB800E47090 /* Resources */ = {
			isa = PBXResourcesBuildPhase;
			buildActionMask = 2147483647;
			files = (
				8E7B6A4111EBFD4400112165 /* Growl Registration Ticket.growlRegDict in Resources */,
				8E17FB1F11EE334B00819835 /* GrabBox.icns in Resources */,
				8D11072B0486CEB800E47090 /* InfoPlist.strings in Resources */,
				1DDD58160DA1D0A300B32029 /* MainMenu.xib in Resources */,
				8E7B689811EBD87500112165 /* dsa_pub.pem in Resources */,
				8E49CF4D11ED14640041CE70 /* ImageRenamer.xib in Resources */,
				8E1A641611EFBAB200C3379F /* DropboxDetector.xib in Resources */,
				8E2AF15911F01D3100A29A61 /* link_ok.png in Resources */,
				8E2AF15B11F01D4B00A29A61 /* link_waiting.png in Resources */,
				8E2AF15D11F0275000A29A61 /* howto.png in Resources */,
				8E2AF24E11F03A8500A29A61 /* dropbox.png in Resources */,
				8EE03A2711F2534E00655738 /* Credits.rtf in Resources */,
			);
			runOnlyForDeploymentPostprocessing = 0;
		};
/* End PBXResourcesBuildPhase section */

/* Begin PBXShellScriptBuildPhase section */
		8E7B68A111EBD8CE00112165 /* ShellScript */ = {
			isa = PBXShellScriptBuildPhase;
			buildActionMask = 2147483647;
			files = (
			);
			inputPaths = (
			);
			outputPaths = (
			);
			runOnlyForDeploymentPostprocessing = 0;
			shellPath = /bin/bash;
			shellScript = "set -o errexit\n\n[ $BUILD_STYLE = Release ] || { echo Distribution target requires \"'Release'\" build style; false; }\n\nVERSION=$(defaults read \"$BUILT_PRODUCTS_DIR/$PROJECT_NAME.app/Contents/Info\" CFBundleVersion)\nDOWNLOAD_BASE_URL=\"http://grabbox.devsoft.no/updates\"\nRELEASENOTES_URL=\"$DOWNLOAD_BASE_URL/$PROJECT_NAME%20$VERSION.html\"\n\nARCHIVE_FILENAME=\"$PROJECT_NAME $VERSION.zip\"\nDOWNLOAD_URL=\"$DOWNLOAD_BASE_URL/$ARCHIVE_FILENAME\"\nKEYCHAIN_PRIVKEY_NAME=\"GrabBox Sparkle Private Key\"\n\nWD=$PWD\ncd \"$BUILT_PRODUCTS_DIR\"\nrm -f \"$PROJECT_NAME\"*.zip\nditto -ck --keepParent \"$PROJECT_NAME.app\" \"$ARCHIVE_FILENAME\"\n\nSIZE=$(stat -f %z \"$ARCHIVE_FILENAME\")\nPUBDATE=$(LC_TIME=en_US date +\"%a, %d %b %G %T %z\")\nSIGNATURE=$(\n\topenssl dgst -sha1 -binary < \"$ARCHIVE_FILENAME\" \\\n\t| openssl dgst -dss1 -sign <(security find-generic-password -g -s \"$KEYCHAIN_PRIVKEY_NAME\" 2>&1 1>/dev/null | perl -pe '($_) = /\"(.+)\"/; s/\\\\012/\\n/g' | perl -MXML::LibXML -e 'print XML::LibXML->new()->parse_file(\"-\")->findvalue(q(//string[preceding-sibling::key[1] = \"NOTE\"]))') \\\n\t| openssl enc -base64\n)\n\n[ $SIGNATURE ] || { echo Unable to load signing private key with name \"'$KEYCHAIN_PRIVKEY_NAME'\" from keychain; false; }\n\ncat <<EOF\ndate:       $PUBDATE\nsignature:  $SIGNATURE\nEOF\n\nmv \"$HOME/Projects/GrabBox/build/Release/$ARCHIVE_FILENAME\" \"$WD/webpage/updates/\"\necho \"cd '$WD/webpage'\"\necho ./generate appcast \\> appcast.xml\necho ./generate releasenotes \\> releasenotes.html\necho scp \"'updates/$ARCHIVE_FILENAME'\" arachnophobia:grabbox/updates/\necho scp appcast.xml releasenotes.html arachnophobia:grabbox/";
		};
/* End PBXShellScriptBuildPhase section */

/* Begin PBXSourcesBuildPhase section */
		8D11072C0486CEB800E47090 /* Sources */ = {
			isa = PBXSourcesBuildPhase;
			buildActionMask = 2147483647;
			files = (
				8D11072D0486CEB800E47090 /* main.m in Sources */,
				256AC3DA0F4B6AC300CF3369 /* GrabBoxAppDelegate.m in Sources */,
				8E60861811E6D1B600881A1C /* Notifier.m in Sources */,
				8E51825911E7CE3A00D15CAB /* FSRefConversions.m in Sources */,
				8E4A509111E9105700A0A743 /* Setup.m in Sources */,
				8E4A50A011E9155500A0A743 /* InformationGatherer.m in Sources */,
				8E7B696211EBEFCF00112165 /* Growler.m in Sources */,
				8E7B69D911EBF66900112165 /* GrowlerDelegate.m in Sources */,
				8E7B6BC911EC383800112165 /* UploadInitiator.m in Sources */,
				8E7B6C2511EC433B00112165 /* Preferences.m in Sources */,
				8E49CF2211ED0DFA0041CE70 /* ImageRenamer.m in Sources */,
				8E1A63EB11EFB63A00C3379F /* DropboxDetector.m in Sources */,
				8E7385D811F3C5ED0051276B /* ProcessIsRunningWithBundleID.c in Sources */,
				8E3A3220125034BD00E9D0F6 /* NSDataAdditions.m in Sources */,
			);
			runOnlyForDeploymentPostprocessing = 0;
		};
/* End PBXSourcesBuildPhase section */

/* Begin PBXTargetDependency section */
		8E7B689D11EBD8C000112165 /* PBXTargetDependency */ = {
			isa = PBXTargetDependency;
			target = 8D1107260486CEB800E47090 /* GrabBox */;
			targetProxy = 8E7B689C11EBD8C000112165 /* PBXContainerItemProxy */;
		};
/* End PBXTargetDependency section */

/* Begin PBXVariantGroup section */
		089C165CFE840E0CC02AAC07 /* InfoPlist.strings */ = {
			isa = PBXVariantGroup;
			children = (
				089C165DFE840E0CC02AAC07 /* English */,
			);
			name = InfoPlist.strings;
			sourceTree = "<group>";
		};
		1DDD58140DA1D0A300B32029 /* MainMenu.xib */ = {
			isa = PBXVariantGroup;
			children = (
				1DDD58150DA1D0A300B32029 /* English */,
			);
			name = MainMenu.xib;
			sourceTree = "<group>";
		};
		8E49CF4B11ED14640041CE70 /* ImageRenamer.xib */ = {
			isa = PBXVariantGroup;
			children = (
				8E49CF4C11ED14640041CE70 /* English */,
			);
			name = ImageRenamer.xib;
			sourceTree = "<group>";
		};
/* End PBXVariantGroup section */

/* Begin XCBuildConfiguration section */
		8E7B689A11EBD8BD00112165 /* Debug */ = {
			isa = XCBuildConfiguration;
			buildSettings = {
				COPY_PHASE_STRIP = NO;
				GCC_DYNAMIC_NO_PIC = NO;
				GCC_OPTIMIZATION_LEVEL = 0;
				PRODUCT_NAME = Distribution;
			};
			name = Debug;
		};
		8E7B689B11EBD8BD00112165 /* Release */ = {
			isa = XCBuildConfiguration;
			buildSettings = {
				COPY_PHASE_STRIP = YES;
				DEBUG_INFORMATION_FORMAT = "dwarf-with-dsym";
				GCC_ENABLE_FIX_AND_CONTINUE = NO;
				PRODUCT_NAME = Distribution;
				ZERO_LINK = NO;
			};
			name = Release;
		};
		C01FCF4B08A954540054247B /* Debug */ = {
			isa = XCBuildConfiguration;
			buildSettings = {
				ALWAYS_SEARCH_USER_PATHS = NO;
				COPY_PHASE_STRIP = NO;
				FRAMEWORK_SEARCH_PATHS = (
					"$(inherited)",
					"\"$(SRCROOT)\"",
				);
				GCC_DYNAMIC_NO_PIC = NO;
				GCC_ENABLE_FIX_AND_CONTINUE = YES;
				GCC_MODEL_TUNING = G5;
				GCC_OPTIMIZATION_LEVEL = 0;
				GCC_PRECOMPILE_PREFIX_HEADER = YES;
				GCC_PREFIX_HEADER = GrabBox_Prefix.pch;
				INFOPLIST_FILE = "GrabBox-Info.plist";
				INSTALL_PATH = "$(HOME)/Applications";
				PRODUCT_NAME = GrabBox;
				SDKROOT = macosx10.5;
			};
			name = Debug;
		};
		C01FCF4C08A954540054247B /* Release */ = {
			isa = XCBuildConfiguration;
			buildSettings = {
				ALWAYS_SEARCH_USER_PATHS = NO;
				DEBUG_INFORMATION_FORMAT = "dwarf-with-dsym";
				FRAMEWORK_SEARCH_PATHS = (
					"$(inherited)",
					"\"$(SRCROOT)\"",
				);
				GCC_MODEL_TUNING = G5;
				GCC_PRECOMPILE_PREFIX_HEADER = YES;
				GCC_PREFIX_HEADER = GrabBox_Prefix.pch;
				INFOPLIST_FILE = "GrabBox-Info.plist";
				INSTALL_PATH = "$(HOME)/Applications";
				PRODUCT_NAME = GrabBox;
				SDKROOT = macosx10.5;
			};
			name = Release;
		};
		C01FCF4F08A954540054247B /* Debug */ = {
			isa = XCBuildConfiguration;
			buildSettings = {
				ARCHS = "$(ARCHS_STANDARD_32_64_BIT)";
				GCC_C_LANGUAGE_STANDARD = gnu99;
				GCC_OPTIMIZATION_LEVEL = 0;
				GCC_PREPROCESSOR_DEFINITIONS = "DEBUG=1";
				GCC_WARN_ABOUT_RETURN_TYPE = YES;
				GCC_WARN_UNUSED_VARIABLE = YES;
				ONLY_ACTIVE_ARCH = YES;
				PREBINDING = NO;
				SDKROOT = macosx10.6;
			};
			name = Debug;
		};
		C01FCF5008A954540054247B /* Release */ = {
			isa = XCBuildConfiguration;
			buildSettings = {
				ARCHS = "$(ARCHS_STANDARD_32_64_BIT)";
				GCC_C_LANGUAGE_STANDARD = gnu99;
				GCC_WARN_ABOUT_RETURN_TYPE = YES;
				GCC_WARN_UNUSED_VARIABLE = YES;
				PREBINDING = NO;
				SDKROOT = macosx10.6;
			};
			name = Release;
		};
/* End XCBuildConfiguration section */

/* Begin XCConfigurationList section */
		8E7B68AC11EBD8D500112165 /* Build configuration list for PBXAggregateTarget "Distribution" */ = {
			isa = XCConfigurationList;
			buildConfigurations = (
				8E7B689A11EBD8BD00112165 /* Debug */,
				8E7B689B11EBD8BD00112165 /* Release */,
			);
			defaultConfigurationIsVisible = 0;
			defaultConfigurationName = Release;
		};
		C01FCF4A08A954540054247B /* Build configuration list for PBXNativeTarget "GrabBox" */ = {
			isa = XCConfigurationList;
			buildConfigurations = (
				C01FCF4B08A954540054247B /* Debug */,
				C01FCF4C08A954540054247B /* Release */,
			);
			defaultConfigurationIsVisible = 0;
			defaultConfigurationName = Release;
		};
		C01FCF4E08A954540054247B /* Build configuration list for PBXProject "GrabBox" */ = {
			isa = XCConfigurationList;
			buildConfigurations = (
				C01FCF4F08A954540054247B /* Debug */,
				C01FCF5008A954540054247B /* Release */,
			);
			defaultConfigurationIsVisible = 0;
			defaultConfigurationName = Release;
		};
/* End XCConfigurationList section */
	};
	rootObject = 29B97313FDCFA39411CA2CEA /* Project object */;
}
