// !$*UTF8*$!
{
	archiveVersion = 1;
	classes = {
	};
	objectVersion = 46;
	objects = {

/* Begin PBXAggregateTarget section */
		8E7B689911EBD8BC00112165 /* Distribution */ = {
			isa = PBXAggregateTarget;
			buildConfigurationList = 8E7B68AC11EBD8D500112165 /* Build configuration list for PBXAggregateTarget "Distribution" */;
			buildPhases = (
				8E7B68A111EBD8CE00112165 /* ShellScript */,
			);
			dependencies = (
				8E7B689D11EBD8C000112165 /* PBXTargetDependency */,
			);
			name = Distribution;
			productName = Distribution;
		};
/* End PBXAggregateTarget section */

/* Begin PBXBuildFile section */
		256AC3DA0F4B6AC300CF3369 /* GrabBoxAppDelegate.m in Sources */ = {isa = PBXBuildFile; fileRef = 256AC3D90F4B6AC300CF3369 /* GrabBoxAppDelegate.m */; };
		8D11072B0486CEB800E47090 /* InfoPlist.strings in Resources */ = {isa = PBXBuildFile; fileRef = 089C165CFE840E0CC02AAC07 /* InfoPlist.strings */; };
		8D11072D0486CEB800E47090 /* main.m in Sources */ = {isa = PBXBuildFile; fileRef = 29B97316FDCFA39411CA2CEA /* main.m */; settings = {ATTRIBUTES = (); }; };
		8E368D1613A5F51800EB0D90 /* NetworkReachabilityNotifier.m in Sources */ = {isa = PBXBuildFile; fileRef = 8E368D1513A5F51800EB0D90 /* NetworkReachabilityNotifier.m */; };
		8E4A50A011E9155500A0A743 /* InformationGatherer.m in Sources */ = {isa = PBXBuildFile; fileRef = 8E4A509F11E9155500A0A743 /* InformationGatherer.m */; };
		8E60861811E6D1B600881A1C /* Notifier.m in Sources */ = {isa = PBXBuildFile; fileRef = 8E60861711E6D1B600881A1C /* Notifier.m */; };
		8E7B6C2511EC433B00112165 /* Preferences.m in Sources */ = {isa = PBXBuildFile; fileRef = 8E7B6C2411EC433B00112165 /* Preferences.m */; };
		8EAAE7F41256675800798872 /* Menubar.m in Sources */ = {isa = PBXBuildFile; fileRef = 8EAAE7F31256675800798872 /* Menubar.m */; };
		8EC402F613BFF78D0001B66E /* UploadManager.m in Sources */ = {isa = PBXBuildFile; fileRef = 8EC402F513BFF78D0001B66E /* UploadManager.m */; };
		8EC402FE13BFFAF00001B66E /* DropboxUploader.m in Sources */ = {isa = PBXBuildFile; fileRef = 8EC402FB13BFFAF00001B66E /* DropboxUploader.m */; };
		8EC402FF13BFFAF00001B66E /* Uploader.m in Sources */ = {isa = PBXBuildFile; fileRef = 8EC402FD13BFFAF00001B66E /* Uploader.m */; };
		8ED2610F1EF7B0C200E25628 /* ServiceManagement.framework in Frameworks */ = {isa = PBXBuildFile; fileRef = 8ED2610E1EF7B0C200E25628 /* ServiceManagement.framework */; };
		8ED261121EF7B0D300E25628 /* libz.1.tbd in Frameworks */ = {isa = PBXBuildFile; fileRef = 8ED261111EF7B0D300E25628 /* libz.1.tbd */; };
		8ED2912813A41A66005F10D3 /* Growler.m in Sources */ = {isa = PBXBuildFile; fileRef = 8ED2910E13A41A65005F10D3 /* Growler.m */; };
		8ED2912913A41A66005F10D3 /* GrowlerGrowl.m in Sources */ = {isa = PBXBuildFile; fileRef = 8ED2911013A41A65005F10D3 /* GrowlerGrowl.m */; };
		8EF627D913B050980013A4B4 /* Defaults.plist in Resources */ = {isa = PBXBuildFile; fileRef = 8EF627D813B050980013A4B4 /* Defaults.plist */; };
		8EF627E713B050CE0013A4B4 /* dropbox.png in Resources */ = {isa = PBXBuildFile; fileRef = 8EF627DC13B050CE0013A4B4 /* dropbox.png */; };
		8EF627EE13B050CE0013A4B4 /* menuicon.png in Resources */ = {isa = PBXBuildFile; fileRef = 8EF627E313B050CE0013A4B4 /* menuicon.png */; };
		8EF627EF13B050CE0013A4B4 /* menuiconInverted.png in Resources */ = {isa = PBXBuildFile; fileRef = 8EF627E413B050CE0013A4B4 /* menuiconInverted.png */; };
		8EF627F513B050DF0013A4B4 /* Credits.rtf in Resources */ = {isa = PBXBuildFile; fileRef = 8EF627F113B050DF0013A4B4 /* Credits.rtf */; };
		8EF627F813B050DF0013A4B4 /* Growl Registration Ticket.growlRegDict in Resources */ = {isa = PBXBuildFile; fileRef = 8EF627F413B050DF0013A4B4 /* Growl Registration Ticket.growlRegDict */; };
		8EF627FB13B0512A0013A4B4 /* MainMenu.xib in Resources */ = {isa = PBXBuildFile; fileRef = 8EF627F913B0512A0013A4B4 /* MainMenu.xib */; };
		8EFFCB6E12D8F86C00201A9A /* NSString+URLParameters.m in Sources */ = {isa = PBXBuildFile; fileRef = 8EFFCB6D12D8F86C00201A9A /* NSString+URLParameters.m */; };
		8EFFCB9712D8F98300201A9A /* NSData+Base64.m in Sources */ = {isa = PBXBuildFile; fileRef = 8EFFCB9612D8F98300201A9A /* NSData+Base64.m */; };
		AC2A486479A2A9D88C076095 /* Pods_GrabBox_Appstore.framework in Frameworks */ = {isa = PBXBuildFile; fileRef = 7E81CB4E7C8F9CA77646E99D /* Pods_GrabBox_Appstore.framework */; };
		C506DD6B16AB580E00B18D25 /* WelcomeWindowController.m in Sources */ = {isa = PBXBuildFile; fileRef = C506DD6A16AB580E00B18D25 /* WelcomeWindowController.m */; };
		C506DD6C16AB580E00B18D25 /* WelcomeWindowController.m in Sources */ = {isa = PBXBuildFile; fileRef = C506DD6A16AB580E00B18D25 /* WelcomeWindowController.m */; };
		C506DD6E16AB5A7800B18D25 /* WelcomeWindow.xib in Resources */ = {isa = PBXBuildFile; fileRef = C506DD6D16AB5A7800B18D25 /* WelcomeWindow.xib */; };
		C506DD6F16AB5A7800B18D25 /* WelcomeWindow.xib in Resources */ = {isa = PBXBuildFile; fileRef = C506DD6D16AB5A7800B18D25 /* WelcomeWindow.xib */; };
		C52B002113D3B8A900D39676 /* UploaderFactory.m in Sources */ = {isa = PBXBuildFile; fileRef = C52B002013D3B8A900D39676 /* UploaderFactory.m */; };
		C52B002913D3D84600D39676 /* imgur-small.png in Resources */ = {isa = PBXBuildFile; fileRef = C52B002813D3D84600D39676 /* imgur-small.png */; };
		C55D245A13DF392C003342D3 /* Cocoa.framework in Frameworks */ = {isa = PBXBuildFile; fileRef = C55D245913DF392C003342D3 /* Cocoa.framework */; };
		C55D247113DF39BD003342D3 /* main.m in Sources */ = {isa = PBXBuildFile; fileRef = 29B97316FDCFA39411CA2CEA /* main.m */; };
		C55D247213DF39C5003342D3 /* GrabBoxAppDelegate.m in Sources */ = {isa = PBXBuildFile; fileRef = 256AC3D90F4B6AC300CF3369 /* GrabBoxAppDelegate.m */; };
		C55D247313DF39C5003342D3 /* InformationGatherer.m in Sources */ = {isa = PBXBuildFile; fileRef = 8E4A509F11E9155500A0A743 /* InformationGatherer.m */; };
		C55D247613DF39D9003342D3 /* Menubar.m in Sources */ = {isa = PBXBuildFile; fileRef = 8EAAE7F31256675800798872 /* Menubar.m */; };
		C55D247713DF39D9003342D3 /* Preferences.m in Sources */ = {isa = PBXBuildFile; fileRef = 8E7B6C2411EC433B00112165 /* Preferences.m */; };
		C55D247813DF39D9003342D3 /* DropboxUploader.m in Sources */ = {isa = PBXBuildFile; fileRef = 8EC402FB13BFFAF00001B66E /* DropboxUploader.m */; };
		C55D247A13DF39D9003342D3 /* Uploader.m in Sources */ = {isa = PBXBuildFile; fileRef = 8EC402FD13BFFAF00001B66E /* Uploader.m */; };
		C55D247B13DF39D9003342D3 /* UploaderFactory.m in Sources */ = {isa = PBXBuildFile; fileRef = C52B002013D3B8A900D39676 /* UploaderFactory.m */; };
		C55D247C13DF39D9003342D3 /* UploadManager.m in Sources */ = {isa = PBXBuildFile; fileRef = 8EC402F513BFF78D0001B66E /* UploadManager.m */; };
		C55D248213DF39DF003342D3 /* Growler.m in Sources */ = {isa = PBXBuildFile; fileRef = 8ED2910E13A41A65005F10D3 /* Growler.m */; };
		C55D248313DF39DF003342D3 /* GrowlerGrowl.m in Sources */ = {isa = PBXBuildFile; fileRef = 8ED2911013A41A65005F10D3 /* GrowlerGrowl.m */; };
		C55D248A13DF39E6003342D3 /* Notifier.m in Sources */ = {isa = PBXBuildFile; fileRef = 8E60861711E6D1B600881A1C /* Notifier.m */; };
		C55D248B13DF39E6003342D3 /* NSString+URLParameters.m in Sources */ = {isa = PBXBuildFile; fileRef = 8EFFCB6D12D8F86C00201A9A /* NSString+URLParameters.m */; };
		C55D248C13DF39E6003342D3 /* NSData+Base64.m in Sources */ = {isa = PBXBuildFile; fileRef = 8EFFCB9612D8F98300201A9A /* NSData+Base64.m */; };
		C55D248D13DF39E6003342D3 /* NetworkReachabilityNotifier.m in Sources */ = {isa = PBXBuildFile; fileRef = 8E368D1513A5F51800EB0D90 /* NetworkReachabilityNotifier.m */; };
		C55D249313DF3A62003342D3 /* Growl.framework in Frameworks */ = {isa = PBXBuildFile; fileRef = C55D249213DF3A62003342D3 /* Growl.framework */; };
		C55D249D13DF3CAC003342D3 /* Growl.framework in Frameworks */ = {isa = PBXBuildFile; fileRef = C55D249213DF3A62003342D3 /* Growl.framework */; };
		C55D24A013DF3CB3003342D3 /* Cocoa.framework in Frameworks */ = {isa = PBXBuildFile; fileRef = C55D245913DF392C003342D3 /* Cocoa.framework */; };
		C55D24A513DF3E0F003342D3 /* Growl.framework in Copy Supporting Frameworks */ = {isa = PBXBuildFile; fileRef = C55D249213DF3A62003342D3 /* Growl.framework */; settings = {ATTRIBUTES = (CodeSignOnCopy, ); }; };
		C55D24AA13DF42E4003342D3 /* Growl.framework in Copy Supporting Frameworks */ = {isa = PBXBuildFile; fileRef = C55D249213DF3A62003342D3 /* Growl.framework */; settings = {ATTRIBUTES = (CodeSignOnCopy, ); }; };
		C55D24AB13DF43BE003342D3 /* Defaults.plist in Resources */ = {isa = PBXBuildFile; fileRef = 8EF627D813B050980013A4B4 /* Defaults.plist */; };
		C55D24AC13DF43BE003342D3 /* Growl Registration Ticket.growlRegDict in Resources */ = {isa = PBXBuildFile; fileRef = 8EF627F413B050DF0013A4B4 /* Growl Registration Ticket.growlRegDict */; };
		C55D24AD13DF43BE003342D3 /* InfoPlist.strings in Resources */ = {isa = PBXBuildFile; fileRef = 089C165CFE840E0CC02AAC07 /* InfoPlist.strings */; };
		C55D24AE13DF43BE003342D3 /* MainMenu.xib in Resources */ = {isa = PBXBuildFile; fileRef = 8EF627F913B0512A0013A4B4 /* MainMenu.xib */; };
		C55D24B113DF43FB003342D3 /* imgur-small.png in Resources */ = {isa = PBXBuildFile; fileRef = C52B002813D3D84600D39676 /* imgur-small.png */; };
		C55D24B313DF43FB003342D3 /* dropbox.png in Resources */ = {isa = PBXBuildFile; fileRef = 8EF627DC13B050CE0013A4B4 /* dropbox.png */; };
		C55D24B713DF43FB003342D3 /* menuicon.png in Resources */ = {isa = PBXBuildFile; fileRef = 8EF627E313B050CE0013A4B4 /* menuicon.png */; };
		C55D24B813DF43FB003342D3 /* menuiconInverted.png in Resources */ = {isa = PBXBuildFile; fileRef = 8EF627E413B050CE0013A4B4 /* menuiconInverted.png */; };
		C55D24BA13DF4460003342D3 /* Credits.rtf in Resources */ = {isa = PBXBuildFile; fileRef = 8EF627F113B050DF0013A4B4 /* Credits.rtf */; };
		C55D24BB13DF47DA003342D3 /* GrabBox.icns in Resources */ = {isa = PBXBuildFile; fileRef = 8EF627DE13B050CE0013A4B4 /* GrabBox.icns */; };
		C55D24BC13DF47E4003342D3 /* GrabBox.icns in Resources */ = {isa = PBXBuildFile; fileRef = 8EF627DE13B050CE0013A4B4 /* GrabBox.icns */; };
		C561388F153868450035C08E /* DropboxAuthView.xib in Resources */ = {isa = PBXBuildFile; fileRef = C561388E153868450035C08E /* DropboxAuthView.xib */; };
		C5613890153868450035C08E /* DropboxAuthView.xib in Resources */ = {isa = PBXBuildFile; fileRef = C561388E153868450035C08E /* DropboxAuthView.xib */; };
		C561389215386B380035C08E /* API Request Authorization - Dropbox.jpg in Resources */ = {isa = PBXBuildFile; fileRef = C561389115386B380035C08E /* API Request Authorization - Dropbox.jpg */; };
		C561389315386B380035C08E /* API Request Authorization - Dropbox.jpg in Resources */ = {isa = PBXBuildFile; fileRef = C561389115386B380035C08E /* API Request Authorization - Dropbox.jpg */; };
		C561389515386C280035C08E /* WelcomeView.xib in Resources */ = {isa = PBXBuildFile; fileRef = C561389415386C280035C08E /* WelcomeView.xib */; };
		C561389615386C280035C08E /* WelcomeView.xib in Resources */ = {isa = PBXBuildFile; fileRef = C561389415386C280035C08E /* WelcomeView.xib */; };
		C561389A15389D0A0035C08E /* WelcomeViewController.m in Sources */ = {isa = PBXBuildFile; fileRef = C561389815389D0A0035C08E /* WelcomeViewController.m */; };
		C561389B15389D0A0035C08E /* WelcomeViewController.m in Sources */ = {isa = PBXBuildFile; fileRef = C561389815389D0A0035C08E /* WelcomeViewController.m */; };
		C56138A11538A1980035C08E /* DropboxAuthViewController.m in Sources */ = {isa = PBXBuildFile; fileRef = C561389F1538A1980035C08E /* DropboxAuthViewController.m */; };
		C56138A21538A1980035C08E /* DropboxAuthViewController.m in Sources */ = {isa = PBXBuildFile; fileRef = C561389F1538A1980035C08E /* DropboxAuthViewController.m */; };
		C57A2D1816AA752100B89D82 /* menuicon-animation-1.png in Resources */ = {isa = PBXBuildFile; fileRef = C57A2D0616AA752100B89D82 /* menuicon-animation-1.png */; };
		C57A2D1916AA752100B89D82 /* menuicon-animation-1.png in Resources */ = {isa = PBXBuildFile; fileRef = C57A2D0616AA752100B89D82 /* menuicon-animation-1.png */; };
		C57A2D1A16AA752100B89D82 /* menuicon-animation-1@2x.png in Resources */ = {isa = PBXBuildFile; fileRef = C57A2D0716AA752100B89D82 /* menuicon-animation-1@2x.png */; };
		C57A2D1B16AA752100B89D82 /* menuicon-animation-1@2x.png in Resources */ = {isa = PBXBuildFile; fileRef = C57A2D0716AA752100B89D82 /* menuicon-animation-1@2x.png */; };
		C57A2D1C16AA752100B89D82 /* menuicon-animation-2.png in Resources */ = {isa = PBXBuildFile; fileRef = C57A2D0816AA752100B89D82 /* menuicon-animation-2.png */; };
		C57A2D1D16AA752100B89D82 /* menuicon-animation-2.png in Resources */ = {isa = PBXBuildFile; fileRef = C57A2D0816AA752100B89D82 /* menuicon-animation-2.png */; };
		C57A2D1E16AA752100B89D82 /* menuicon-animation-2@2x.png in Resources */ = {isa = PBXBuildFile; fileRef = C57A2D0916AA752100B89D82 /* menuicon-animation-2@2x.png */; };
		C57A2D1F16AA752100B89D82 /* menuicon-animation-2@2x.png in Resources */ = {isa = PBXBuildFile; fileRef = C57A2D0916AA752100B89D82 /* menuicon-animation-2@2x.png */; };
		C57A2D2016AA752100B89D82 /* menuicon-animation-3.png in Resources */ = {isa = PBXBuildFile; fileRef = C57A2D0A16AA752100B89D82 /* menuicon-animation-3.png */; };
		C57A2D2116AA752100B89D82 /* menuicon-animation-3.png in Resources */ = {isa = PBXBuildFile; fileRef = C57A2D0A16AA752100B89D82 /* menuicon-animation-3.png */; };
		C57A2D2216AA752100B89D82 /* menuicon-animation-3@2x.png in Resources */ = {isa = PBXBuildFile; fileRef = C57A2D0B16AA752100B89D82 /* menuicon-animation-3@2x.png */; };
		C57A2D2316AA752100B89D82 /* menuicon-animation-3@2x.png in Resources */ = {isa = PBXBuildFile; fileRef = C57A2D0B16AA752100B89D82 /* menuicon-animation-3@2x.png */; };
		C57A2D2416AA752100B89D82 /* menuicon-animation-4.png in Resources */ = {isa = PBXBuildFile; fileRef = C57A2D0C16AA752100B89D82 /* menuicon-animation-4.png */; };
		C57A2D2516AA752100B89D82 /* menuicon-animation-4.png in Resources */ = {isa = PBXBuildFile; fileRef = C57A2D0C16AA752100B89D82 /* menuicon-animation-4.png */; };
		C57A2D2616AA752100B89D82 /* menuicon-animation-4@2x.png in Resources */ = {isa = PBXBuildFile; fileRef = C57A2D0D16AA752100B89D82 /* menuicon-animation-4@2x.png */; };
		C57A2D2716AA752100B89D82 /* menuicon-animation-4@2x.png in Resources */ = {isa = PBXBuildFile; fileRef = C57A2D0D16AA752100B89D82 /* menuicon-animation-4@2x.png */; };
		C57A2D2816AA752100B89D82 /* menuicon-animation-5.png in Resources */ = {isa = PBXBuildFile; fileRef = C57A2D0E16AA752100B89D82 /* menuicon-animation-5.png */; };
		C57A2D2916AA752100B89D82 /* menuicon-animation-5.png in Resources */ = {isa = PBXBuildFile; fileRef = C57A2D0E16AA752100B89D82 /* menuicon-animation-5.png */; };
		C57A2D2A16AA752100B89D82 /* menuicon-animation-5@2x.png in Resources */ = {isa = PBXBuildFile; fileRef = C57A2D0F16AA752100B89D82 /* menuicon-animation-5@2x.png */; };
		C57A2D2B16AA752100B89D82 /* menuicon-animation-5@2x.png in Resources */ = {isa = PBXBuildFile; fileRef = C57A2D0F16AA752100B89D82 /* menuicon-animation-5@2x.png */; };
		C57A2D2C16AA752100B89D82 /* menuicon-animation-6.png in Resources */ = {isa = PBXBuildFile; fileRef = C57A2D1016AA752100B89D82 /* menuicon-animation-6.png */; };
		C57A2D2D16AA752100B89D82 /* menuicon-animation-6.png in Resources */ = {isa = PBXBuildFile; fileRef = C57A2D1016AA752100B89D82 /* menuicon-animation-6.png */; };
		C57A2D2E16AA752100B89D82 /* menuicon-animation-6@2x.png in Resources */ = {isa = PBXBuildFile; fileRef = C57A2D1116AA752100B89D82 /* menuicon-animation-6@2x.png */; };
		C57A2D2F16AA752100B89D82 /* menuicon-animation-6@2x.png in Resources */ = {isa = PBXBuildFile; fileRef = C57A2D1116AA752100B89D82 /* menuicon-animation-6@2x.png */; };
		C57A2D3016AA752100B89D82 /* menuicon-animation-7.png in Resources */ = {isa = PBXBuildFile; fileRef = C57A2D1216AA752100B89D82 /* menuicon-animation-7.png */; };
		C57A2D3116AA752100B89D82 /* menuicon-animation-7.png in Resources */ = {isa = PBXBuildFile; fileRef = C57A2D1216AA752100B89D82 /* menuicon-animation-7.png */; };
		C57A2D3216AA752100B89D82 /* menuicon-animation-7@2x.png in Resources */ = {isa = PBXBuildFile; fileRef = C57A2D1316AA752100B89D82 /* menuicon-animation-7@2x.png */; };
		C57A2D3316AA752100B89D82 /* menuicon-animation-7@2x.png in Resources */ = {isa = PBXBuildFile; fileRef = C57A2D1316AA752100B89D82 /* menuicon-animation-7@2x.png */; };
		C57A2D3416AA752100B89D82 /* menuicon-animation-8.png in Resources */ = {isa = PBXBuildFile; fileRef = C57A2D1416AA752100B89D82 /* menuicon-animation-8.png */; };
		C57A2D3516AA752100B89D82 /* menuicon-animation-8.png in Resources */ = {isa = PBXBuildFile; fileRef = C57A2D1416AA752100B89D82 /* menuicon-animation-8.png */; };
		C57A2D3616AA752100B89D82 /* menuicon-animation-8@2x.png in Resources */ = {isa = PBXBuildFile; fileRef = C57A2D1516AA752100B89D82 /* menuicon-animation-8@2x.png */; };
		C57A2D3716AA752100B89D82 /* menuicon-animation-8@2x.png in Resources */ = {isa = PBXBuildFile; fileRef = C57A2D1516AA752100B89D82 /* menuicon-animation-8@2x.png */; };
		C57A2D3816AA752100B89D82 /* menuicon@2x.png in Resources */ = {isa = PBXBuildFile; fileRef = C57A2D1616AA752100B89D82 /* menuicon@2x.png */; };
		C57A2D3916AA752100B89D82 /* menuicon@2x.png in Resources */ = {isa = PBXBuildFile; fileRef = C57A2D1616AA752100B89D82 /* menuicon@2x.png */; };
		C57A2D3A16AA752100B89D82 /* menuiconInverted@2x.png in Resources */ = {isa = PBXBuildFile; fileRef = C57A2D1716AA752100B89D82 /* menuiconInverted@2x.png */; };
		C57A2D3B16AA752100B89D82 /* menuiconInverted@2x.png in Resources */ = {isa = PBXBuildFile; fileRef = C57A2D1716AA752100B89D82 /* menuiconInverted@2x.png */; };
		C57A2D3E16AA7B3F00B89D82 /* menuiconUploaded.png in Resources */ = {isa = PBXBuildFile; fileRef = C57A2D3C16AA7B3F00B89D82 /* menuiconUploaded.png */; };
		C57A2D3F16AA7B3F00B89D82 /* menuiconUploaded.png in Resources */ = {isa = PBXBuildFile; fileRef = C57A2D3C16AA7B3F00B89D82 /* menuiconUploaded.png */; };
		C57A2D4016AA7B3F00B89D82 /* menuiconUploaded@2x.png in Resources */ = {isa = PBXBuildFile; fileRef = C57A2D3D16AA7B3F00B89D82 /* menuiconUploaded@2x.png */; };
		C57A2D4116AA7B3F00B89D82 /* menuiconUploaded@2x.png in Resources */ = {isa = PBXBuildFile; fileRef = C57A2D3D16AA7B3F00B89D82 /* menuiconUploaded@2x.png */; };
		C59CFF08166B04F200D91C44 /* SystemConfiguration.framework in Frameworks */ = {isa = PBXBuildFile; fileRef = C59CFF07166B04F200D91C44 /* SystemConfiguration.framework */; };
		C59CFF0A166B050400D91C44 /* SystemConfiguration.framework in Frameworks */ = {isa = PBXBuildFile; fileRef = C59CFF07166B04F200D91C44 /* SystemConfiguration.framework */; };
		C59CFF46166B3EBD00D91C44 /* GrabBoxHelper.app in CopyFiles */ = {isa = PBXBuildFile; fileRef = C59CFF42166B3CB600D91C44 /* GrabBoxHelper.app */; };
		C59CFF48166B3ED500D91C44 /* GrabBoxHelper.app in CopyFiles */ = {isa = PBXBuildFile; fileRef = C59CFF42166B3CB600D91C44 /* GrabBoxHelper.app */; };
		FA93152649E6112A445EA9B4 /* Pods_GrabBox.framework in Frameworks */ = {isa = PBXBuildFile; fileRef = ADC2381F51357AA4E4CA3AEE /* Pods_GrabBox.framework */; };
/* End PBXBuildFile section */

/* Begin PBXContainerItemProxy section */
		8E7B689C11EBD8C000112165 /* PBXContainerItemProxy */ = {
			isa = PBXContainerItemProxy;
			containerPortal = 29B97313FDCFA39411CA2CEA /* Project object */;
			proxyType = 1;
			remoteGlobalIDString = 8D1107260486CEB800E47090;
			remoteInfo = GrabBox;
		};
		C59CFF41166B3CB600D91C44 /* PBXContainerItemProxy */ = {
			isa = PBXContainerItemProxy;
			containerPortal = C59CFF3D166B3CB500D91C44 /* GrabBoxHelper.xcodeproj */;
			proxyType = 2;
			remoteGlobalIDString = C59CFF1C166B3CB500D91C44;
			remoteInfo = GrabBoxHelper;
		};
/* End PBXContainerItemProxy section */

/* Begin PBXCopyFilesBuildPhase section */
		8E7B688B11EBD23900112165 /* Copy Supporting Frameworks */ = {
			isa = PBXCopyFilesBuildPhase;
			buildActionMask = 12;
			dstPath = "";
			dstSubfolderSpec = 10;
			files = (
				C55D24A513DF3E0F003342D3 /* Growl.framework in Copy Supporting Frameworks */,
			);
			name = "Copy Supporting Frameworks";
			runOnlyForDeploymentPostprocessing = 0;
		};
		C55D24A713DF42C2003342D3 /* Copy Supporting Frameworks */ = {
			isa = PBXCopyFilesBuildPhase;
			buildActionMask = 2147483647;
			dstPath = "";
			dstSubfolderSpec = 10;
			files = (
				C55D24AA13DF42E4003342D3 /* Growl.framework in Copy Supporting Frameworks */,
			);
			name = "Copy Supporting Frameworks";
			runOnlyForDeploymentPostprocessing = 0;
		};
		C59CFF45166B3E7500D91C44 /* CopyFiles */ = {
			isa = PBXCopyFilesBuildPhase;
			buildActionMask = 2147483647;
			dstPath = Contents/Library/LoginItems;
			dstSubfolderSpec = 1;
			files = (
				C59CFF46166B3EBD00D91C44 /* GrabBoxHelper.app in CopyFiles */,
			);
			runOnlyForDeploymentPostprocessing = 0;
		};
		C59CFF47166B3EC900D91C44 /* CopyFiles */ = {
			isa = PBXCopyFilesBuildPhase;
			buildActionMask = 2147483647;
			dstPath = Contents/Library/LoginItems;
			dstSubfolderSpec = 1;
			files = (
				C59CFF48166B3ED500D91C44 /* GrabBoxHelper.app in CopyFiles */,
			);
			runOnlyForDeploymentPostprocessing = 0;
		};
/* End PBXCopyFilesBuildPhase section */

/* Begin PBXFileReference section */
		089C165DFE840E0CC02AAC07 /* English */ = {isa = PBXFileReference; fileEncoding = 4; lastKnownFileType = text.plist.strings; name = English; path = English.lproj/InfoPlist.strings; sourceTree = "<group>"; };
		13E42FB307B3F0F600E4EEF1 /* CoreData.framework */ = {isa = PBXFileReference; lastKnownFileType = wrapper.framework; name = CoreData.framework; path = /System/Library/Frameworks/CoreData.framework; sourceTree = "<absolute>"; };
		1B38264D4FEF3BCC33050C01 /* Pods-GrabBox Appstore.debug.xcconfig */ = {isa = PBXFileReference; includeInIndex = 1; lastKnownFileType = text.xcconfig; name = "Pods-GrabBox Appstore.debug.xcconfig"; path = "Pods/Target Support Files/Pods-GrabBox Appstore/Pods-GrabBox Appstore.debug.xcconfig"; sourceTree = "<group>"; };
		256AC3D80F4B6AC300CF3369 /* GrabBoxAppDelegate.h */ = {isa = PBXFileReference; fileEncoding = 4; lastKnownFileType = sourcecode.c.h; path = GrabBoxAppDelegate.h; sourceTree = "<group>"; };
		256AC3D90F4B6AC300CF3369 /* GrabBoxAppDelegate.m */ = {isa = PBXFileReference; fileEncoding = 4; lastKnownFileType = sourcecode.c.objc; lineEnding = 0; path = GrabBoxAppDelegate.m; sourceTree = "<group>"; xcLanguageSpecificationIdentifier = xcode.lang.objc; };
		256AC3F00F4B6AF500CF3369 /* GrabBox_Prefix.pch */ = {isa = PBXFileReference; fileEncoding = 4; lastKnownFileType = sourcecode.c.h; path = GrabBox_Prefix.pch; sourceTree = "<group>"; };
		29B97316FDCFA39411CA2CEA /* main.m */ = {isa = PBXFileReference; fileEncoding = 4; lastKnownFileType = sourcecode.c.objc; path = main.m; sourceTree = "<group>"; };
		29B97324FDCFA39411CA2CEA /* AppKit.framework */ = {isa = PBXFileReference; lastKnownFileType = wrapper.framework; name = AppKit.framework; path = /System/Library/Frameworks/AppKit.framework; sourceTree = "<absolute>"; };
		29B97325FDCFA39411CA2CEA /* Foundation.framework */ = {isa = PBXFileReference; lastKnownFileType = wrapper.framework; name = Foundation.framework; path = /System/Library/Frameworks/Foundation.framework; sourceTree = "<absolute>"; };
		323D2FB3A0D38A228D1226D1 /* Pods-GrabBox Appstore.debug for distribution.xcconfig */ = {isa = PBXFileReference; includeInIndex = 1; lastKnownFileType = text.xcconfig; name = "Pods-GrabBox Appstore.debug for distribution.xcconfig"; path = "Pods/Target Support Files/Pods-GrabBox Appstore/Pods-GrabBox Appstore.debug for distribution.xcconfig"; sourceTree = "<group>"; };
		76AD51F50A48D06C27DEBC55 /* Pods-GrabBox.debug.xcconfig */ = {isa = PBXFileReference; includeInIndex = 1; lastKnownFileType = text.xcconfig; name = "Pods-GrabBox.debug.xcconfig"; path = "Pods/Target Support Files/Pods-GrabBox/Pods-GrabBox.debug.xcconfig"; sourceTree = "<group>"; };
		7E81CB4E7C8F9CA77646E99D /* Pods_GrabBox_Appstore.framework */ = {isa = PBXFileReference; explicitFileType = wrapper.framework; includeInIndex = 0; path = Pods_GrabBox_Appstore.framework; sourceTree = BUILT_PRODUCTS_DIR; };
		8D1107320486CEB800E47090 /* GrabBox.app */ = {isa = PBXFileReference; explicitFileType = wrapper.application; includeInIndex = 0; path = GrabBox.app; sourceTree = BUILT_PRODUCTS_DIR; };
		8E368D1413A5F51800EB0D90 /* NetworkReachabilityNotifier.h */ = {isa = PBXFileReference; fileEncoding = 4; lastKnownFileType = sourcecode.c.h; path = NetworkReachabilityNotifier.h; sourceTree = "<group>"; };
		8E368D1513A5F51800EB0D90 /* NetworkReachabilityNotifier.m */ = {isa = PBXFileReference; fileEncoding = 4; lastKnownFileType = sourcecode.c.objc; path = NetworkReachabilityNotifier.m; sourceTree = "<group>"; };
		8E4A509E11E9155500A0A743 /* InformationGatherer.h */ = {isa = PBXFileReference; fileEncoding = 4; lastKnownFileType = sourcecode.c.h; path = InformationGatherer.h; sourceTree = "<group>"; };
		8E4A509F11E9155500A0A743 /* InformationGatherer.m */ = {isa = PBXFileReference; fileEncoding = 4; lastKnownFileType = sourcecode.c.objc; lineEnding = 0; path = InformationGatherer.m; sourceTree = "<group>"; xcLanguageSpecificationIdentifier = xcode.lang.objc; };
		8E60861611E6D1B600881A1C /* Notifier.h */ = {isa = PBXFileReference; fileEncoding = 4; lastKnownFileType = sourcecode.c.h; path = Notifier.h; sourceTree = "<group>"; };
		8E60861711E6D1B600881A1C /* Notifier.m */ = {isa = PBXFileReference; fileEncoding = 4; lastKnownFileType = sourcecode.c.objc; path = Notifier.m; sourceTree = "<group>"; };
		8E63965713DF8131002EC0E0 /* GrabBox.entitlements */ = {isa = PBXFileReference; fileEncoding = 4; lastKnownFileType = text.xml; path = GrabBox.entitlements; sourceTree = "<group>"; };
		8E7385E911F3C7900051276B /* Carbon.framework */ = {isa = PBXFileReference; lastKnownFileType = wrapper.framework; name = Carbon.framework; path = System/Library/Frameworks/Carbon.framework; sourceTree = SDKROOT; };
		8E7B6C2311EC433B00112165 /* Preferences.h */ = {isa = PBXFileReference; fileEncoding = 4; lastKnownFileType = sourcecode.c.h; path = Preferences.h; sourceTree = "<group>"; };
		8E7B6C2411EC433B00112165 /* Preferences.m */ = {isa = PBXFileReference; fileEncoding = 4; lastKnownFileType = sourcecode.c.objc; path = Preferences.m; sourceTree = "<group>"; };
		8EAAE7F21256675800798872 /* Menubar.h */ = {isa = PBXFileReference; fileEncoding = 4; lastKnownFileType = sourcecode.c.h; path = Menubar.h; sourceTree = "<group>"; };
		8EAAE7F31256675800798872 /* Menubar.m */ = {isa = PBXFileReference; fileEncoding = 4; lastKnownFileType = sourcecode.c.objc; path = Menubar.m; sourceTree = "<group>"; };
		8EC402F413BFF78D0001B66E /* UploadManager.h */ = {isa = PBXFileReference; fileEncoding = 4; lastKnownFileType = sourcecode.c.h; path = UploadManager.h; sourceTree = "<group>"; };
		8EC402F513BFF78D0001B66E /* UploadManager.m */ = {isa = PBXFileReference; fileEncoding = 4; lastKnownFileType = sourcecode.c.objc; path = UploadManager.m; sourceTree = "<group>"; };
		8EC402FA13BFFAF00001B66E /* DropboxUploader.h */ = {isa = PBXFileReference; fileEncoding = 4; lastKnownFileType = sourcecode.c.h; path = DropboxUploader.h; sourceTree = "<group>"; };
		8EC402FB13BFFAF00001B66E /* DropboxUploader.m */ = {isa = PBXFileReference; fileEncoding = 4; lastKnownFileType = sourcecode.c.objc; path = DropboxUploader.m; sourceTree = "<group>"; };
		8EC402FC13BFFAF00001B66E /* Uploader.h */ = {isa = PBXFileReference; fileEncoding = 4; lastKnownFileType = sourcecode.c.h; path = Uploader.h; sourceTree = "<group>"; };
		8EC402FD13BFFAF00001B66E /* Uploader.m */ = {isa = PBXFileReference; fileEncoding = 4; lastKnownFileType = sourcecode.c.objc; path = Uploader.m; sourceTree = "<group>"; };
		8ED2610E1EF7B0C200E25628 /* ServiceManagement.framework */ = {isa = PBXFileReference; lastKnownFileType = wrapper.framework; name = ServiceManagement.framework; path = System/Library/Frameworks/ServiceManagement.framework; sourceTree = SDKROOT; };
		8ED261111EF7B0D300E25628 /* libz.1.tbd */ = {isa = PBXFileReference; lastKnownFileType = "sourcecode.text-based-dylib-definition"; name = libz.1.tbd; path = usr/lib/libz.1.tbd; sourceTree = SDKROOT; };
		8ED2910D13A41A65005F10D3 /* Growler.h */ = {isa = PBXFileReference; fileEncoding = 4; lastKnownFileType = sourcecode.c.h; path = Growler.h; sourceTree = "<group>"; };
		8ED2910E13A41A65005F10D3 /* Growler.m */ = {isa = PBXFileReference; fileEncoding = 4; lastKnownFileType = sourcecode.c.objc; path = Growler.m; sourceTree = "<group>"; };
		8ED2910F13A41A65005F10D3 /* GrowlerGrowl.h */ = {isa = PBXFileReference; fileEncoding = 4; lastKnownFileType = sourcecode.c.h; path = GrowlerGrowl.h; sourceTree = "<group>"; };
		8ED2911013A41A65005F10D3 /* GrowlerGrowl.m */ = {isa = PBXFileReference; fileEncoding = 4; lastKnownFileType = sourcecode.c.objc; path = GrowlerGrowl.m; sourceTree = "<group>"; };
		8EF627D813B050980013A4B4 /* Defaults.plist */ = {isa = PBXFileReference; fileEncoding = 4; lastKnownFileType = text.plist.xml; path = Defaults.plist; sourceTree = "<group>"; };
		8EF627DC13B050CE0013A4B4 /* dropbox.png */ = {isa = PBXFileReference; lastKnownFileType = image.png; path = dropbox.png; sourceTree = "<group>"; };
		8EF627DE13B050CE0013A4B4 /* GrabBox.icns */ = {isa = PBXFileReference; lastKnownFileType = image.icns; path = GrabBox.icns; sourceTree = "<group>"; };
		8EF627E313B050CE0013A4B4 /* menuicon.png */ = {isa = PBXFileReference; lastKnownFileType = image.png; path = menuicon.png; sourceTree = "<group>"; };
		8EF627E413B050CE0013A4B4 /* menuiconInverted.png */ = {isa = PBXFileReference; lastKnownFileType = image.png; path = menuiconInverted.png; sourceTree = "<group>"; };
		8EF627F113B050DF0013A4B4 /* Credits.rtf */ = {isa = PBXFileReference; fileEncoding = 4; lastKnownFileType = text.rtf; path = Credits.rtf; sourceTree = "<group>"; };
		8EF627F413B050DF0013A4B4 /* Growl Registration Ticket.growlRegDict */ = {isa = PBXFileReference; fileEncoding = 4; lastKnownFileType = text.xml; path = "Growl Registration Ticket.growlRegDict"; sourceTree = "<group>"; };
		8EF627FA13B0512A0013A4B4 /* English */ = {isa = PBXFileReference; lastKnownFileType = file.xib; name = English; path = English.lproj/MainMenu.xib; sourceTree = "<group>"; };
		8EFFCB6C12D8F86C00201A9A /* NSString+URLParameters.h */ = {isa = PBXFileReference; fileEncoding = 4; lastKnownFileType = sourcecode.c.h; path = "NSString+URLParameters.h"; sourceTree = "<group>"; };
		8EFFCB6D12D8F86C00201A9A /* NSString+URLParameters.m */ = {isa = PBXFileReference; fileEncoding = 4; lastKnownFileType = sourcecode.c.objc; path = "NSString+URLParameters.m"; sourceTree = "<group>"; };
		8EFFCB9512D8F98300201A9A /* NSData+Base64.h */ = {isa = PBXFileReference; fileEncoding = 4; lastKnownFileType = sourcecode.c.h; path = "NSData+Base64.h"; sourceTree = "<group>"; };
		8EFFCB9612D8F98300201A9A /* NSData+Base64.m */ = {isa = PBXFileReference; fileEncoding = 4; lastKnownFileType = sourcecode.c.objc; path = "NSData+Base64.m"; sourceTree = "<group>"; };
		8F94C460314DED78602854A3 /* Pods-GrabBox.debug for distribution.xcconfig */ = {isa = PBXFileReference; includeInIndex = 1; lastKnownFileType = text.xcconfig; name = "Pods-GrabBox.debug for distribution.xcconfig"; path = "Pods/Target Support Files/Pods-GrabBox/Pods-GrabBox.debug for distribution.xcconfig"; sourceTree = "<group>"; };
		ADC2381F51357AA4E4CA3AEE /* Pods_GrabBox.framework */ = {isa = PBXFileReference; explicitFileType = wrapper.framework; includeInIndex = 0; path = Pods_GrabBox.framework; sourceTree = BUILT_PRODUCTS_DIR; };
		C506DD6916AB580E00B18D25 /* WelcomeWindowController.h */ = {isa = PBXFileReference; fileEncoding = 4; lastKnownFileType = sourcecode.c.h; path = WelcomeWindowController.h; sourceTree = "<group>"; };
		C506DD6A16AB580E00B18D25 /* WelcomeWindowController.m */ = {isa = PBXFileReference; fileEncoding = 4; lastKnownFileType = sourcecode.c.objc; path = WelcomeWindowController.m; sourceTree = "<group>"; };
		C506DD6D16AB5A7800B18D25 /* WelcomeWindow.xib */ = {isa = PBXFileReference; fileEncoding = 4; lastKnownFileType = file.xib; path = WelcomeWindow.xib; sourceTree = "<group>"; };
		C52B001F13D3B8A900D39676 /* UploaderFactory.h */ = {isa = PBXFileReference; fileEncoding = 4; lastKnownFileType = sourcecode.c.h; path = UploaderFactory.h; sourceTree = "<group>"; };
		C52B002013D3B8A900D39676 /* UploaderFactory.m */ = {isa = PBXFileReference; fileEncoding = 4; lastKnownFileType = sourcecode.c.objc; path = UploaderFactory.m; sourceTree = "<group>"; };
		C52B002813D3D84600D39676 /* imgur-small.png */ = {isa = PBXFileReference; lastKnownFileType = image.png; path = "imgur-small.png"; sourceTree = "<group>"; };
		C536963816AA897900157D1F /* GrabBox-Info.plist */ = {isa = PBXFileReference; fileEncoding = 4; lastKnownFileType = text.plist.xml; path = "GrabBox-Info.plist"; sourceTree = "<group>"; };
		C536963916AA897900157D1F /* GrabBox-SU-Info.plist */ = {isa = PBXFileReference; fileEncoding = 4; lastKnownFileType = text.plist.xml; path = "GrabBox-SU-Info.plist"; sourceTree = "<group>"; };
		C55D245713DF392C003342D3 /* GrabBox Appstore.app */ = {isa = PBXFileReference; explicitFileType = wrapper.application; includeInIndex = 0; path = "GrabBox Appstore.app"; sourceTree = BUILT_PRODUCTS_DIR; };
		C55D245913DF392C003342D3 /* Cocoa.framework */ = {isa = PBXFileReference; lastKnownFileType = wrapper.framework; name = Cocoa.framework; path = System/Library/Frameworks/Cocoa.framework; sourceTree = SDKROOT; };
		C55D249213DF3A62003342D3 /* Growl.framework */ = {isa = PBXFileReference; lastKnownFileType = wrapper.framework; path = Growl.framework; sourceTree = "<group>"; };
		C561388E153868450035C08E /* DropboxAuthView.xib */ = {isa = PBXFileReference; fileEncoding = 4; lastKnownFileType = file.xib; path = DropboxAuthView.xib; sourceTree = "<group>"; };
		C561389115386B380035C08E /* API Request Authorization - Dropbox.jpg */ = {isa = PBXFileReference; lastKnownFileType = image.jpeg; path = "API Request Authorization - Dropbox.jpg"; sourceTree = SOURCE_ROOT; };
		C561389415386C280035C08E /* WelcomeView.xib */ = {isa = PBXFileReference; fileEncoding = 4; lastKnownFileType = file.xib; path = WelcomeView.xib; sourceTree = "<group>"; };
		C561389715389D0A0035C08E /* WelcomeViewController.h */ = {isa = PBXFileReference; fileEncoding = 4; lastKnownFileType = sourcecode.c.h; path = WelcomeViewController.h; sourceTree = "<group>"; };
		C561389815389D0A0035C08E /* WelcomeViewController.m */ = {isa = PBXFileReference; fileEncoding = 4; lastKnownFileType = sourcecode.c.objc; path = WelcomeViewController.m; sourceTree = "<group>"; };
		C561389E1538A1980035C08E /* DropboxAuthViewController.h */ = {isa = PBXFileReference; fileEncoding = 4; lastKnownFileType = sourcecode.c.h; path = DropboxAuthViewController.h; sourceTree = "<group>"; };
		C561389F1538A1980035C08E /* DropboxAuthViewController.m */ = {isa = PBXFileReference; fileEncoding = 4; lastKnownFileType = sourcecode.c.objc; path = DropboxAuthViewController.m; sourceTree = "<group>"; };
		C57A2D0616AA752100B89D82 /* menuicon-animation-1.png */ = {isa = PBXFileReference; lastKnownFileType = image.png; path = "menuicon-animation-1.png"; sourceTree = "<group>"; };
		C57A2D0716AA752100B89D82 /* menuicon-animation-1@2x.png */ = {isa = PBXFileReference; lastKnownFileType = image.png; path = "menuicon-animation-1@2x.png"; sourceTree = "<group>"; };
		C57A2D0816AA752100B89D82 /* menuicon-animation-2.png */ = {isa = PBXFileReference; lastKnownFileType = image.png; path = "menuicon-animation-2.png"; sourceTree = "<group>"; };
		C57A2D0916AA752100B89D82 /* menuicon-animation-2@2x.png */ = {isa = PBXFileReference; lastKnownFileType = image.png; path = "menuicon-animation-2@2x.png"; sourceTree = "<group>"; };
		C57A2D0A16AA752100B89D82 /* menuicon-animation-3.png */ = {isa = PBXFileReference; lastKnownFileType = image.png; path = "menuicon-animation-3.png"; sourceTree = "<group>"; };
		C57A2D0B16AA752100B89D82 /* menuicon-animation-3@2x.png */ = {isa = PBXFileReference; lastKnownFileType = image.png; path = "menuicon-animation-3@2x.png"; sourceTree = "<group>"; };
		C57A2D0C16AA752100B89D82 /* menuicon-animation-4.png */ = {isa = PBXFileReference; lastKnownFileType = image.png; path = "menuicon-animation-4.png"; sourceTree = "<group>"; };
		C57A2D0D16AA752100B89D82 /* menuicon-animation-4@2x.png */ = {isa = PBXFileReference; lastKnownFileType = image.png; path = "menuicon-animation-4@2x.png"; sourceTree = "<group>"; };
		C57A2D0E16AA752100B89D82 /* menuicon-animation-5.png */ = {isa = PBXFileReference; lastKnownFileType = image.png; path = "menuicon-animation-5.png"; sourceTree = "<group>"; };
		C57A2D0F16AA752100B89D82 /* menuicon-animation-5@2x.png */ = {isa = PBXFileReference; lastKnownFileType = image.png; path = "menuicon-animation-5@2x.png"; sourceTree = "<group>"; };
		C57A2D1016AA752100B89D82 /* menuicon-animation-6.png */ = {isa = PBXFileReference; lastKnownFileType = image.png; path = "menuicon-animation-6.png"; sourceTree = "<group>"; };
		C57A2D1116AA752100B89D82 /* menuicon-animation-6@2x.png */ = {isa = PBXFileReference; lastKnownFileType = image.png; path = "menuicon-animation-6@2x.png"; sourceTree = "<group>"; };
		C57A2D1216AA752100B89D82 /* menuicon-animation-7.png */ = {isa = PBXFileReference; lastKnownFileType = image.png; path = "menuicon-animation-7.png"; sourceTree = "<group>"; };
		C57A2D1316AA752100B89D82 /* menuicon-animation-7@2x.png */ = {isa = PBXFileReference; lastKnownFileType = image.png; path = "menuicon-animation-7@2x.png"; sourceTree = "<group>"; };
		C57A2D1416AA752100B89D82 /* menuicon-animation-8.png */ = {isa = PBXFileReference; lastKnownFileType = image.png; path = "menuicon-animation-8.png"; sourceTree = "<group>"; };
		C57A2D1516AA752100B89D82 /* menuicon-animation-8@2x.png */ = {isa = PBXFileReference; lastKnownFileType = image.png; path = "menuicon-animation-8@2x.png"; sourceTree = "<group>"; };
		C57A2D1616AA752100B89D82 /* menuicon@2x.png */ = {isa = PBXFileReference; lastKnownFileType = image.png; path = "menuicon@2x.png"; sourceTree = "<group>"; };
		C57A2D1716AA752100B89D82 /* menuiconInverted@2x.png */ = {isa = PBXFileReference; lastKnownFileType = image.png; path = "menuiconInverted@2x.png"; sourceTree = "<group>"; };
		C57A2D3C16AA7B3F00B89D82 /* menuiconUploaded.png */ = {isa = PBXFileReference; lastKnownFileType = image.png; path = menuiconUploaded.png; sourceTree = "<group>"; };
		C57A2D3D16AA7B3F00B89D82 /* menuiconUploaded@2x.png */ = {isa = PBXFileReference; lastKnownFileType = image.png; path = "menuiconUploaded@2x.png"; sourceTree = "<group>"; };
		C59CFF07166B04F200D91C44 /* SystemConfiguration.framework */ = {isa = PBXFileReference; lastKnownFileType = wrapper.framework; name = SystemConfiguration.framework; path = System/Library/Frameworks/SystemConfiguration.framework; sourceTree = SDKROOT; };
		C59CFF3D166B3CB500D91C44 /* GrabBoxHelper.xcodeproj */ = {isa = PBXFileReference; lastKnownFileType = "wrapper.pb-project"; path = GrabBoxHelper.xcodeproj; sourceTree = "<group>"; };
		D6E39DB7925D7DEEEF2708A1 /* Pods-GrabBox.release.xcconfig */ = {isa = PBXFileReference; includeInIndex = 1; lastKnownFileType = text.xcconfig; name = "Pods-GrabBox.release.xcconfig"; path = "Pods/Target Support Files/Pods-GrabBox/Pods-GrabBox.release.xcconfig"; sourceTree = "<group>"; };
		E5F8CD770D8157E34F02D9D5 /* Pods-GrabBox Appstore.release.xcconfig */ = {isa = PBXFileReference; includeInIndex = 1; lastKnownFileType = text.xcconfig; name = "Pods-GrabBox Appstore.release.xcconfig"; path = "Pods/Target Support Files/Pods-GrabBox Appstore/Pods-GrabBox Appstore.release.xcconfig"; sourceTree = "<group>"; };
/* End PBXFileReference section */

/* Begin PBXFrameworksBuildPhase section */
		8D11072E0486CEB800E47090 /* Frameworks */ = {
			isa = PBXFrameworksBuildPhase;
			buildActionMask = 2147483647;
			files = (
				C59CFF08166B04F200D91C44 /* SystemConfiguration.framework in Frameworks */,
				C55D249D13DF3CAC003342D3 /* Growl.framework in Frameworks */,
				C55D24A013DF3CB3003342D3 /* Cocoa.framework in Frameworks */,
				FA93152649E6112A445EA9B4 /* Pods_GrabBox.framework in Frameworks */,
				8ED261121EF7B0D300E25628 /* libz.1.tbd in Frameworks */,
				8ED2610F1EF7B0C200E25628 /* ServiceManagement.framework in Frameworks */,
			);
			runOnlyForDeploymentPostprocessing = 0;
		};
		C55D245413DF392C003342D3 /* Frameworks */ = {
			isa = PBXFrameworksBuildPhase;
			buildActionMask = 2147483647;
			files = (
				C59CFF0A166B050400D91C44 /* SystemConfiguration.framework in Frameworks */,
				C55D249313DF3A62003342D3 /* Growl.framework in Frameworks */,
				C55D245A13DF392C003342D3 /* Cocoa.framework in Frameworks */,
				AC2A486479A2A9D88C076095 /* Pods_GrabBox_Appstore.framework in Frameworks */,
			);
			runOnlyForDeploymentPostprocessing = 0;
		};
/* End PBXFrameworksBuildPhase section */

/* Begin PBXGroup section */
		080E96DDFE201D6D7F000001 /* Classes */ = {
			isa = PBXGroup;
			children = (
				8E79350012DA42710057D5ED /* Interface */,
				8EC402F213BFF66F0001B66E /* Uploaders */,
				8EFFCB6B12D8F86C00201A9A /* Utilities */,
				256AC3D80F4B6AC300CF3369 /* GrabBoxAppDelegate.h */,
				256AC3D90F4B6AC300CF3369 /* GrabBoxAppDelegate.m */,
				8E4A509E11E9155500A0A743 /* InformationGatherer.h */,
				8E4A509F11E9155500A0A743 /* InformationGatherer.m */,
			);
			name = Classes;
			sourceTree = "<group>";
		};
		1058C7A0FEA54F0111CA2CBB /* Linked Frameworks */ = {
			isa = PBXGroup;
			children = (
				C55D245913DF392C003342D3 /* Cocoa.framework */,
				C55D249213DF3A62003342D3 /* Growl.framework */,
				8ED261111EF7B0D300E25628 /* libz.1.tbd */,
				8ED2610E1EF7B0C200E25628 /* ServiceManagement.framework */,
				C59CFF07166B04F200D91C44 /* SystemConfiguration.framework */,
			);
			name = "Linked Frameworks";
			path = Frameworks;
			sourceTree = "<group>";
		};
		1058C7A2FEA54F0111CA2CBB /* Other Frameworks */ = {
			isa = PBXGroup;
			children = (
				29B97324FDCFA39411CA2CEA /* AppKit.framework */,
				13E42FB307B3F0F600E4EEF1 /* CoreData.framework */,
				29B97325FDCFA39411CA2CEA /* Foundation.framework */,
				8E7385E911F3C7900051276B /* Carbon.framework */,
			);
			name = "Other Frameworks";
			sourceTree = "<group>";
		};
		19C28FACFE9D520D11CA2CBB /* Products */ = {
			isa = PBXGroup;
			children = (
				8D1107320486CEB800E47090 /* GrabBox.app */,
				C55D245713DF392C003342D3 /* GrabBox Appstore.app */,
			);
			name = Products;
			sourceTree = "<group>";
		};
		29B97314FDCFA39411CA2CEA /* GrabBox */ = {
			isa = PBXGroup;
			children = (
				C59CFF3D166B3CB500D91C44 /* GrabBoxHelper.xcodeproj */,
				080E96DDFE201D6D7F000001 /* Classes */,
				29B97315FDCFA39411CA2CEA /* Other Sources */,
				29B97317FDCFA39411CA2CEA /* Resources */,
				19C28FACFE9D520D11CA2CBB /* Products */,
				29B97323FDCFA39411CA2CEA /* Frameworks */,
				B1981F656B89E153B6638424 /* Pods */,
			);
			name = GrabBox;
			sourceTree = "<group>";
		};
		29B97315FDCFA39411CA2CEA /* Other Sources */ = {
			isa = PBXGroup;
			children = (
				256AC3F00F4B6AF500CF3369 /* GrabBox_Prefix.pch */,
				29B97316FDCFA39411CA2CEA /* main.m */,
			);
			name = "Other Sources";
			sourceTree = "<group>";
		};
		29B97317FDCFA39411CA2CEA /* Resources */ = {
			isa = PBXGroup;
			children = (
				8E2AF15511F01D2100A29A61 /* Images */,
				C561389115386B380035C08E /* API Request Authorization - Dropbox.jpg */,
				8EF627F113B050DF0013A4B4 /* Credits.rtf */,
				8EF627D813B050980013A4B4 /* Defaults.plist */,
				C561388E153868450035C08E /* DropboxAuthView.xib */,
				C536963816AA897900157D1F /* GrabBox-Info.plist */,
				C536963916AA897900157D1F /* GrabBox-SU-Info.plist */,
				8E63965713DF8131002EC0E0 /* GrabBox.entitlements */,
				8EF627F413B050DF0013A4B4 /* Growl Registration Ticket.growlRegDict */,
				089C165CFE840E0CC02AAC07 /* InfoPlist.strings */,
				8EF627F913B0512A0013A4B4 /* MainMenu.xib */,
				C561389415386C280035C08E /* WelcomeView.xib */,
				C506DD6D16AB5A7800B18D25 /* WelcomeWindow.xib */,
			);
			path = Resources;
			sourceTree = "<group>";
		};
		29B97323FDCFA39411CA2CEA /* Frameworks */ = {
			isa = PBXGroup;
			children = (
				1058C7A0FEA54F0111CA2CBB /* Linked Frameworks */,
				1058C7A2FEA54F0111CA2CBB /* Other Frameworks */,
				7E81CB4E7C8F9CA77646E99D /* Pods_GrabBox_Appstore.framework */,
				ADC2381F51357AA4E4CA3AEE /* Pods_GrabBox.framework */,
			);
			name = Frameworks;
			sourceTree = "<group>";
		};
		8E2AF15511F01D2100A29A61 /* Images */ = {
			isa = PBXGroup;
			children = (
				8EF627DC13B050CE0013A4B4 /* dropbox.png */,
				8EF627DE13B050CE0013A4B4 /* GrabBox.icns */,
				C52B002813D3D84600D39676 /* imgur-small.png */,
				C57A2D0616AA752100B89D82 /* menuicon-animation-1.png */,
				C57A2D0716AA752100B89D82 /* menuicon-animation-1@2x.png */,
				C57A2D0816AA752100B89D82 /* menuicon-animation-2.png */,
				C57A2D0916AA752100B89D82 /* menuicon-animation-2@2x.png */,
				C57A2D0A16AA752100B89D82 /* menuicon-animation-3.png */,
				C57A2D0B16AA752100B89D82 /* menuicon-animation-3@2x.png */,
				C57A2D0C16AA752100B89D82 /* menuicon-animation-4.png */,
				C57A2D0D16AA752100B89D82 /* menuicon-animation-4@2x.png */,
				C57A2D0E16AA752100B89D82 /* menuicon-animation-5.png */,
				C57A2D0F16AA752100B89D82 /* menuicon-animation-5@2x.png */,
				C57A2D1016AA752100B89D82 /* menuicon-animation-6.png */,
				C57A2D1116AA752100B89D82 /* menuicon-animation-6@2x.png */,
				C57A2D1216AA752100B89D82 /* menuicon-animation-7.png */,
				C57A2D1316AA752100B89D82 /* menuicon-animation-7@2x.png */,
				C57A2D1416AA752100B89D82 /* menuicon-animation-8.png */,
				C57A2D1516AA752100B89D82 /* menuicon-animation-8@2x.png */,
				8EF627E313B050CE0013A4B4 /* menuicon.png */,
				C57A2D1616AA752100B89D82 /* menuicon@2x.png */,
				8EF627E413B050CE0013A4B4 /* menuiconInverted.png */,
				C57A2D1716AA752100B89D82 /* menuiconInverted@2x.png */,
				C57A2D3C16AA7B3F00B89D82 /* menuiconUploaded.png */,
				C57A2D3D16AA7B3F00B89D82 /* menuiconUploaded@2x.png */,
			);
			path = Images;
			sourceTree = "<group>";
		};
		8E79350012DA42710057D5ED /* Interface */ = {
			isa = PBXGroup;
			children = (
				C561389E1538A1980035C08E /* DropboxAuthViewController.h */,
				C561389F1538A1980035C08E /* DropboxAuthViewController.m */,
				8EAAE7F21256675800798872 /* Menubar.h */,
				8EAAE7F31256675800798872 /* Menubar.m */,
				8E7B6C2311EC433B00112165 /* Preferences.h */,
				8E7B6C2411EC433B00112165 /* Preferences.m */,
				C561389715389D0A0035C08E /* WelcomeViewController.h */,
				C561389815389D0A0035C08E /* WelcomeViewController.m */,
				C506DD6916AB580E00B18D25 /* WelcomeWindowController.h */,
				C506DD6A16AB580E00B18D25 /* WelcomeWindowController.m */,
			);
			path = Interface;
			sourceTree = "<group>";
		};
		8EC402F213BFF66F0001B66E /* Uploaders */ = {
			isa = PBXGroup;
			children = (
				8EC402FA13BFFAF00001B66E /* DropboxUploader.h */,
				8EC402FB13BFFAF00001B66E /* DropboxUploader.m */,
				8EC402FC13BFFAF00001B66E /* Uploader.h */,
				8EC402FD13BFFAF00001B66E /* Uploader.m */,
				C52B001F13D3B8A900D39676 /* UploaderFactory.h */,
				C52B002013D3B8A900D39676 /* UploaderFactory.m */,
				8EC402F413BFF78D0001B66E /* UploadManager.h */,
				8EC402F513BFF78D0001B66E /* UploadManager.m */,
			);
			path = Uploaders;
			sourceTree = "<group>";
		};
		8ED290E713A41A65005F10D3 /* Growler */ = {
			isa = PBXGroup;
			children = (
				8ED2910D13A41A65005F10D3 /* Growler.h */,
				8ED2910E13A41A65005F10D3 /* Growler.m */,
				8ED2910F13A41A65005F10D3 /* GrowlerGrowl.h */,
				8ED2911013A41A65005F10D3 /* GrowlerGrowl.m */,
			);
			path = Growler;
			sourceTree = "<group>";
		};
		8EFFCB6B12D8F86C00201A9A /* Utilities */ = {
			isa = PBXGroup;
			children = (
				8ED290E713A41A65005F10D3 /* Growler */,
				8E60861611E6D1B600881A1C /* Notifier.h */,
				8E60861711E6D1B600881A1C /* Notifier.m */,
				8EFFCB6C12D8F86C00201A9A /* NSString+URLParameters.h */,
				8EFFCB6D12D8F86C00201A9A /* NSString+URLParameters.m */,
				8EFFCB9512D8F98300201A9A /* NSData+Base64.h */,
				8EFFCB9612D8F98300201A9A /* NSData+Base64.m */,
				8E368D1413A5F51800EB0D90 /* NetworkReachabilityNotifier.h */,
				8E368D1513A5F51800EB0D90 /* NetworkReachabilityNotifier.m */,
			);
			path = Utilities;
			sourceTree = "<group>";
		};
		B1981F656B89E153B6638424 /* Pods */ = {
			isa = PBXGroup;
			children = (
				1B38264D4FEF3BCC33050C01 /* Pods-GrabBox Appstore.debug.xcconfig */,
				323D2FB3A0D38A228D1226D1 /* Pods-GrabBox Appstore.debug for distribution.xcconfig */,
				E5F8CD770D8157E34F02D9D5 /* Pods-GrabBox Appstore.release.xcconfig */,
				76AD51F50A48D06C27DEBC55 /* Pods-GrabBox.debug.xcconfig */,
				8F94C460314DED78602854A3 /* Pods-GrabBox.debug for distribution.xcconfig */,
				D6E39DB7925D7DEEEF2708A1 /* Pods-GrabBox.release.xcconfig */,
			);
			name = Pods;
			sourceTree = "<group>";
		};
		C59CFF3E166B3CB500D91C44 /* Products */ = {
			isa = PBXGroup;
			children = (
				C59CFF42166B3CB600D91C44 /* GrabBoxHelper.app */,
			);
			name = Products;
			sourceTree = "<group>";
		};
/* End PBXGroup section */

/* Begin PBXNativeTarget section */
		8D1107260486CEB800E47090 /* GrabBox */ = {
			isa = PBXNativeTarget;
			buildConfigurationList = C01FCF4A08A954540054247B /* Build configuration list for PBXNativeTarget "GrabBox" */;
			buildPhases = (
				65DDE08F918175CB09E2BF6E /* [CP] Check Pods Manifest.lock */,
				8D11072C0486CEB800E47090 /* Sources */,
				8D11072E0486CEB800E47090 /* Frameworks */,
				C59CFF47166B3EC900D91C44 /* CopyFiles */,
				8D1107290486CEB800E47090 /* Resources */,
				8E7B688B11EBD23900112165 /* Copy Supporting Frameworks */,
				4B3496323C0085D9559092DC /* [CP] Embed Pods Frameworks */,
				757146961590B6D50444A266 /* [CP] Copy Pods Resources */,
			);
			buildRules = (
			);
			dependencies = (
			);
			name = GrabBox;
			productInstallPath = "$(HOME)/Applications";
			productName = GrabBox;
			productReference = 8D1107320486CEB800E47090 /* GrabBox.app */;
			productType = "com.apple.product-type.application";
		};
		C55D245613DF392C003342D3 /* GrabBox Appstore */ = {
			isa = PBXNativeTarget;
			buildConfigurationList = C55D246D13DF392C003342D3 /* Build configuration list for PBXNativeTarget "GrabBox Appstore" */;
			buildPhases = (
				147420B10374D0E2D486E2C4 /* [CP] Check Pods Manifest.lock */,
				C55D245313DF392C003342D3 /* Sources */,
				C55D245413DF392C003342D3 /* Frameworks */,
				C59CFF45166B3E7500D91C44 /* CopyFiles */,
				C55D245513DF392C003342D3 /* Resources */,
				C55D24A713DF42C2003342D3 /* Copy Supporting Frameworks */,
				CFF66FBC1DBBAD6D2C129C76 /* [CP] Embed Pods Frameworks */,
				07F961317E72A9C1DF38240A /* [CP] Copy Pods Resources */,
			);
			buildRules = (
			);
			dependencies = (
			);
			name = "GrabBox Appstore";
			productName = "GrabBox2 Appstore";
			productReference = C55D245713DF392C003342D3 /* GrabBox Appstore.app */;
			productType = "com.apple.product-type.application";
		};
/* End PBXNativeTarget section */

/* Begin PBXProject section */
		29B97313FDCFA39411CA2CEA /* Project object */ = {
			isa = PBXProject;
			attributes = {
				LastUpgradeCheck = 0830;
				TargetAttributes = {
					8D1107260486CEB800E47090 = {
						DevelopmentTeam = X35L5R6VQN;
						ProvisioningStyle = Automatic;
					};
				};
			};
			buildConfigurationList = C01FCF4E08A954540054247B /* Build configuration list for PBXProject "GrabBox" */;
			compatibilityVersion = "Xcode 3.2";
			developmentRegion = English;
			hasScannedForEncodings = 1;
			knownRegions = (
				en,
				English,
			);
			mainGroup = 29B97314FDCFA39411CA2CEA /* GrabBox */;
			productRefGroup = 19C28FACFE9D520D11CA2CBB /* Products */;
			projectDirPath = "";
			projectReferences = (
				{
					ProductGroup = C59CFF3E166B3CB500D91C44 /* Products */;
					ProjectRef = C59CFF3D166B3CB500D91C44 /* GrabBoxHelper.xcodeproj */;
				},
			);
			projectRoot = "";
			targets = (
				8D1107260486CEB800E47090 /* GrabBox */,
				C55D245613DF392C003342D3 /* GrabBox Appstore */,
				8E7B689911EBD8BC00112165 /* Distribution */,
			);
		};
/* End PBXProject section */

/* Begin PBXReferenceProxy section */
		C59CFF42166B3CB600D91C44 /* GrabBoxHelper.app */ = {
			isa = PBXReferenceProxy;
			fileType = wrapper.application;
			path = GrabBoxHelper.app;
			remoteRef = C59CFF41166B3CB600D91C44 /* PBXContainerItemProxy */;
			sourceTree = BUILT_PRODUCTS_DIR;
		};
/* End PBXReferenceProxy section */

/* Begin PBXResourcesBuildPhase section */
		8D1107290486CEB800E47090 /* Resources */ = {
			isa = PBXResourcesBuildPhase;
			buildActionMask = 2147483647;
			files = (
				8D11072B0486CEB800E47090 /* InfoPlist.strings in Resources */,
				8EF627D913B050980013A4B4 /* Defaults.plist in Resources */,
				8EF627E713B050CE0013A4B4 /* dropbox.png in Resources */,
				8EF627EE13B050CE0013A4B4 /* menuicon.png in Resources */,
				8EF627EF13B050CE0013A4B4 /* menuiconInverted.png in Resources */,
				C55D24BC13DF47E4003342D3 /* GrabBox.icns in Resources */,
				8EF627F513B050DF0013A4B4 /* Credits.rtf in Resources */,
				8EF627F813B050DF0013A4B4 /* Growl Registration Ticket.growlRegDict in Resources */,
				8EF627FB13B0512A0013A4B4 /* MainMenu.xib in Resources */,
				C52B002913D3D84600D39676 /* imgur-small.png in Resources */,
				C561388F153868450035C08E /* DropboxAuthView.xib in Resources */,
				C561389215386B380035C08E /* API Request Authorization - Dropbox.jpg in Resources */,
				C561389515386C280035C08E /* WelcomeView.xib in Resources */,
				C57A2D1816AA752100B89D82 /* menuicon-animation-1.png in Resources */,
				C57A2D1A16AA752100B89D82 /* menuicon-animation-1@2x.png in Resources */,
				C57A2D1C16AA752100B89D82 /* menuicon-animation-2.png in Resources */,
				C57A2D1E16AA752100B89D82 /* menuicon-animation-2@2x.png in Resources */,
				C57A2D2016AA752100B89D82 /* menuicon-animation-3.png in Resources */,
				C57A2D2216AA752100B89D82 /* menuicon-animation-3@2x.png in Resources */,
				C57A2D2416AA752100B89D82 /* menuicon-animation-4.png in Resources */,
				C57A2D2616AA752100B89D82 /* menuicon-animation-4@2x.png in Resources */,
				C57A2D2816AA752100B89D82 /* menuicon-animation-5.png in Resources */,
				C57A2D2A16AA752100B89D82 /* menuicon-animation-5@2x.png in Resources */,
				C57A2D2C16AA752100B89D82 /* menuicon-animation-6.png in Resources */,
				C57A2D2E16AA752100B89D82 /* menuicon-animation-6@2x.png in Resources */,
				C57A2D3016AA752100B89D82 /* menuicon-animation-7.png in Resources */,
				C57A2D3216AA752100B89D82 /* menuicon-animation-7@2x.png in Resources */,
				C57A2D3416AA752100B89D82 /* menuicon-animation-8.png in Resources */,
				C57A2D3616AA752100B89D82 /* menuicon-animation-8@2x.png in Resources */,
				C57A2D3816AA752100B89D82 /* menuicon@2x.png in Resources */,
				C57A2D3A16AA752100B89D82 /* menuiconInverted@2x.png in Resources */,
				C57A2D3E16AA7B3F00B89D82 /* menuiconUploaded.png in Resources */,
				C57A2D4016AA7B3F00B89D82 /* menuiconUploaded@2x.png in Resources */,
				C506DD6E16AB5A7800B18D25 /* WelcomeWindow.xib in Resources */,
			);
			runOnlyForDeploymentPostprocessing = 0;
		};
		C55D245513DF392C003342D3 /* Resources */ = {
			isa = PBXResourcesBuildPhase;
			buildActionMask = 2147483647;
			files = (
				C55D24BA13DF4460003342D3 /* Credits.rtf in Resources */,
				C55D24AB13DF43BE003342D3 /* Defaults.plist in Resources */,
				C55D24AC13DF43BE003342D3 /* Growl Registration Ticket.growlRegDict in Resources */,
				C55D24AD13DF43BE003342D3 /* InfoPlist.strings in Resources */,
				C55D24AE13DF43BE003342D3 /* MainMenu.xib in Resources */,
				C55D24BB13DF47DA003342D3 /* GrabBox.icns in Resources */,
				C55D24B113DF43FB003342D3 /* imgur-small.png in Resources */,
				C55D24B313DF43FB003342D3 /* dropbox.png in Resources */,
				C55D24B713DF43FB003342D3 /* menuicon.png in Resources */,
				C55D24B813DF43FB003342D3 /* menuiconInverted.png in Resources */,
				C5613890153868450035C08E /* DropboxAuthView.xib in Resources */,
				C561389315386B380035C08E /* API Request Authorization - Dropbox.jpg in Resources */,
				C561389615386C280035C08E /* WelcomeView.xib in Resources */,
				C57A2D1916AA752100B89D82 /* menuicon-animation-1.png in Resources */,
				C57A2D1B16AA752100B89D82 /* menuicon-animation-1@2x.png in Resources */,
				C57A2D1D16AA752100B89D82 /* menuicon-animation-2.png in Resources */,
				C57A2D1F16AA752100B89D82 /* menuicon-animation-2@2x.png in Resources */,
				C57A2D2116AA752100B89D82 /* menuicon-animation-3.png in Resources */,
				C57A2D2316AA752100B89D82 /* menuicon-animation-3@2x.png in Resources */,
				C57A2D2516AA752100B89D82 /* menuicon-animation-4.png in Resources */,
				C57A2D2716AA752100B89D82 /* menuicon-animation-4@2x.png in Resources */,
				C57A2D2916AA752100B89D82 /* menuicon-animation-5.png in Resources */,
				C57A2D2B16AA752100B89D82 /* menuicon-animation-5@2x.png in Resources */,
				C57A2D2D16AA752100B89D82 /* menuicon-animation-6.png in Resources */,
				C57A2D2F16AA752100B89D82 /* menuicon-animation-6@2x.png in Resources */,
				C57A2D3116AA752100B89D82 /* menuicon-animation-7.png in Resources */,
				C57A2D3316AA752100B89D82 /* menuicon-animation-7@2x.png in Resources */,
				C57A2D3516AA752100B89D82 /* menuicon-animation-8.png in Resources */,
				C57A2D3716AA752100B89D82 /* menuicon-animation-8@2x.png in Resources */,
				C57A2D3916AA752100B89D82 /* menuicon@2x.png in Resources */,
				C57A2D3B16AA752100B89D82 /* menuiconInverted@2x.png in Resources */,
				C57A2D3F16AA7B3F00B89D82 /* menuiconUploaded.png in Resources */,
				C57A2D4116AA7B3F00B89D82 /* menuiconUploaded@2x.png in Resources */,
				C506DD6F16AB5A7800B18D25 /* WelcomeWindow.xib in Resources */,
			);
			runOnlyForDeploymentPostprocessing = 0;
		};
/* End PBXResourcesBuildPhase section */

/* Begin PBXShellScriptBuildPhase section */
		07F961317E72A9C1DF38240A /* [CP] Copy Pods Resources */ = {
			isa = PBXShellScriptBuildPhase;
			buildActionMask = 2147483647;
			files = (
			);
			inputPaths = (
			);
			name = "[CP] Copy Pods Resources";
			outputPaths = (
			);
			runOnlyForDeploymentPostprocessing = 0;
			shellPath = /bin/sh;
			shellScript = "\"${SRCROOT}/Pods/Target Support Files/Pods-GrabBox Appstore/Pods-GrabBox Appstore-resources.sh\"\n";
			showEnvVarsInLog = 0;
		};
		147420B10374D0E2D486E2C4 /* [CP] Check Pods Manifest.lock */ = {
			isa = PBXShellScriptBuildPhase;
			buildActionMask = 2147483647;
			files = (
			);
			inputPaths = (
			);
			name = "[CP] Check Pods Manifest.lock";
			outputPaths = (
			);
			runOnlyForDeploymentPostprocessing = 0;
			shellPath = /bin/sh;
			shellScript = "diff \"${PODS_PODFILE_DIR_PATH}/Podfile.lock\" \"${PODS_ROOT}/Manifest.lock\" > /dev/null\nif [ $? != 0 ] ; then\n    # print error to STDERR\n    echo \"error: The sandbox is not in sync with the Podfile.lock. Run 'pod install' or update your CocoaPods installation.\" >&2\n    exit 1\nfi\n";
			showEnvVarsInLog = 0;
		};
		4B3496323C0085D9559092DC /* [CP] Embed Pods Frameworks */ = {
			isa = PBXShellScriptBuildPhase;
			buildActionMask = 2147483647;
			files = (
			);
			inputPaths = (
			);
			name = "[CP] Embed Pods Frameworks";
			outputPaths = (
			);
			runOnlyForDeploymentPostprocessing = 0;
			shellPath = /bin/sh;
			shellScript = "\"${SRCROOT}/Pods/Target Support Files/Pods-GrabBox/Pods-GrabBox-frameworks.sh\"\n";
			showEnvVarsInLog = 0;
		};
		65DDE08F918175CB09E2BF6E /* [CP] Check Pods Manifest.lock */ = {
			isa = PBXShellScriptBuildPhase;
			buildActionMask = 2147483647;
			files = (
			);
			inputPaths = (
			);
			name = "[CP] Check Pods Manifest.lock";
			outputPaths = (
			);
			runOnlyForDeploymentPostprocessing = 0;
			shellPath = /bin/sh;
			shellScript = "diff \"${PODS_PODFILE_DIR_PATH}/Podfile.lock\" \"${PODS_ROOT}/Manifest.lock\" > /dev/null\nif [ $? != 0 ] ; then\n    # print error to STDERR\n    echo \"error: The sandbox is not in sync with the Podfile.lock. Run 'pod install' or update your CocoaPods installation.\" >&2\n    exit 1\nfi\n";
			showEnvVarsInLog = 0;
		};
		757146961590B6D50444A266 /* [CP] Copy Pods Resources */ = {
			isa = PBXShellScriptBuildPhase;
			buildActionMask = 2147483647;
			files = (
			);
			inputPaths = (
			);
			name = "[CP] Copy Pods Resources";
			outputPaths = (
			);
			runOnlyForDeploymentPostprocessing = 0;
			shellPath = /bin/sh;
			shellScript = "\"${SRCROOT}/Pods/Target Support Files/Pods-GrabBox/Pods-GrabBox-resources.sh\"\n";
			showEnvVarsInLog = 0;
		};
		8E7B68A111EBD8CE00112165 /* ShellScript */ = {
			isa = PBXShellScriptBuildPhase;
			buildActionMask = 2147483647;
			files = (
			);
			inputPaths = (
			);
			outputPaths = (
			);
			runOnlyForDeploymentPostprocessing = 0;
			shellPath = /bin/bash;
			shellScript = "set -o errexit\n\n[[ -z \"$BUILD_STYLE\" ]] && BUILD_STYLE=$CONFIGURATION\n\n[ $BUILD_STYLE = Release ] || { echo Distribution target requires \"'Release'\" build style; false; }\n\nCFBundleVersion=$(/usr/bin/env git describe --long --match 'v*' | cut -c2- | sed s/-/./g)\nCFBundleShortVersionString=$(/usr/bin/env git describe --match 'v*' | cut -c2- | sed 's/-/./; s/-.*$//')\n\ndomain=\"$BUILT_PRODUCTS_DIR/$PROJECT_NAME.app/Contents/Info\"\n\ndefaults write \"$domain\" CFBundleVersion -string \"$CFBundleVersion\"\ndefaults write \"$domain\" CFBundleShortVersionString -string \"$CFBundleShortVersionString\"\nplutil -convert xml1 -s \"$domain.plist\"\n\nVERSION=$(defaults read \"$BUILT_PRODUCTS_DIR/$PROJECT_NAME.app/Contents/Info\" CFBundleVersion)\nARCHIVE_FILENAME=\"$PROJECT_NAME $CFBundleShortVersionString.zip\"\nKEYCHAIN_PRIVKEY_NAME=\"GrabBox Sparkle Private Key\"\nWD=$PWD\nRELEASEINFO_FILENAME=\"../releases/$CFBundleShortVersionString.yaml\"\n\nif [ ! -f \"$WD/webpage/$RELEASEINFO_FILENAME\" ]; then\n    echo \"Missing releaseinfo: $WD/webpage/$RELEASEINFO_FILENAME\"\n    exit 1\nfi\n\ncd \"$BUILT_PRODUCTS_DIR\"\n\nrm -f \"$PROJECT_NAME\"*.zip\nditto -ck --keepParent \"$PROJECT_NAME.app\" \"$ARCHIVE_FILENAME\"\n\nSIZE=$(stat -f %z \"$ARCHIVE_FILENAME\")\nPUBDATE=$(LC_TIME=en_US date +\"%a, %d %b %G %T %z\")\nSIGNATURE=$(\n\topenssl dgst -sha1 -binary < \"$ARCHIVE_FILENAME\" \\\n\t| openssl dgst -dss1 -sign <(security find-generic-password -g -s \"$KEYCHAIN_PRIVKEY_NAME\" 2>&1 1>/dev/null | perl -pe '($_) = /\"(.+)\"/; s/\\\\012/\\n/g' | perl -MXML::LibXML -e 'print XML::LibXML->new()->parse_file(\"-\")->findvalue(q(//string[preceding-sibling::key[1] = \"NOTE\"]))') \\\n\t| openssl enc -base64\n)\n\n[ $SIGNATURE ] || { echo Unable to load signing private key with name \"'$KEYCHAIN_PRIVKEY_NAME'\" from keychain; false; }\n\nmv \"$HOME/Projects/GrabBox/build/Release/$ARCHIVE_FILENAME\" \"$WD/webpage/updates/\"\n\necho \"cd '$WD/webpage'\"\necho cat \\> \\\"$RELEASEINFO_FILENAME\\\"\nperl -ple 's#(date:\\s+)(.*)#$1'\"$PUBDATE\"'#; s#(signature:\\s+)(.*)#$1'\"$SIGNATURE\"'#' \"$WD/webpage/$RELEASEINFO_FILENAME\"\necho\necho ./generate appcast \\> appcast2beta.xml\necho ./generate releasenotes \\> releasenotes2beta.html\necho scp \"'updates/$ARCHIVE_FILENAME'\" arachnophobia:grabbox/updates/\necho scp appcast2beta.xml releasenotes2beta.html arachnophobia:grabbox/";
			showEnvVarsInLog = 0;
		};
		CFF66FBC1DBBAD6D2C129C76 /* [CP] Embed Pods Frameworks */ = {
			isa = PBXShellScriptBuildPhase;
			buildActionMask = 2147483647;
			files = (
			);
			inputPaths = (
			);
			name = "[CP] Embed Pods Frameworks";
			outputPaths = (
			);
			runOnlyForDeploymentPostprocessing = 0;
			shellPath = /bin/sh;
			shellScript = "\"${SRCROOT}/Pods/Target Support Files/Pods-GrabBox Appstore/Pods-GrabBox Appstore-frameworks.sh\"\n";
			showEnvVarsInLog = 0;
		};
/* End PBXShellScriptBuildPhase section */

/* Begin PBXSourcesBuildPhase section */
		8D11072C0486CEB800E47090 /* Sources */ = {
			isa = PBXSourcesBuildPhase;
			buildActionMask = 2147483647;
			files = (
				8D11072D0486CEB800E47090 /* main.m in Sources */,
				256AC3DA0F4B6AC300CF3369 /* GrabBoxAppDelegate.m in Sources */,
				8E60861811E6D1B600881A1C /* Notifier.m in Sources */,
				8E4A50A011E9155500A0A743 /* InformationGatherer.m in Sources */,
				8E7B6C2511EC433B00112165 /* Preferences.m in Sources */,
				8EAAE7F41256675800798872 /* Menubar.m in Sources */,
				8EFFCB6E12D8F86C00201A9A /* NSString+URLParameters.m in Sources */,
				8EFFCB9712D8F98300201A9A /* NSData+Base64.m in Sources */,
				8ED2912813A41A66005F10D3 /* Growler.m in Sources */,
				8ED2912913A41A66005F10D3 /* GrowlerGrowl.m in Sources */,
				8E368D1613A5F51800EB0D90 /* NetworkReachabilityNotifier.m in Sources */,
				8EC402F613BFF78D0001B66E /* UploadManager.m in Sources */,
				8EC402FE13BFFAF00001B66E /* DropboxUploader.m in Sources */,
				8EC402FF13BFFAF00001B66E /* Uploader.m in Sources */,
				C52B002113D3B8A900D39676 /* UploaderFactory.m in Sources */,
				C561389A15389D0A0035C08E /* WelcomeViewController.m in Sources */,
				C56138A11538A1980035C08E /* DropboxAuthViewController.m in Sources */,
				C506DD6B16AB580E00B18D25 /* WelcomeWindowController.m in Sources */,
			);
			runOnlyForDeploymentPostprocessing = 0;
		};
		C55D245313DF392C003342D3 /* Sources */ = {
			isa = PBXSourcesBuildPhase;
			buildActionMask = 2147483647;
			files = (
				C55D247113DF39BD003342D3 /* main.m in Sources */,
				C55D247213DF39C5003342D3 /* GrabBoxAppDelegate.m in Sources */,
				C55D247313DF39C5003342D3 /* InformationGatherer.m in Sources */,
				C55D247613DF39D9003342D3 /* Menubar.m in Sources */,
				C55D247713DF39D9003342D3 /* Preferences.m in Sources */,
				C55D247813DF39D9003342D3 /* DropboxUploader.m in Sources */,
				C55D247A13DF39D9003342D3 /* Uploader.m in Sources */,
				C55D247B13DF39D9003342D3 /* UploaderFactory.m in Sources */,
				C55D247C13DF39D9003342D3 /* UploadManager.m in Sources */,
				C55D248213DF39DF003342D3 /* Growler.m in Sources */,
				C55D248313DF39DF003342D3 /* GrowlerGrowl.m in Sources */,
				C55D248A13DF39E6003342D3 /* Notifier.m in Sources */,
				C55D248B13DF39E6003342D3 /* NSString+URLParameters.m in Sources */,
				C55D248C13DF39E6003342D3 /* NSData+Base64.m in Sources */,
				C55D248D13DF39E6003342D3 /* NetworkReachabilityNotifier.m in Sources */,
				C561389B15389D0A0035C08E /* WelcomeViewController.m in Sources */,
				C56138A21538A1980035C08E /* DropboxAuthViewController.m in Sources */,
				C506DD6C16AB580E00B18D25 /* WelcomeWindowController.m in Sources */,
			);
			runOnlyForDeploymentPostprocessing = 0;
		};
/* End PBXSourcesBuildPhase section */

/* Begin PBXTargetDependency section */
		8E7B689D11EBD8C000112165 /* PBXTargetDependency */ = {
			isa = PBXTargetDependency;
			target = 8D1107260486CEB800E47090 /* GrabBox */;
			targetProxy = 8E7B689C11EBD8C000112165 /* PBXContainerItemProxy */;
		};
/* End PBXTargetDependency section */

/* Begin PBXVariantGroup section */
		089C165CFE840E0CC02AAC07 /* InfoPlist.strings */ = {
			isa = PBXVariantGroup;
			children = (
				089C165DFE840E0CC02AAC07 /* English */,
			);
			name = InfoPlist.strings;
			sourceTree = "<group>";
		};
		8EF627F913B0512A0013A4B4 /* MainMenu.xib */ = {
			isa = PBXVariantGroup;
			children = (
				8EF627FA13B0512A0013A4B4 /* English */,
			);
			name = MainMenu.xib;
			sourceTree = "<group>";
		};
/* End PBXVariantGroup section */

/* Begin XCBuildConfiguration section */
		8E256850129C5B5100DE3ACD /* Debug for distribution */ = {
			isa = XCBuildConfiguration;
			buildSettings = {
				CLANG_ANALYZER_LOCALIZABILITY_NONLOCALIZED = YES;
				CLANG_WARN_BOOL_CONVERSION = YES;
				CLANG_WARN_CONSTANT_CONVERSION = YES;
				CLANG_WARN_EMPTY_BODY = YES;
				CLANG_WARN_ENUM_CONVERSION = YES;
				CLANG_WARN_INFINITE_RECURSION = YES;
				CLANG_WARN_INT_CONVERSION = YES;
				CLANG_WARN_SUSPICIOUS_MOVE = YES;
				CLANG_WARN_UNREACHABLE_CODE = YES;
				CLANG_WARN__DUPLICATE_METHOD_MATCH = YES;
				CODE_SIGN_IDENTITY = "Developer ID Application: Joergen Pedersen Tjernoe";
				COPY_PHASE_STRIP = NO;
				ENABLE_STRICT_OBJC_MSGSEND = YES;
				ENABLE_TESTABILITY = YES;
				GCC_NO_COMMON_BLOCKS = YES;
				GCC_OPTIMIZATION_LEVEL = 0;
				GCC_PRECOMPILE_PREFIX_HEADER = YES;
				GCC_PREFIX_HEADER = GrabBox_Prefix.pch;
				GCC_PREPROCESSOR_DEFINITIONS = (
					"DEBUG=1",
					"$(inherited)",
				);
				GCC_WARN_64_TO_32_BIT_CONVERSION = YES;
				GCC_WARN_ABOUT_RETURN_TYPE = YES;
				GCC_WARN_UNDECLARED_SELECTOR = YES;
				GCC_WARN_UNINITIALIZED_AUTOS = YES;
				GCC_WARN_UNUSED_FUNCTION = YES;
				GCC_WARN_UNUSED_VARIABLE = YES;
				LD_RUNPATH_SEARCH_PATHS = "@loader_path/../Frameworks";
				MACOSX_DEPLOYMENT_TARGET = 10.10;
				ONLY_ACTIVE_ARCH = YES;
				SDKROOT = macosx;
			};
			name = "Debug for distribution";
		};
		8E256851129C5B5100DE3ACD /* Debug for distribution */ = {
			isa = XCBuildConfiguration;
			baseConfigurationReference = 8F94C460314DED78602854A3 /* Pods-GrabBox.debug for distribution.xcconfig */;
			buildSettings = {
				ALWAYS_SEARCH_USER_PATHS = NO;
				CODE_SIGN_IDENTITY = "Mac Developer";
				COMBINE_HIDPI_IMAGES = YES;
				DEVELOPMENT_TEAM = "";
				FRAMEWORK_SEARCH_PATHS = (
					"$(inherited)",
					"\"$(SRCROOT)\"",
					"\"$(SRCROOT)/Frameworks\"",
				);
				GCC_PREPROCESSOR_DEFINITIONS = "$(inherited)";
				INFOPLIST_FILE = "$(SRCROOT)/Resources/GrabBox-SU-Info.plist";
				INSTALL_PATH = "$(HOME)/Applications";
				PRODUCT_BUNDLE_IDENTIFIER = com.bitspatter.mac.grabbox2;
				PRODUCT_NAME = GrabBox;
				PROVISIONING_PROFILE_SPECIFIER = "";
			};
			name = "Debug for distribution";
		};
		8E256852129C5B5100DE3ACD /* Debug for distribution */ = {
			isa = XCBuildConfiguration;
			buildSettings = {
				COMBINE_HIDPI_IMAGES = YES;
				COPY_PHASE_STRIP = NO;
				GCC_DYNAMIC_NO_PIC = NO;
				GCC_OPTIMIZATION_LEVEL = 0;
				PRODUCT_NAME = Distribution;
			};
			name = "Debug for distribution";
		};
		8E7B689A11EBD8BD00112165 /* Debug */ = {
			isa = XCBuildConfiguration;
			buildSettings = {
				COMBINE_HIDPI_IMAGES = YES;
				COPY_PHASE_STRIP = NO;
				GCC_DYNAMIC_NO_PIC = NO;
				GCC_OPTIMIZATION_LEVEL = 0;
				PRODUCT_NAME = Distribution;
			};
			name = Debug;
		};
		8E7B689B11EBD8BD00112165 /* Release */ = {
			isa = XCBuildConfiguration;
			buildSettings = {
				COMBINE_HIDPI_IMAGES = YES;
				COPY_PHASE_STRIP = YES;
				DEBUG_INFORMATION_FORMAT = "dwarf-with-dsym";
				PRODUCT_NAME = Distribution;
				ZERO_LINK = NO;
			};
			name = Release;
		};
		C01FCF4B08A954540054247B /* Debug */ = {
			isa = XCBuildConfiguration;
			baseConfigurationReference = 76AD51F50A48D06C27DEBC55 /* Pods-GrabBox.debug.xcconfig */;
			buildSettings = {
				ALWAYS_SEARCH_USER_PATHS = NO;
				CODE_SIGN_IDENTITY = "Mac Developer";
				COMBINE_HIDPI_IMAGES = YES;
				DEVELOPMENT_TEAM = "";
				FRAMEWORK_SEARCH_PATHS = (
					"$(inherited)",
					"\"$(SRCROOT)\"",
					"\"$(SRCROOT)/Frameworks\"",
				);
				GCC_PREPROCESSOR_DEFINITIONS = "$(inherited)";
				INFOPLIST_FILE = "$(SRCROOT)/Resources/GrabBox-SU-Info.plist";
				INSTALL_PATH = "$(HOME)/Applications";
				PRODUCT_BUNDLE_IDENTIFIER = com.bitspatter.mac.grabbox2;
				PRODUCT_NAME = GrabBox;
				PROVISIONING_PROFILE_SPECIFIER = "";
			};
			name = Debug;
		};
		C01FCF4C08A954540054247B /* Release */ = {
			isa = XCBuildConfiguration;
			baseConfigurationReference = D6E39DB7925D7DEEEF2708A1 /* Pods-GrabBox.release.xcconfig */;
			buildSettings = {
				ALWAYS_SEARCH_USER_PATHS = NO;
				CODE_SIGN_IDENTITY = "Mac Developer";
				COMBINE_HIDPI_IMAGES = YES;
				DEVELOPMENT_TEAM = "";
				FRAMEWORK_SEARCH_PATHS = (
					"$(inherited)",
					"\"$(SRCROOT)\"",
					"\"$(SRCROOT)/Frameworks\"",
				);
				GCC_PREPROCESSOR_DEFINITIONS = "$(inherited)";
				INFOPLIST_FILE = "$(SRCROOT)/Resources/GrabBox-SU-Info.plist";
				INSTALL_PATH = "$(HOME)/Applications";
				PRODUCT_BUNDLE_IDENTIFIER = com.bitspatter.mac.grabbox2;
				PRODUCT_NAME = GrabBox;
				PROVISIONING_PROFILE_SPECIFIER = "";
			};
			name = Release;
		};
		C01FCF4F08A954540054247B /* Debug */ = {
			isa = XCBuildConfiguration;
			buildSettings = {
				CLANG_ANALYZER_LOCALIZABILITY_NONLOCALIZED = YES;
				CLANG_WARN_BOOL_CONVERSION = YES;
				CLANG_WARN_CONSTANT_CONVERSION = YES;
				CLANG_WARN_EMPTY_BODY = YES;
				CLANG_WARN_ENUM_CONVERSION = YES;
				CLANG_WARN_INFINITE_RECURSION = YES;
				CLANG_WARN_INT_CONVERSION = YES;
				CLANG_WARN_SUSPICIOUS_MOVE = YES;
				CLANG_WARN_UNREACHABLE_CODE = YES;
				CLANG_WARN__DUPLICATE_METHOD_MATCH = YES;
				CODE_SIGN_IDENTITY = "Developer ID Application: Joergen Pedersen Tjernoe";
				COPY_PHASE_STRIP = NO;
				ENABLE_STRICT_OBJC_MSGSEND = YES;
				ENABLE_TESTABILITY = YES;
				GCC_NO_COMMON_BLOCKS = YES;
				GCC_OPTIMIZATION_LEVEL = 0;
				GCC_PRECOMPILE_PREFIX_HEADER = YES;
				GCC_PREFIX_HEADER = GrabBox_Prefix.pch;
				GCC_PREPROCESSOR_DEFINITIONS = (
					"DEBUG=1",
					"NO_LICENSE=1",
					"$(inherited)",
				);
				GCC_WARN_64_TO_32_BIT_CONVERSION = YES;
				GCC_WARN_ABOUT_RETURN_TYPE = YES;
				GCC_WARN_UNDECLARED_SELECTOR = YES;
				GCC_WARN_UNINITIALIZED_AUTOS = YES;
				GCC_WARN_UNUSED_FUNCTION = YES;
				GCC_WARN_UNUSED_VARIABLE = YES;
				LD_RUNPATH_SEARCH_PATHS = "@loader_path/../Frameworks";
				MACOSX_DEPLOYMENT_TARGET = 10.10;
				ONLY_ACTIVE_ARCH = YES;
				SDKROOT = macosx;
			};
			name = Debug;
		};
		C01FCF5008A954540054247B /* Release */ = {
			isa = XCBuildConfiguration;
			buildSettings = {
				CLANG_ANALYZER_LOCALIZABILITY_NONLOCALIZED = YES;
				CLANG_WARN_BOOL_CONVERSION = YES;
				CLANG_WARN_CONSTANT_CONVERSION = YES;
				CLANG_WARN_EMPTY_BODY = YES;
				CLANG_WARN_ENUM_CONVERSION = YES;
				CLANG_WARN_INFINITE_RECURSION = YES;
				CLANG_WARN_INT_CONVERSION = YES;
				CLANG_WARN_SUSPICIOUS_MOVE = YES;
				CLANG_WARN_UNREACHABLE_CODE = YES;
				CLANG_WARN__DUPLICATE_METHOD_MATCH = YES;
				CODE_SIGN_IDENTITY = "Developer ID Application: Joergen Pedersen Tjernoe";
				DEBUG_INFORMATION_FORMAT = "dwarf-with-dsym";
				ENABLE_STRICT_OBJC_MSGSEND = YES;
				GCC_NO_COMMON_BLOCKS = YES;
				GCC_PRECOMPILE_PREFIX_HEADER = YES;
				GCC_PREFIX_HEADER = GrabBox_Prefix.pch;
				GCC_PREPROCESSOR_DEFINITIONS = "$(inherited)";
				GCC_WARN_64_TO_32_BIT_CONVERSION = YES;
				GCC_WARN_ABOUT_RETURN_TYPE = YES;
				GCC_WARN_UNDECLARED_SELECTOR = YES;
				GCC_WARN_UNINITIALIZED_AUTOS = YES;
				GCC_WARN_UNUSED_FUNCTION = YES;
				GCC_WARN_UNUSED_VARIABLE = YES;
				LD_RUNPATH_SEARCH_PATHS = "@loader_path/../Frameworks";
				MACOSX_DEPLOYMENT_TARGET = 10.10;
				SDKROOT = macosx;
			};
			name = Release;
		};
		C55D246E13DF392C003342D3 /* Debug */ = {
			isa = XCBuildConfiguration;
			baseConfigurationReference = 1B38264D4FEF3BCC33050C01 /* Pods-GrabBox Appstore.debug.xcconfig */;
			buildSettings = {
				ALWAYS_SEARCH_USER_PATHS = NO;
				CODE_SIGN_ENTITLEMENTS = Resources/GrabBox.entitlements;
				COMBINE_HIDPI_IMAGES = YES;
				FRAMEWORK_SEARCH_PATHS = (
					"$(inherited)",
					"\"$(SRCROOT)/Frameworks\"",
				);
				GCC_ENABLE_OBJC_EXCEPTIONS = YES;
				GCC_OPTIMIZATION_LEVEL = 0;
				GCC_PREPROCESSOR_DEFINITIONS = (
					"MAC_APP_STORE=1",
					"$(inherited)",
				);
				GCC_SYMBOLS_PRIVATE_EXTERN = NO;
				INFOPLIST_FILE = "$(SRCROOT)/Resources/GrabBox-Info.plist";
				PRODUCT_BUNDLE_IDENTIFIER = com.bitspatter.grabbox2;
				PRODUCT_NAME = "$(TARGET_NAME)";
			};
			name = Debug;
		};
		C55D246F13DF392C003342D3 /* Debug for distribution */ = {
			isa = XCBuildConfiguration;
			baseConfigurationReference = 323D2FB3A0D38A228D1226D1 /* Pods-GrabBox Appstore.debug for distribution.xcconfig */;
			buildSettings = {
				ALWAYS_SEARCH_USER_PATHS = NO;
				CODE_SIGN_ENTITLEMENTS = Resources/GrabBox.entitlements;
				COMBINE_HIDPI_IMAGES = YES;
				FRAMEWORK_SEARCH_PATHS = (
					"$(inherited)",
					"\"$(SRCROOT)/Frameworks\"",
				);
				GCC_ENABLE_OBJC_EXCEPTIONS = YES;
				GCC_OPTIMIZATION_LEVEL = 0;
				GCC_PREPROCESSOR_DEFINITIONS = (
					"MAC_APP_STORE=1",
					"$(inherited)",
				);
				GCC_SYMBOLS_PRIVATE_EXTERN = NO;
				INFOPLIST_FILE = "$(SRCROOT)/Resources/GrabBox-Info.plist";
				PRODUCT_BUNDLE_IDENTIFIER = com.bitspatter.grabbox2;
				PRODUCT_NAME = "$(TARGET_NAME)";
			};
			name = "Debug for distribution";
		};
		C55D247013DF392C003342D3 /* Release */ = {
			isa = XCBuildConfiguration;
			baseConfigurationReference = E5F8CD770D8157E34F02D9D5 /* Pods-GrabBox Appstore.release.xcconfig */;
			buildSettings = {
				ALWAYS_SEARCH_USER_PATHS = NO;
				CODE_SIGN_ENTITLEMENTS = Resources/GrabBox.entitlements;
				COMBINE_HIDPI_IMAGES = YES;
				FRAMEWORK_SEARCH_PATHS = (
					"$(inherited)",
					"\"$(SRCROOT)/Frameworks\"",
				);
				GCC_ENABLE_OBJC_EXCEPTIONS = YES;
				GCC_PREPROCESSOR_DEFINITIONS = (
					"MAC_APP_STORE=1",
					"$(inherited)",
				);
				INFOPLIST_FILE = "$(SRCROOT)/Resources/GrabBox-Info.plist";
				PRODUCT_BUNDLE_IDENTIFIER = com.bitspatter.grabbox2;
				PRODUCT_NAME = GrabBox;
			};
			name = Release;
		};
/* End XCBuildConfiguration section */

/* Begin XCConfigurationList section */
		8E7B68AC11EBD8D500112165 /* Build configuration list for PBXAggregateTarget "Distribution" */ = {
			isa = XCConfigurationList;
			buildConfigurations = (
				8E7B689A11EBD8BD00112165 /* Debug */,
				8E256852129C5B5100DE3ACD /* Debug for distribution */,
				8E7B689B11EBD8BD00112165 /* Release */,
			);
			defaultConfigurationIsVisible = 0;
			defaultConfigurationName = Release;
		};
		C01FCF4A08A954540054247B /* Build configuration list for PBXNativeTarget "GrabBox" */ = {
			isa = XCConfigurationList;
			buildConfigurations = (
				C01FCF4B08A954540054247B /* Debug */,
				8E256851129C5B5100DE3ACD /* Debug for distribution */,
				C01FCF4C08A954540054247B /* Release */,
			);
			defaultConfigurationIsVisible = 0;
			defaultConfigurationName = Release;
		};
		C01FCF4E08A954540054247B /* Build configuration list for PBXProject "GrabBox" */ = {
			isa = XCConfigurationList;
			buildConfigurations = (
				C01FCF4F08A954540054247B /* Debug */,
				8E256850129C5B5100DE3ACD /* Debug for distribution */,
				C01FCF5008A954540054247B /* Release */,
			);
			defaultConfigurationIsVisible = 0;
			defaultConfigurationName = Release;
		};
		C55D246D13DF392C003342D3 /* Build configuration list for PBXNativeTarget "GrabBox Appstore" */ = {
			isa = XCConfigurationList;
			buildConfigurations = (
				C55D246E13DF392C003342D3 /* Debug */,
				C55D246F13DF392C003342D3 /* Debug for distribution */,
				C55D247013DF392C003342D3 /* Release */,
			);
			defaultConfigurationIsVisible = 0;
			defaultConfigurationName = Release;
		};
/* End XCConfigurationList section */
	};
	rootObject = 29B97313FDCFA39411CA2CEA /* Project object */;
}
