// !$*UTF8*$!
{
	archiveVersion = 1;
	classes = {
	};
	objectVersion = 46;
	objects = {

/* Begin PBXAggregateTarget section */
		8E3FEC6A13E6339C00A36E2D /* Update Expiration */ = {
			isa = PBXAggregateTarget;
			buildConfigurationList = 8E3FEC6E13E6339C00A36E2D /* Build configuration list for PBXAggregateTarget "Update Expiration" */;
			buildPhases = (
				8E3FEC6D13E6339C00A36E2D /* ShellScript */,
			);
			dependencies = (
			);
			name = "Update Expiration";
			productName = Distribution;
		};
		8E7B689911EBD8BC00112165 /* Distribution */ = {
			isa = PBXAggregateTarget;
			buildConfigurationList = 8E7B68AC11EBD8D500112165 /* Build configuration list for PBXAggregateTarget "Distribution" */;
			buildPhases = (
				8E7B68A111EBD8CE00112165 /* ShellScript */,
			);
			dependencies = (
				8E7B689D11EBD8C000112165 /* PBXTargetDependency */,
			);
			name = Distribution;
			productName = Distribution;
		};
/* End PBXAggregateTarget section */

/* Begin PBXBuildFile section */
		256AC3DA0F4B6AC300CF3369 /* GrabBoxAppDelegate.m in Sources */ = {isa = PBXBuildFile; fileRef = 256AC3D90F4B6AC300CF3369 /* GrabBoxAppDelegate.m */; };
		8D11072B0486CEB800E47090 /* InfoPlist.strings in Resources */ = {isa = PBXBuildFile; fileRef = 089C165CFE840E0CC02AAC07 /* InfoPlist.strings */; };
		8D11072D0486CEB800E47090 /* main.m in Sources */ = {isa = PBXBuildFile; fileRef = 29B97316FDCFA39411CA2CEA /* main.m */; settings = {ATTRIBUTES = (); }; };
		8E1D612E13E6235D00F44058 /* ExpirationChecker.m in Sources */ = {isa = PBXBuildFile; fileRef = 8E1D612D13E6235D00F44058 /* ExpirationChecker.m */; };
		8E1D612F13E6235D00F44058 /* ExpirationChecker.m in Sources */ = {isa = PBXBuildFile; fileRef = 8E1D612D13E6235D00F44058 /* ExpirationChecker.m */; };
		8E1D613213E625AF00F44058 /* expired.png in Resources */ = {isa = PBXBuildFile; fileRef = 8E1D613113E625AF00F44058 /* expired.png */; };
		8E1D613313E625AF00F44058 /* expired.png in Resources */ = {isa = PBXBuildFile; fileRef = 8E1D613113E625AF00F44058 /* expired.png */; };
		8E282D5213C0EA61008E619D /* ASIDataCompressor.m in Sources */ = {isa = PBXBuildFile; fileRef = 8E282D4813C0EA61008E619D /* ASIDataCompressor.m */; };
		8E282D5313C0EA61008E619D /* ASIDataDecompressor.m in Sources */ = {isa = PBXBuildFile; fileRef = 8E282D4A13C0EA61008E619D /* ASIDataDecompressor.m */; };
		8E282D5413C0EA61008E619D /* ASIFormDataRequest.m in Sources */ = {isa = PBXBuildFile; fileRef = 8E282D4C13C0EA61008E619D /* ASIFormDataRequest.m */; };
		8E282D5513C0EA61008E619D /* ASIInputStream.m in Sources */ = {isa = PBXBuildFile; fileRef = 8E282D5013C0EA61008E619D /* ASIInputStream.m */; };
		8E282D5913C0EA85008E619D /* ASIHTTPRequest.m in Sources */ = {isa = PBXBuildFile; fileRef = 8E282D5813C0EA85008E619D /* ASIHTTPRequest.m */; };
		8E282D6913C0EE65008E619D /* ImgurUploader.m in Sources */ = {isa = PBXBuildFile; fileRef = 8E282D6813C0EE65008E619D /* ImgurUploader.m */; };
		8E368D1613A5F51800EB0D90 /* NetworkReachabilityNotifier.m in Sources */ = {isa = PBXBuildFile; fileRef = 8E368D1513A5F51800EB0D90 /* NetworkReachabilityNotifier.m */; };
		8E49CF4D11ED14640041CE70 /* ImageRenamer.xib in Resources */ = {isa = PBXBuildFile; fileRef = 8E49CF4B11ED14640041CE70 /* ImageRenamer.xib */; };
		8E4A50A011E9155500A0A743 /* InformationGatherer.m in Sources */ = {isa = PBXBuildFile; fileRef = 8E4A509F11E9155500A0A743 /* InformationGatherer.m */; };
		8E51825911E7CE3A00D15CAB /* FSRefConversions.m in Sources */ = {isa = PBXBuildFile; fileRef = 8E51825811E7CE3A00D15CAB /* FSRefConversions.m */; };
		8E60861811E6D1B600881A1C /* Notifier.m in Sources */ = {isa = PBXBuildFile; fileRef = 8E60861711E6D1B600881A1C /* Notifier.m */; };
		8E63965813DF8131002EC0E0 /* GrabBox2.entitlements in Resources */ = {isa = PBXBuildFile; fileRef = 8E63965713DF8131002EC0E0 /* GrabBox2.entitlements */; };
		8E7B6C2511EC433B00112165 /* Preferences.m in Sources */ = {isa = PBXBuildFile; fileRef = 8E7B6C2411EC433B00112165 /* Preferences.m */; };
		8EAAE7F41256675800798872 /* Menubar.m in Sources */ = {isa = PBXBuildFile; fileRef = 8EAAE7F31256675800798872 /* Menubar.m */; };
		8EC402F613BFF78D0001B66E /* UploadManager.m in Sources */ = {isa = PBXBuildFile; fileRef = 8EC402F513BFF78D0001B66E /* UploadManager.m */; };
		8EC402FE13BFFAF00001B66E /* DropboxUploader.m in Sources */ = {isa = PBXBuildFile; fileRef = 8EC402FB13BFFAF00001B66E /* DropboxUploader.m */; };
		8EC402FF13BFFAF00001B66E /* Uploader.m in Sources */ = {isa = PBXBuildFile; fileRef = 8EC402FD13BFFAF00001B66E /* Uploader.m */; };
		8ED2912813A41A66005F10D3 /* Growler.m in Sources */ = {isa = PBXBuildFile; fileRef = 8ED2910E13A41A65005F10D3 /* Growler.m */; };
		8ED2912913A41A66005F10D3 /* GrowlerGrowl.m in Sources */ = {isa = PBXBuildFile; fileRef = 8ED2911013A41A65005F10D3 /* GrowlerGrowl.m */; };
		8EF627D913B050980013A4B4 /* Defaults.plist in Resources */ = {isa = PBXBuildFile; fileRef = 8EF627D813B050980013A4B4 /* Defaults.plist */; };
		8EF627E613B050CE0013A4B4 /* donate.png in Resources */ = {isa = PBXBuildFile; fileRef = 8EF627DB13B050CE0013A4B4 /* donate.png */; };
		8EF627E713B050CE0013A4B4 /* dropbox.png in Resources */ = {isa = PBXBuildFile; fileRef = 8EF627DC13B050CE0013A4B4 /* dropbox.png */; };
		8EF627E813B050CE0013A4B4 /* give_feedback.png in Resources */ = {isa = PBXBuildFile; fileRef = 8EF627DD13B050CE0013A4B4 /* give_feedback.png */; };
		8EF627EA13B050CE0013A4B4 /* howto.png in Resources */ = {isa = PBXBuildFile; fileRef = 8EF627DF13B050CE0013A4B4 /* howto.png */; };
		8EF627EB13B050CE0013A4B4 /* icontrans.png in Resources */ = {isa = PBXBuildFile; fileRef = 8EF627E013B050CE0013A4B4 /* icontrans.png */; };
		8EF627EE13B050CE0013A4B4 /* menuicon.png in Resources */ = {isa = PBXBuildFile; fileRef = 8EF627E313B050CE0013A4B4 /* menuicon.png */; };
		8EF627EF13B050CE0013A4B4 /* menuiconInverted.png in Resources */ = {isa = PBXBuildFile; fileRef = 8EF627E413B050CE0013A4B4 /* menuiconInverted.png */; };
		8EF627F013B050CE0013A4B4 /* switch_to_menubar.png in Resources */ = {isa = PBXBuildFile; fileRef = 8EF627E513B050CE0013A4B4 /* switch_to_menubar.png */; };
		8EF627F513B050DF0013A4B4 /* Credits.rtf in Resources */ = {isa = PBXBuildFile; fileRef = 8EF627F113B050DF0013A4B4 /* Credits.rtf */; };
		8EF627F613B050DF0013A4B4 /* dsa_pub.pem in Resources */ = {isa = PBXBuildFile; fileRef = 8EF627F213B050DF0013A4B4 /* dsa_pub.pem */; };
		8EF627F813B050DF0013A4B4 /* Growl Registration Ticket.growlRegDict in Resources */ = {isa = PBXBuildFile; fileRef = 8EF627F413B050DF0013A4B4 /* Growl Registration Ticket.growlRegDict */; };
		8EF627FB13B0512A0013A4B4 /* MainMenu.xib in Resources */ = {isa = PBXBuildFile; fileRef = 8EF627F913B0512A0013A4B4 /* MainMenu.xib */; };
		8EFFCB6012D8F75A00201A9A /* ImageRenamer.m in Sources */ = {isa = PBXBuildFile; fileRef = 8EFFCB5B12D8F75A00201A9A /* ImageRenamer.m */; };
		8EFFCB6212D8F75A00201A9A /* URLShortener.m in Sources */ = {isa = PBXBuildFile; fileRef = 8EFFCB5F12D8F75A00201A9A /* URLShortener.m */; };
		8EFFCB6E12D8F86C00201A9A /* NSString+URLParameters.m in Sources */ = {isa = PBXBuildFile; fileRef = 8EFFCB6D12D8F86C00201A9A /* NSString+URLParameters.m */; };
		8EFFCB9712D8F98300201A9A /* NSData+Base64.m in Sources */ = {isa = PBXBuildFile; fileRef = 8EFFCB9612D8F98300201A9A /* NSData+Base64.m */; };
		C50E57B8150D6C1C005F1ABC /* DropboxOSX.framework in Frameworks */ = {isa = PBXBuildFile; fileRef = C50E57B7150D6C1C005F1ABC /* DropboxOSX.framework */; };
		C50E57B9150D6C39005F1ABC /* DropboxOSX.framework in Frameworks */ = {isa = PBXBuildFile; fileRef = C50E57B7150D6C1C005F1ABC /* DropboxOSX.framework */; };
		C50E57BE150D72B8005F1ABC /* SBJson.framework in Frameworks */ = {isa = PBXBuildFile; fileRef = C53A92251481A336007A5DD9 /* SBJson.framework */; };
		C50E57BF150D731F005F1ABC /* DropboxOSX.framework in Copy Supporting Frameworks */ = {isa = PBXBuildFile; fileRef = C50E57B7150D6C1C005F1ABC /* DropboxOSX.framework */; };
		C50E57C0150D7322005F1ABC /* SBJson.framework in Copy Supporting Frameworks */ = {isa = PBXBuildFile; fileRef = C53A92251481A336007A5DD9 /* SBJson.framework */; };
		C50E57C1150D7338005F1ABC /* DropboxOSX.framework in Copy Supporting Frameworks */ = {isa = PBXBuildFile; fileRef = C50E57B7150D6C1C005F1ABC /* DropboxOSX.framework */; };
		C52B002113D3B8A900D39676 /* UploaderFactory.m in Sources */ = {isa = PBXBuildFile; fileRef = C52B002013D3B8A900D39676 /* UploaderFactory.m */; };
		C52B002313D3D47900D39676 /* HostSetup.xib in Resources */ = {isa = PBXBuildFile; fileRef = C52B002213D3D47900D39676 /* HostSetup.xib */; };
		C52B002913D3D84600D39676 /* imgur-small.png in Resources */ = {isa = PBXBuildFile; fileRef = C52B002813D3D84600D39676 /* imgur-small.png */; };
		C53A92261481A336007A5DD9 /* SBJson.framework in Frameworks */ = {isa = PBXBuildFile; fileRef = C53A92251481A336007A5DD9 /* SBJson.framework */; };
		C53A92271481A359007A5DD9 /* SBJson.framework in Copy Supporting Frameworks */ = {isa = PBXBuildFile; fileRef = C53A92251481A336007A5DD9 /* SBJson.framework */; };
		C55D245A13DF392C003342D3 /* Cocoa.framework in Frameworks */ = {isa = PBXBuildFile; fileRef = C55D245913DF392C003342D3 /* Cocoa.framework */; };
		C55D247113DF39BD003342D3 /* main.m in Sources */ = {isa = PBXBuildFile; fileRef = 29B97316FDCFA39411CA2CEA /* main.m */; };
		C55D247213DF39C5003342D3 /* GrabBoxAppDelegate.m in Sources */ = {isa = PBXBuildFile; fileRef = 256AC3D90F4B6AC300CF3369 /* GrabBoxAppDelegate.m */; };
		C55D247313DF39C5003342D3 /* InformationGatherer.m in Sources */ = {isa = PBXBuildFile; fileRef = 8E4A509F11E9155500A0A743 /* InformationGatherer.m */; };
		C55D247413DF39D9003342D3 /* ImageRenamer.m in Sources */ = {isa = PBXBuildFile; fileRef = 8EFFCB5B12D8F75A00201A9A /* ImageRenamer.m */; };
		C55D247513DF39D9003342D3 /* URLShortener.m in Sources */ = {isa = PBXBuildFile; fileRef = 8EFFCB5F12D8F75A00201A9A /* URLShortener.m */; };
		C55D247613DF39D9003342D3 /* Menubar.m in Sources */ = {isa = PBXBuildFile; fileRef = 8EAAE7F31256675800798872 /* Menubar.m */; };
		C55D247713DF39D9003342D3 /* Preferences.m in Sources */ = {isa = PBXBuildFile; fileRef = 8E7B6C2411EC433B00112165 /* Preferences.m */; };
		C55D247813DF39D9003342D3 /* DropboxUploader.m in Sources */ = {isa = PBXBuildFile; fileRef = 8EC402FB13BFFAF00001B66E /* DropboxUploader.m */; };
		C55D247913DF39D9003342D3 /* ImgurUploader.m in Sources */ = {isa = PBXBuildFile; fileRef = 8E282D6813C0EE65008E619D /* ImgurUploader.m */; };
		C55D247A13DF39D9003342D3 /* Uploader.m in Sources */ = {isa = PBXBuildFile; fileRef = 8EC402FD13BFFAF00001B66E /* Uploader.m */; };
		C55D247B13DF39D9003342D3 /* UploaderFactory.m in Sources */ = {isa = PBXBuildFile; fileRef = C52B002013D3B8A900D39676 /* UploaderFactory.m */; };
		C55D247C13DF39D9003342D3 /* UploadManager.m in Sources */ = {isa = PBXBuildFile; fileRef = 8EC402F513BFF78D0001B66E /* UploadManager.m */; };
		C55D247D13DF39DD003342D3 /* ASIDataCompressor.m in Sources */ = {isa = PBXBuildFile; fileRef = 8E282D4813C0EA61008E619D /* ASIDataCompressor.m */; };
		C55D247E13DF39DD003342D3 /* ASIDataDecompressor.m in Sources */ = {isa = PBXBuildFile; fileRef = 8E282D4A13C0EA61008E619D /* ASIDataDecompressor.m */; };
		C55D247F13DF39DD003342D3 /* ASIFormDataRequest.m in Sources */ = {isa = PBXBuildFile; fileRef = 8E282D4C13C0EA61008E619D /* ASIFormDataRequest.m */; };
		C55D248013DF39DD003342D3 /* ASIHTTPRequest.m in Sources */ = {isa = PBXBuildFile; fileRef = 8E282D5813C0EA85008E619D /* ASIHTTPRequest.m */; };
		C55D248113DF39DD003342D3 /* ASIInputStream.m in Sources */ = {isa = PBXBuildFile; fileRef = 8E282D5013C0EA61008E619D /* ASIInputStream.m */; };
		C55D248213DF39DF003342D3 /* Growler.m in Sources */ = {isa = PBXBuildFile; fileRef = 8ED2910E13A41A65005F10D3 /* Growler.m */; };
		C55D248313DF39DF003342D3 /* GrowlerGrowl.m in Sources */ = {isa = PBXBuildFile; fileRef = 8ED2911013A41A65005F10D3 /* GrowlerGrowl.m */; };
		C55D248913DF39E6003342D3 /* FSRefConversions.m in Sources */ = {isa = PBXBuildFile; fileRef = 8E51825811E7CE3A00D15CAB /* FSRefConversions.m */; };
		C55D248A13DF39E6003342D3 /* Notifier.m in Sources */ = {isa = PBXBuildFile; fileRef = 8E60861711E6D1B600881A1C /* Notifier.m */; };
		C55D248B13DF39E6003342D3 /* NSString+URLParameters.m in Sources */ = {isa = PBXBuildFile; fileRef = 8EFFCB6D12D8F86C00201A9A /* NSString+URLParameters.m */; };
		C55D248C13DF39E6003342D3 /* NSData+Base64.m in Sources */ = {isa = PBXBuildFile; fileRef = 8EFFCB9612D8F98300201A9A /* NSData+Base64.m */; };
		C55D248D13DF39E6003342D3 /* NetworkReachabilityNotifier.m in Sources */ = {isa = PBXBuildFile; fileRef = 8E368D1513A5F51800EB0D90 /* NetworkReachabilityNotifier.m */; };
		C55D249113DF3A52003342D3 /* libz.1.dylib in Frameworks */ = {isa = PBXBuildFile; fileRef = C55D249013DF3A52003342D3 /* libz.1.dylib */; };
		C55D249313DF3A62003342D3 /* Growl.framework in Frameworks */ = {isa = PBXBuildFile; fileRef = C55D249213DF3A62003342D3 /* Growl.framework */; };
		C55D249513DF3A6E003342D3 /* SystemConfiguration.framework in Frameworks */ = {isa = PBXBuildFile; fileRef = C55D249413DF3A6E003342D3 /* SystemConfiguration.framework */; };
		C55D249713DF3A7D003342D3 /* ObjectiveMetrics.framework in Frameworks */ = {isa = PBXBuildFile; fileRef = C55D249613DF3A7D003342D3 /* ObjectiveMetrics.framework */; };
		C55D249B13DF3CAC003342D3 /* ObjectiveMetrics.framework in Frameworks */ = {isa = PBXBuildFile; fileRef = C55D249613DF3A7D003342D3 /* ObjectiveMetrics.framework */; };
		C55D249C13DF3CAC003342D3 /* SystemConfiguration.framework in Frameworks */ = {isa = PBXBuildFile; fileRef = C55D249413DF3A6E003342D3 /* SystemConfiguration.framework */; };
		C55D249D13DF3CAC003342D3 /* Growl.framework in Frameworks */ = {isa = PBXBuildFile; fileRef = C55D249213DF3A62003342D3 /* Growl.framework */; };
		C55D249E13DF3CAC003342D3 /* libz.1.dylib in Frameworks */ = {isa = PBXBuildFile; fileRef = C55D249013DF3A52003342D3 /* libz.1.dylib */; };
		C55D24A013DF3CB3003342D3 /* Cocoa.framework in Frameworks */ = {isa = PBXBuildFile; fileRef = C55D245913DF392C003342D3 /* Cocoa.framework */; };
		C55D24A213DF3DEE003342D3 /* Sparkle.framework in Frameworks */ = {isa = PBXBuildFile; fileRef = C55D24A113DF3DEE003342D3 /* Sparkle.framework */; };
		C55D24A313DF3E09003342D3 /* Sparkle.framework in Copy Supporting Frameworks */ = {isa = PBXBuildFile; fileRef = C55D24A113DF3DEE003342D3 /* Sparkle.framework */; };
		C55D24A413DF3E0C003342D3 /* ObjectiveMetrics.framework in Copy Supporting Frameworks */ = {isa = PBXBuildFile; fileRef = C55D249613DF3A7D003342D3 /* ObjectiveMetrics.framework */; };
		C55D24A513DF3E0F003342D3 /* Growl.framework in Copy Supporting Frameworks */ = {isa = PBXBuildFile; fileRef = C55D249213DF3A62003342D3 /* Growl.framework */; };
		C55D24A813DF42E4003342D3 /* ObjectiveMetrics.framework in Copy Supporting Frameworks */ = {isa = PBXBuildFile; fileRef = C55D249613DF3A7D003342D3 /* ObjectiveMetrics.framework */; };
		C55D24AA13DF42E4003342D3 /* Growl.framework in Copy Supporting Frameworks */ = {isa = PBXBuildFile; fileRef = C55D249213DF3A62003342D3 /* Growl.framework */; };
		C55D24AB13DF43BE003342D3 /* Defaults.plist in Resources */ = {isa = PBXBuildFile; fileRef = 8EF627D813B050980013A4B4 /* Defaults.plist */; };
		C55D24AC13DF43BE003342D3 /* Growl Registration Ticket.growlRegDict in Resources */ = {isa = PBXBuildFile; fileRef = 8EF627F413B050DF0013A4B4 /* Growl Registration Ticket.growlRegDict */; };
		C55D24AD13DF43BE003342D3 /* InfoPlist.strings in Resources */ = {isa = PBXBuildFile; fileRef = 089C165CFE840E0CC02AAC07 /* InfoPlist.strings */; };
		C55D24AE13DF43BE003342D3 /* MainMenu.xib in Resources */ = {isa = PBXBuildFile; fileRef = 8EF627F913B0512A0013A4B4 /* MainMenu.xib */; };
		C55D24AF13DF43BE003342D3 /* ImageRenamer.xib in Resources */ = {isa = PBXBuildFile; fileRef = 8E49CF4B11ED14640041CE70 /* ImageRenamer.xib */; };
		C55D24B013DF43BE003342D3 /* HostSetup.xib in Resources */ = {isa = PBXBuildFile; fileRef = C52B002213D3D47900D39676 /* HostSetup.xib */; };
		C55D24B113DF43FB003342D3 /* imgur-small.png in Resources */ = {isa = PBXBuildFile; fileRef = C52B002813D3D84600D39676 /* imgur-small.png */; };
		C55D24B213DF43FB003342D3 /* donate.png in Resources */ = {isa = PBXBuildFile; fileRef = 8EF627DB13B050CE0013A4B4 /* donate.png */; };
		C55D24B313DF43FB003342D3 /* dropbox.png in Resources */ = {isa = PBXBuildFile; fileRef = 8EF627DC13B050CE0013A4B4 /* dropbox.png */; };
		C55D24B413DF43FB003342D3 /* give_feedback.png in Resources */ = {isa = PBXBuildFile; fileRef = 8EF627DD13B050CE0013A4B4 /* give_feedback.png */; };
		C55D24B513DF43FB003342D3 /* howto.png in Resources */ = {isa = PBXBuildFile; fileRef = 8EF627DF13B050CE0013A4B4 /* howto.png */; };
		C55D24B613DF43FB003342D3 /* icontrans.png in Resources */ = {isa = PBXBuildFile; fileRef = 8EF627E013B050CE0013A4B4 /* icontrans.png */; };
		C55D24B713DF43FB003342D3 /* menuicon.png in Resources */ = {isa = PBXBuildFile; fileRef = 8EF627E313B050CE0013A4B4 /* menuicon.png */; };
		C55D24B813DF43FB003342D3 /* menuiconInverted.png in Resources */ = {isa = PBXBuildFile; fileRef = 8EF627E413B050CE0013A4B4 /* menuiconInverted.png */; };
		C55D24B913DF43FB003342D3 /* switch_to_menubar.png in Resources */ = {isa = PBXBuildFile; fileRef = 8EF627E513B050CE0013A4B4 /* switch_to_menubar.png */; };
		C55D24BA13DF4460003342D3 /* Credits.rtf in Resources */ = {isa = PBXBuildFile; fileRef = 8EF627F113B050DF0013A4B4 /* Credits.rtf */; };
		C55D24BB13DF47DA003342D3 /* GrabBox2.icns in Resources */ = {isa = PBXBuildFile; fileRef = 8EF627DE13B050CE0013A4B4 /* GrabBox2.icns */; };
		C55D24BC13DF47E4003342D3 /* GrabBox2.icns in Resources */ = {isa = PBXBuildFile; fileRef = 8EF627DE13B050CE0013A4B4 /* GrabBox2.icns */; };
		C561388F153868450035C08E /* DropboxAuthView.xib in Resources */ = {isa = PBXBuildFile; fileRef = C561388E153868450035C08E /* DropboxAuthView.xib */; };
		C5613890153868450035C08E /* DropboxAuthView.xib in Resources */ = {isa = PBXBuildFile; fileRef = C561388E153868450035C08E /* DropboxAuthView.xib */; };
		C561389215386B380035C08E /* API Request Authorization - Dropbox.jpg in Resources */ = {isa = PBXBuildFile; fileRef = C561389115386B380035C08E /* API Request Authorization - Dropbox.jpg */; };
		C561389315386B380035C08E /* API Request Authorization - Dropbox.jpg in Resources */ = {isa = PBXBuildFile; fileRef = C561389115386B380035C08E /* API Request Authorization - Dropbox.jpg */; };
		C561389515386C280035C08E /* WelcomeView.xib in Resources */ = {isa = PBXBuildFile; fileRef = C561389415386C280035C08E /* WelcomeView.xib */; };
		C561389615386C280035C08E /* WelcomeView.xib in Resources */ = {isa = PBXBuildFile; fileRef = C561389415386C280035C08E /* WelcomeView.xib */; };
		C561389A15389D0A0035C08E /* WelcomeViewController.m in Sources */ = {isa = PBXBuildFile; fileRef = C561389815389D0A0035C08E /* WelcomeViewController.m */; };
		C561389B15389D0A0035C08E /* WelcomeViewController.m in Sources */ = {isa = PBXBuildFile; fileRef = C561389815389D0A0035C08E /* WelcomeViewController.m */; };
		C56138A11538A1980035C08E /* DropboxAuthViewController.m in Sources */ = {isa = PBXBuildFile; fileRef = C561389F1538A1980035C08E /* DropboxAuthViewController.m */; };
		C56138A21538A1980035C08E /* DropboxAuthViewController.m in Sources */ = {isa = PBXBuildFile; fileRef = C561389F1538A1980035C08E /* DropboxAuthViewController.m */; };
/* End PBXBuildFile section */

/* Begin PBXContainerItemProxy section */
		8E3FEC7213E6340800A36E2D /* PBXContainerItemProxy */ = {
			isa = PBXContainerItemProxy;
			containerPortal = 29B97313FDCFA39411CA2CEA /* Project object */;
			proxyType = 1;
			remoteGlobalIDString = 8E3FEC6A13E6339C00A36E2D;
			remoteInfo = "Update Expiration";
		};
		8E7B689C11EBD8C000112165 /* PBXContainerItemProxy */ = {
			isa = PBXContainerItemProxy;
			containerPortal = 29B97313FDCFA39411CA2CEA /* Project object */;
			proxyType = 1;
			remoteGlobalIDString = 8D1107260486CEB800E47090;
			remoteInfo = GrabBox;
		};
/* End PBXContainerItemProxy section */

/* Begin PBXCopyFilesBuildPhase section */
		8E7B688B11EBD23900112165 /* Copy Supporting Frameworks */ = {
			isa = PBXCopyFilesBuildPhase;
			buildActionMask = 12;
			dstPath = "";
			dstSubfolderSpec = 10;
			files = (
				C50E57BF150D731F005F1ABC /* DropboxOSX.framework in Copy Supporting Frameworks */,
				C55D24A313DF3E09003342D3 /* Sparkle.framework in Copy Supporting Frameworks */,
				C55D24A413DF3E0C003342D3 /* ObjectiveMetrics.framework in Copy Supporting Frameworks */,
				C50E57C0150D7322005F1ABC /* SBJson.framework in Copy Supporting Frameworks */,
				C55D24A513DF3E0F003342D3 /* Growl.framework in Copy Supporting Frameworks */,
			);
			name = "Copy Supporting Frameworks";
			runOnlyForDeploymentPostprocessing = 0;
		};
		C55D24A713DF42C2003342D3 /* Copy Supporting Frameworks */ = {
			isa = PBXCopyFilesBuildPhase;
			buildActionMask = 2147483647;
			dstPath = "";
			dstSubfolderSpec = 10;
			files = (
				C55D24A813DF42E4003342D3 /* ObjectiveMetrics.framework in Copy Supporting Frameworks */,
				C53A92271481A359007A5DD9 /* SBJson.framework in Copy Supporting Frameworks */,
				C50E57C1150D7338005F1ABC /* DropboxOSX.framework in Copy Supporting Frameworks */,
				C55D24AA13DF42E4003342D3 /* Growl.framework in Copy Supporting Frameworks */,
			);
			name = "Copy Supporting Frameworks";
			runOnlyForDeploymentPostprocessing = 0;
		};
/* End PBXCopyFilesBuildPhase section */

/* Begin PBXFileReference section */
		089C165DFE840E0CC02AAC07 /* English */ = {isa = PBXFileReference; fileEncoding = 4; lastKnownFileType = text.plist.strings; name = English; path = English.lproj/InfoPlist.strings; sourceTree = "<group>"; };
		13E42FB307B3F0F600E4EEF1 /* CoreData.framework */ = {isa = PBXFileReference; lastKnownFileType = wrapper.framework; name = CoreData.framework; path = /System/Library/Frameworks/CoreData.framework; sourceTree = "<absolute>"; };
		256AC3D80F4B6AC300CF3369 /* GrabBoxAppDelegate.h */ = {isa = PBXFileReference; fileEncoding = 4; lastKnownFileType = sourcecode.c.h; path = GrabBoxAppDelegate.h; sourceTree = "<group>"; };
		256AC3D90F4B6AC300CF3369 /* GrabBoxAppDelegate.m */ = {isa = PBXFileReference; fileEncoding = 4; lastKnownFileType = sourcecode.c.objc; lineEnding = 0; path = GrabBoxAppDelegate.m; sourceTree = "<group>"; xcLanguageSpecificationIdentifier = xcode.lang.objc; };
		256AC3F00F4B6AF500CF3369 /* GrabBox_Prefix.pch */ = {isa = PBXFileReference; fileEncoding = 4; lastKnownFileType = sourcecode.c.h; path = GrabBox_Prefix.pch; sourceTree = "<group>"; };
		29B97316FDCFA39411CA2CEA /* main.m */ = {isa = PBXFileReference; fileEncoding = 4; lastKnownFileType = sourcecode.c.objc; path = main.m; sourceTree = "<group>"; };
		29B97324FDCFA39411CA2CEA /* AppKit.framework */ = {isa = PBXFileReference; lastKnownFileType = wrapper.framework; name = AppKit.framework; path = /System/Library/Frameworks/AppKit.framework; sourceTree = "<absolute>"; };
		29B97325FDCFA39411CA2CEA /* Foundation.framework */ = {isa = PBXFileReference; lastKnownFileType = wrapper.framework; name = Foundation.framework; path = /System/Library/Frameworks/Foundation.framework; sourceTree = "<absolute>"; };
		8D1107320486CEB800E47090 /* GrabBox2.app */ = {isa = PBXFileReference; explicitFileType = wrapper.application; includeInIndex = 0; path = GrabBox2.app; sourceTree = BUILT_PRODUCTS_DIR; };
		8E1D612D13E6235D00F44058 /* ExpirationChecker.m */ = {isa = PBXFileReference; fileEncoding = 4; lastKnownFileType = sourcecode.c.objc; path = ExpirationChecker.m; sourceTree = "<group>"; };
		8E1D613113E625AF00F44058 /* expired.png */ = {isa = PBXFileReference; lastKnownFileType = image.png; path = expired.png; sourceTree = "<group>"; };
		8E282D4713C0EA61008E619D /* ASIDataCompressor.h */ = {isa = PBXFileReference; fileEncoding = 4; lastKnownFileType = sourcecode.c.h; path = ASIDataCompressor.h; sourceTree = "<group>"; };
		8E282D4813C0EA61008E619D /* ASIDataCompressor.m */ = {isa = PBXFileReference; fileEncoding = 4; lastKnownFileType = sourcecode.c.objc; path = ASIDataCompressor.m; sourceTree = "<group>"; };
		8E282D4913C0EA61008E619D /* ASIDataDecompressor.h */ = {isa = PBXFileReference; fileEncoding = 4; lastKnownFileType = sourcecode.c.h; path = ASIDataDecompressor.h; sourceTree = "<group>"; };
		8E282D4A13C0EA61008E619D /* ASIDataDecompressor.m */ = {isa = PBXFileReference; fileEncoding = 4; lastKnownFileType = sourcecode.c.objc; path = ASIDataDecompressor.m; sourceTree = "<group>"; };
		8E282D4B13C0EA61008E619D /* ASIFormDataRequest.h */ = {isa = PBXFileReference; fileEncoding = 4; lastKnownFileType = sourcecode.c.h; path = ASIFormDataRequest.h; sourceTree = "<group>"; };
		8E282D4C13C0EA61008E619D /* ASIFormDataRequest.m */ = {isa = PBXFileReference; fileEncoding = 4; lastKnownFileType = sourcecode.c.objc; path = ASIFormDataRequest.m; sourceTree = "<group>"; };
		8E282D4D13C0EA61008E619D /* ASIHTTPRequestConfig.h */ = {isa = PBXFileReference; fileEncoding = 4; lastKnownFileType = sourcecode.c.h; path = ASIHTTPRequestConfig.h; sourceTree = "<group>"; };
		8E282D4E13C0EA61008E619D /* ASIHTTPRequestDelegate.h */ = {isa = PBXFileReference; fileEncoding = 4; lastKnownFileType = sourcecode.c.h; path = ASIHTTPRequestDelegate.h; sourceTree = "<group>"; };
		8E282D4F13C0EA61008E619D /* ASIInputStream.h */ = {isa = PBXFileReference; fileEncoding = 4; lastKnownFileType = sourcecode.c.h; path = ASIInputStream.h; sourceTree = "<group>"; };
		8E282D5013C0EA61008E619D /* ASIInputStream.m */ = {isa = PBXFileReference; fileEncoding = 4; lastKnownFileType = sourcecode.c.objc; path = ASIInputStream.m; sourceTree = "<group>"; };
		8E282D5113C0EA61008E619D /* ASIProgressDelegate.h */ = {isa = PBXFileReference; fileEncoding = 4; lastKnownFileType = sourcecode.c.h; path = ASIProgressDelegate.h; sourceTree = "<group>"; };
		8E282D5713C0EA85008E619D /* ASIHTTPRequest.h */ = {isa = PBXFileReference; fileEncoding = 4; lastKnownFileType = sourcecode.c.h; path = ASIHTTPRequest.h; sourceTree = "<group>"; };
		8E282D5813C0EA85008E619D /* ASIHTTPRequest.m */ = {isa = PBXFileReference; fileEncoding = 4; lastKnownFileType = sourcecode.c.objc; path = ASIHTTPRequest.m; sourceTree = "<group>"; };
		8E282D5A13C0EA9F008E619D /* ASICacheDelegate.h */ = {isa = PBXFileReference; fileEncoding = 4; lastKnownFileType = sourcecode.c.h; path = ASICacheDelegate.h; sourceTree = "<group>"; };
		8E282D6713C0EE65008E619D /* ImgurUploader.h */ = {isa = PBXFileReference; fileEncoding = 4; lastKnownFileType = sourcecode.c.h; path = ImgurUploader.h; sourceTree = "<group>"; };
		8E282D6813C0EE65008E619D /* ImgurUploader.m */ = {isa = PBXFileReference; fileEncoding = 4; lastKnownFileType = sourcecode.c.objc; path = ImgurUploader.m; sourceTree = "<group>"; };
		8E368D1413A5F51800EB0D90 /* NetworkReachabilityNotifier.h */ = {isa = PBXFileReference; fileEncoding = 4; lastKnownFileType = sourcecode.c.h; path = NetworkReachabilityNotifier.h; sourceTree = "<group>"; };
		8E368D1513A5F51800EB0D90 /* NetworkReachabilityNotifier.m */ = {isa = PBXFileReference; fileEncoding = 4; lastKnownFileType = sourcecode.c.objc; path = NetworkReachabilityNotifier.m; sourceTree = "<group>"; };
		8E49CF4C11ED14640041CE70 /* English */ = {isa = PBXFileReference; lastKnownFileType = file.xib; name = English; path = English.lproj/ImageRenamer.xib; sourceTree = "<group>"; };
		8E4A509E11E9155500A0A743 /* InformationGatherer.h */ = {isa = PBXFileReference; fileEncoding = 4; lastKnownFileType = sourcecode.c.h; path = InformationGatherer.h; sourceTree = "<group>"; };
		8E4A509F11E9155500A0A743 /* InformationGatherer.m */ = {isa = PBXFileReference; fileEncoding = 4; lastKnownFileType = sourcecode.c.objc; lineEnding = 0; path = InformationGatherer.m; sourceTree = "<group>"; xcLanguageSpecificationIdentifier = xcode.lang.objc; };
		8E51825711E7CE3A00D15CAB /* FSRefConversions.h */ = {isa = PBXFileReference; fileEncoding = 4; lastKnownFileType = sourcecode.c.h; path = FSRefConversions.h; sourceTree = "<group>"; };
		8E51825811E7CE3A00D15CAB /* FSRefConversions.m */ = {isa = PBXFileReference; fileEncoding = 4; lastKnownFileType = sourcecode.c.objc; path = FSRefConversions.m; sourceTree = "<group>"; };
		8E60861611E6D1B600881A1C /* Notifier.h */ = {isa = PBXFileReference; fileEncoding = 4; lastKnownFileType = sourcecode.c.h; path = Notifier.h; sourceTree = "<group>"; };
		8E60861711E6D1B600881A1C /* Notifier.m */ = {isa = PBXFileReference; fileEncoding = 4; lastKnownFileType = sourcecode.c.objc; path = Notifier.m; sourceTree = "<group>"; };
		8E63965713DF8131002EC0E0 /* GrabBox2.entitlements */ = {isa = PBXFileReference; fileEncoding = 4; lastKnownFileType = text.xml; path = GrabBox2.entitlements; sourceTree = "<group>"; };
		8E7385E911F3C7900051276B /* Carbon.framework */ = {isa = PBXFileReference; lastKnownFileType = wrapper.framework; name = Carbon.framework; path = System/Library/Frameworks/Carbon.framework; sourceTree = SDKROOT; };
		8E7B6C2311EC433B00112165 /* Preferences.h */ = {isa = PBXFileReference; fileEncoding = 4; lastKnownFileType = sourcecode.c.h; path = Preferences.h; sourceTree = "<group>"; };
		8E7B6C2411EC433B00112165 /* Preferences.m */ = {isa = PBXFileReference; fileEncoding = 4; lastKnownFileType = sourcecode.c.objc; path = Preferences.m; sourceTree = "<group>"; };
		8EAAE7F21256675800798872 /* Menubar.h */ = {isa = PBXFileReference; fileEncoding = 4; lastKnownFileType = sourcecode.c.h; path = Menubar.h; sourceTree = "<group>"; };
		8EAAE7F31256675800798872 /* Menubar.m */ = {isa = PBXFileReference; fileEncoding = 4; lastKnownFileType = sourcecode.c.objc; path = Menubar.m; sourceTree = "<group>"; };
		8EC402F413BFF78D0001B66E /* UploadManager.h */ = {isa = PBXFileReference; fileEncoding = 4; lastKnownFileType = sourcecode.c.h; path = UploadManager.h; sourceTree = "<group>"; };
		8EC402F513BFF78D0001B66E /* UploadManager.m */ = {isa = PBXFileReference; fileEncoding = 4; lastKnownFileType = sourcecode.c.objc; path = UploadManager.m; sourceTree = "<group>"; };
		8EC402FA13BFFAF00001B66E /* DropboxUploader.h */ = {isa = PBXFileReference; fileEncoding = 4; lastKnownFileType = sourcecode.c.h; path = DropboxUploader.h; sourceTree = "<group>"; };
		8EC402FB13BFFAF00001B66E /* DropboxUploader.m */ = {isa = PBXFileReference; fileEncoding = 4; lastKnownFileType = sourcecode.c.objc; path = DropboxUploader.m; sourceTree = "<group>"; };
		8EC402FC13BFFAF00001B66E /* Uploader.h */ = {isa = PBXFileReference; fileEncoding = 4; lastKnownFileType = sourcecode.c.h; path = Uploader.h; sourceTree = "<group>"; };
		8EC402FD13BFFAF00001B66E /* Uploader.m */ = {isa = PBXFileReference; fileEncoding = 4; lastKnownFileType = sourcecode.c.objc; path = Uploader.m; sourceTree = "<group>"; };
		8ED2910D13A41A65005F10D3 /* Growler.h */ = {isa = PBXFileReference; fileEncoding = 4; lastKnownFileType = sourcecode.c.h; path = Growler.h; sourceTree = "<group>"; };
		8ED2910E13A41A65005F10D3 /* Growler.m */ = {isa = PBXFileReference; fileEncoding = 4; lastKnownFileType = sourcecode.c.objc; path = Growler.m; sourceTree = "<group>"; };
		8ED2910F13A41A65005F10D3 /* GrowlerGrowl.h */ = {isa = PBXFileReference; fileEncoding = 4; lastKnownFileType = sourcecode.c.h; path = GrowlerGrowl.h; sourceTree = "<group>"; };
		8ED2911013A41A65005F10D3 /* GrowlerGrowl.m */ = {isa = PBXFileReference; fileEncoding = 4; lastKnownFileType = sourcecode.c.objc; path = GrowlerGrowl.m; sourceTree = "<group>"; };
		8EF627D813B050980013A4B4 /* Defaults.plist */ = {isa = PBXFileReference; fileEncoding = 4; lastKnownFileType = text.plist.xml; path = Defaults.plist; sourceTree = "<group>"; };
		8EF627DB13B050CE0013A4B4 /* donate.png */ = {isa = PBXFileReference; lastKnownFileType = image.png; path = donate.png; sourceTree = "<group>"; };
		8EF627DC13B050CE0013A4B4 /* dropbox.png */ = {isa = PBXFileReference; lastKnownFileType = image.png; path = dropbox.png; sourceTree = "<group>"; };
		8EF627DD13B050CE0013A4B4 /* give_feedback.png */ = {isa = PBXFileReference; lastKnownFileType = image.png; path = give_feedback.png; sourceTree = "<group>"; };
		8EF627DE13B050CE0013A4B4 /* GrabBox2.icns */ = {isa = PBXFileReference; lastKnownFileType = image.icns; path = GrabBox2.icns; sourceTree = "<group>"; };
		8EF627DF13B050CE0013A4B4 /* howto.png */ = {isa = PBXFileReference; lastKnownFileType = image.png; path = howto.png; sourceTree = "<group>"; };
		8EF627E013B050CE0013A4B4 /* icontrans.png */ = {isa = PBXFileReference; lastKnownFileType = image.png; path = icontrans.png; sourceTree = "<group>"; };
		8EF627E313B050CE0013A4B4 /* menuicon.png */ = {isa = PBXFileReference; lastKnownFileType = image.png; path = menuicon.png; sourceTree = "<group>"; };
		8EF627E413B050CE0013A4B4 /* menuiconInverted.png */ = {isa = PBXFileReference; lastKnownFileType = image.png; path = menuiconInverted.png; sourceTree = "<group>"; };
		8EF627E513B050CE0013A4B4 /* switch_to_menubar.png */ = {isa = PBXFileReference; lastKnownFileType = image.png; path = switch_to_menubar.png; sourceTree = "<group>"; };
		8EF627F113B050DF0013A4B4 /* Credits.rtf */ = {isa = PBXFileReference; fileEncoding = 4; lastKnownFileType = text.rtf; path = Credits.rtf; sourceTree = "<group>"; };
		8EF627F213B050DF0013A4B4 /* dsa_pub.pem */ = {isa = PBXFileReference; fileEncoding = 4; lastKnownFileType = text; path = dsa_pub.pem; sourceTree = "<group>"; };
		8EF627F313B050DF0013A4B4 /* GrabBox2-Info.plist */ = {isa = PBXFileReference; fileEncoding = 4; lastKnownFileType = text.plist.xml; path = "GrabBox2-Info.plist"; sourceTree = "<group>"; };
		8EF627F413B050DF0013A4B4 /* Growl Registration Ticket.growlRegDict */ = {isa = PBXFileReference; fileEncoding = 4; lastKnownFileType = text.xml; path = "Growl Registration Ticket.growlRegDict"; sourceTree = "<group>"; };
		8EF627FA13B0512A0013A4B4 /* English */ = {isa = PBXFileReference; lastKnownFileType = file.xib; name = English; path = English.lproj/MainMenu.xib; sourceTree = "<group>"; };
		8EFFCB5A12D8F75A00201A9A /* ImageRenamer.h */ = {isa = PBXFileReference; fileEncoding = 4; lastKnownFileType = sourcecode.c.h; path = ImageRenamer.h; sourceTree = "<group>"; };
		8EFFCB5B12D8F75A00201A9A /* ImageRenamer.m */ = {isa = PBXFileReference; fileEncoding = 4; lastKnownFileType = sourcecode.c.objc; lineEnding = 0; path = ImageRenamer.m; sourceTree = "<group>"; xcLanguageSpecificationIdentifier = xcode.lang.objc; };
		8EFFCB5E12D8F75A00201A9A /* URLShortener.h */ = {isa = PBXFileReference; fileEncoding = 4; lastKnownFileType = sourcecode.c.h; path = URLShortener.h; sourceTree = "<group>"; };
		8EFFCB5F12D8F75A00201A9A /* URLShortener.m */ = {isa = PBXFileReference; fileEncoding = 4; lastKnownFileType = sourcecode.c.objc; path = URLShortener.m; sourceTree = "<group>"; };
		8EFFCB6C12D8F86C00201A9A /* NSString+URLParameters.h */ = {isa = PBXFileReference; fileEncoding = 4; lastKnownFileType = sourcecode.c.h; path = "NSString+URLParameters.h"; sourceTree = "<group>"; };
		8EFFCB6D12D8F86C00201A9A /* NSString+URLParameters.m */ = {isa = PBXFileReference; fileEncoding = 4; lastKnownFileType = sourcecode.c.objc; path = "NSString+URLParameters.m"; sourceTree = "<group>"; };
		8EFFCB9512D8F98300201A9A /* NSData+Base64.h */ = {isa = PBXFileReference; fileEncoding = 4; lastKnownFileType = sourcecode.c.h; path = "NSData+Base64.h"; sourceTree = "<group>"; };
		8EFFCB9612D8F98300201A9A /* NSData+Base64.m */ = {isa = PBXFileReference; fileEncoding = 4; lastKnownFileType = sourcecode.c.objc; path = "NSData+Base64.m"; sourceTree = "<group>"; };
		C50E57B7150D6C1C005F1ABC /* DropboxOSX.framework */ = {isa = PBXFileReference; lastKnownFileType = wrapper.framework; path = DropboxOSX.framework; sourceTree = "<group>"; };
		C52B001F13D3B8A900D39676 /* UploaderFactory.h */ = {isa = PBXFileReference; fileEncoding = 4; lastKnownFileType = sourcecode.c.h; path = UploaderFactory.h; sourceTree = "<group>"; };
		C52B002013D3B8A900D39676 /* UploaderFactory.m */ = {isa = PBXFileReference; fileEncoding = 4; lastKnownFileType = sourcecode.c.objc; path = UploaderFactory.m; sourceTree = "<group>"; };
		C52B002213D3D47900D39676 /* HostSetup.xib */ = {isa = PBXFileReference; fileEncoding = 4; lastKnownFileType = file.xib; path = HostSetup.xib; sourceTree = "<group>"; };
		C52B002813D3D84600D39676 /* imgur-small.png */ = {isa = PBXFileReference; lastKnownFileType = image.png; path = "imgur-small.png"; sourceTree = "<group>"; };
		C53A92251481A336007A5DD9 /* SBJson.framework */ = {isa = PBXFileReference; lastKnownFileType = wrapper.framework; path = SBJson.framework; sourceTree = "<group>"; };
		C55D245713DF392C003342D3 /* GrabBox2 Appstore.app */ = {isa = PBXFileReference; explicitFileType = wrapper.application; includeInIndex = 0; path = "GrabBox2 Appstore.app"; sourceTree = BUILT_PRODUCTS_DIR; };
		C55D245913DF392C003342D3 /* Cocoa.framework */ = {isa = PBXFileReference; lastKnownFileType = wrapper.framework; name = Cocoa.framework; path = System/Library/Frameworks/Cocoa.framework; sourceTree = SDKROOT; };
		C55D249013DF3A52003342D3 /* libz.1.dylib */ = {isa = PBXFileReference; lastKnownFileType = "compiled.mach-o.dylib"; name = libz.1.dylib; path = SDKs/MacOSX10.6.sdk/usr/lib/libz.1.dylib; sourceTree = DEVELOPER_DIR; };
		C55D249213DF3A62003342D3 /* Growl.framework */ = {isa = PBXFileReference; lastKnownFileType = wrapper.framework; path = Growl.framework; sourceTree = "<group>"; };
		C55D249413DF3A6E003342D3 /* SystemConfiguration.framework */ = {isa = PBXFileReference; lastKnownFileType = wrapper.framework; name = SystemConfiguration.framework; path = SDKs/MacOSX10.6.sdk/System/Library/Frameworks/SystemConfiguration.framework; sourceTree = DEVELOPER_DIR; };
		C55D249613DF3A7D003342D3 /* ObjectiveMetrics.framework */ = {isa = PBXFileReference; lastKnownFileType = wrapper.framework; path = ObjectiveMetrics.framework; sourceTree = "<group>"; };
		C55D24A113DF3DEE003342D3 /* Sparkle.framework */ = {isa = PBXFileReference; lastKnownFileType = wrapper.framework; path = Sparkle.framework; sourceTree = "<group>"; };
		C561388E153868450035C08E /* DropboxAuthView.xib */ = {isa = PBXFileReference; fileEncoding = 4; lastKnownFileType = file.xib; path = DropboxAuthView.xib; sourceTree = "<group>"; };
		C561389115386B380035C08E /* API Request Authorization - Dropbox.jpg */ = {isa = PBXFileReference; lastKnownFileType = image.jpeg; path = "API Request Authorization - Dropbox.jpg"; sourceTree = SOURCE_ROOT; };
		C561389415386C280035C08E /* WelcomeView.xib */ = {isa = PBXFileReference; fileEncoding = 4; lastKnownFileType = file.xib; path = WelcomeView.xib; sourceTree = "<group>"; };
		C561389715389D0A0035C08E /* WelcomeViewController.h */ = {isa = PBXFileReference; fileEncoding = 4; lastKnownFileType = sourcecode.c.h; path = WelcomeViewController.h; sourceTree = "<group>"; };
		C561389815389D0A0035C08E /* WelcomeViewController.m */ = {isa = PBXFileReference; fileEncoding = 4; lastKnownFileType = sourcecode.c.objc; path = WelcomeViewController.m; sourceTree = "<group>"; };
		C561389E1538A1980035C08E /* DropboxAuthViewController.h */ = {isa = PBXFileReference; fileEncoding = 4; lastKnownFileType = sourcecode.c.h; path = DropboxAuthViewController.h; sourceTree = "<group>"; };
		C561389F1538A1980035C08E /* DropboxAuthViewController.m */ = {isa = PBXFileReference; fileEncoding = 4; lastKnownFileType = sourcecode.c.objc; path = DropboxAuthViewController.m; sourceTree = "<group>"; };
/* End PBXFileReference section */

/* Begin PBXFrameworksBuildPhase section */
		8D11072E0486CEB800E47090 /* Frameworks */ = {
			isa = PBXFrameworksBuildPhase;
			buildActionMask = 2147483647;
			files = (
				C55D24A213DF3DEE003342D3 /* Sparkle.framework in Frameworks */,
				C55D249B13DF3CAC003342D3 /* ObjectiveMetrics.framework in Frameworks */,
				C55D249D13DF3CAC003342D3 /* Growl.framework in Frameworks */,
				C55D249E13DF3CAC003342D3 /* libz.1.dylib in Frameworks */,
				C55D249C13DF3CAC003342D3 /* SystemConfiguration.framework in Frameworks */,
				C55D24A013DF3CB3003342D3 /* Cocoa.framework in Frameworks */,
				C50E57B8150D6C1C005F1ABC /* DropboxOSX.framework in Frameworks */,
				C50E57BE150D72B8005F1ABC /* SBJson.framework in Frameworks */,
			);
			runOnlyForDeploymentPostprocessing = 0;
		};
		C55D245413DF392C003342D3 /* Frameworks */ = {
			isa = PBXFrameworksBuildPhase;
			buildActionMask = 2147483647;
			files = (
				C53A92261481A336007A5DD9 /* SBJson.framework in Frameworks */,
				C55D249713DF3A7D003342D3 /* ObjectiveMetrics.framework in Frameworks */,
				C55D249313DF3A62003342D3 /* Growl.framework in Frameworks */,
				C55D249113DF3A52003342D3 /* libz.1.dylib in Frameworks */,
				C55D249513DF3A6E003342D3 /* SystemConfiguration.framework in Frameworks */,
				C55D245A13DF392C003342D3 /* Cocoa.framework in Frameworks */,
				C50E57B9150D6C39005F1ABC /* DropboxOSX.framework in Frameworks */,
			);
			runOnlyForDeploymentPostprocessing = 0;
		};
/* End PBXFrameworksBuildPhase section */

/* Begin PBXGroup section */
		080E96DDFE201D6D7F000001 /* Classes */ = {
			isa = PBXGroup;
			children = (
				8EFFCB5912D8F75A00201A9A /* Actions */,
				8E79350012DA42710057D5ED /* Interface */,
				8EC402F213BFF66F0001B66E /* Uploaders */,
				8EFFCB6B12D8F86C00201A9A /* Utilities */,
				256AC3D80F4B6AC300CF3369 /* GrabBoxAppDelegate.h */,
				256AC3D90F4B6AC300CF3369 /* GrabBoxAppDelegate.m */,
				8E4A509E11E9155500A0A743 /* InformationGatherer.h */,
				8E4A509F11E9155500A0A743 /* InformationGatherer.m */,
			);
			name = Classes;
			sourceTree = "<group>";
		};
		1058C7A0FEA54F0111CA2CBB /* Linked Frameworks */ = {
			isa = PBXGroup;
			children = (
				C50E57B7150D6C1C005F1ABC /* DropboxOSX.framework */,
				C55D249213DF3A62003342D3 /* Growl.framework */,
				C53A92251481A336007A5DD9 /* SBJson.framework */,
				C55D24A113DF3DEE003342D3 /* Sparkle.framework */,
				C55D249613DF3A7D003342D3 /* ObjectiveMetrics.framework */,
				C55D249013DF3A52003342D3 /* libz.1.dylib */,
				C55D249413DF3A6E003342D3 /* SystemConfiguration.framework */,
				C55D245913DF392C003342D3 /* Cocoa.framework */,
			);
			name = "Linked Frameworks";
			path = Frameworks;
			sourceTree = "<group>";
		};
		1058C7A2FEA54F0111CA2CBB /* Other Frameworks */ = {
			isa = PBXGroup;
			children = (
				29B97324FDCFA39411CA2CEA /* AppKit.framework */,
				13E42FB307B3F0F600E4EEF1 /* CoreData.framework */,
				29B97325FDCFA39411CA2CEA /* Foundation.framework */,
				8E7385E911F3C7900051276B /* Carbon.framework */,
			);
			name = "Other Frameworks";
			sourceTree = "<group>";
		};
		19C28FACFE9D520D11CA2CBB /* Products */ = {
			isa = PBXGroup;
			children = (
				8D1107320486CEB800E47090 /* GrabBox2.app */,
				C55D245713DF392C003342D3 /* GrabBox2 Appstore.app */,
			);
			name = Products;
			sourceTree = "<group>";
		};
		29B97314FDCFA39411CA2CEA /* GrabBox */ = {
			isa = PBXGroup;
			children = (
				080E96DDFE201D6D7F000001 /* Classes */,
				29B97315FDCFA39411CA2CEA /* Other Sources */,
				29B97317FDCFA39411CA2CEA /* Resources */,
				19C28FACFE9D520D11CA2CBB /* Products */,
				29B97323FDCFA39411CA2CEA /* Frameworks */,
			);
			name = GrabBox;
			sourceTree = "<group>";
		};
		29B97315FDCFA39411CA2CEA /* Other Sources */ = {
			isa = PBXGroup;
			children = (
				256AC3F00F4B6AF500CF3369 /* GrabBox_Prefix.pch */,
				29B97316FDCFA39411CA2CEA /* main.m */,
			);
			name = "Other Sources";
			sourceTree = "<group>";
		};
		29B97317FDCFA39411CA2CEA /* Resources */ = {
			isa = PBXGroup;
			children = (
				C561389115386B380035C08E /* API Request Authorization - Dropbox.jpg */,
				8E63965713DF8131002EC0E0 /* GrabBox2.entitlements */,
				8E2AF15511F01D2100A29A61 /* Images */,
				8EF627F113B050DF0013A4B4 /* Credits.rtf */,
				8EF627F213B050DF0013A4B4 /* dsa_pub.pem */,
				8EF627D813B050980013A4B4 /* Defaults.plist */,
				8EF627F313B050DF0013A4B4 /* GrabBox2-Info.plist */,
				8EF627F413B050DF0013A4B4 /* Growl Registration Ticket.growlRegDict */,
				089C165CFE840E0CC02AAC07 /* InfoPlist.strings */,
				8EF627F913B0512A0013A4B4 /* MainMenu.xib */,
				8E49CF4B11ED14640041CE70 /* ImageRenamer.xib */,
				C52B002213D3D47900D39676 /* HostSetup.xib */,
				C561388E153868450035C08E /* DropboxAuthView.xib */,
				C561389415386C280035C08E /* WelcomeView.xib */,
			);
			path = Resources;
			sourceTree = "<group>";
		};
		29B97323FDCFA39411CA2CEA /* Frameworks */ = {
			isa = PBXGroup;
			children = (
				1058C7A0FEA54F0111CA2CBB /* Linked Frameworks */,
				1058C7A2FEA54F0111CA2CBB /* Other Frameworks */,
			);
			name = Frameworks;
			sourceTree = "<group>";
		};
		8E282D4613C0EA61008E619D /* ASIHTTPRequest */ = {
			isa = PBXGroup;
			children = (
				8E282D5A13C0EA9F008E619D /* ASICacheDelegate.h */,
				8E282D4713C0EA61008E619D /* ASIDataCompressor.h */,
				8E282D4813C0EA61008E619D /* ASIDataCompressor.m */,
				8E282D4913C0EA61008E619D /* ASIDataDecompressor.h */,
				8E282D4A13C0EA61008E619D /* ASIDataDecompressor.m */,
				8E282D4B13C0EA61008E619D /* ASIFormDataRequest.h */,
				8E282D4C13C0EA61008E619D /* ASIFormDataRequest.m */,
				8E282D5713C0EA85008E619D /* ASIHTTPRequest.h */,
				8E282D5813C0EA85008E619D /* ASIHTTPRequest.m */,
				8E282D4D13C0EA61008E619D /* ASIHTTPRequestConfig.h */,
				8E282D4E13C0EA61008E619D /* ASIHTTPRequestDelegate.h */,
				8E282D4F13C0EA61008E619D /* ASIInputStream.h */,
				8E282D5013C0EA61008E619D /* ASIInputStream.m */,
				8E282D5113C0EA61008E619D /* ASIProgressDelegate.h */,
			);
			path = ASIHTTPRequest;
			sourceTree = "<group>";
		};
		8E2AF15511F01D2100A29A61 /* Images */ = {
			isa = PBXGroup;
			children = (
				8E1D613113E625AF00F44058 /* expired.png */,
				C52B002813D3D84600D39676 /* imgur-small.png */,
				8EF627DB13B050CE0013A4B4 /* donate.png */,
				8EF627DC13B050CE0013A4B4 /* dropbox.png */,
				8EF627DD13B050CE0013A4B4 /* give_feedback.png */,
				8EF627DE13B050CE0013A4B4 /* GrabBox2.icns */,
				8EF627DF13B050CE0013A4B4 /* howto.png */,
				8EF627E013B050CE0013A4B4 /* icontrans.png */,
				8EF627E313B050CE0013A4B4 /* menuicon.png */,
				8EF627E413B050CE0013A4B4 /* menuiconInverted.png */,
				8EF627E513B050CE0013A4B4 /* switch_to_menubar.png */,
			);
			path = Images;
			sourceTree = "<group>";
		};
		8E79350012DA42710057D5ED /* Interface */ = {
			isa = PBXGroup;
			children = (
				8EAAE7F21256675800798872 /* Menubar.h */,
				8EAAE7F31256675800798872 /* Menubar.m */,
				8E7B6C2311EC433B00112165 /* Preferences.h */,
				8E7B6C2411EC433B00112165 /* Preferences.m */,
				C561389715389D0A0035C08E /* WelcomeViewController.h */,
				C561389815389D0A0035C08E /* WelcomeViewController.m */,
				C561389E1538A1980035C08E /* DropboxAuthViewController.h */,
				C561389F1538A1980035C08E /* DropboxAuthViewController.m */,
			);
			path = Interface;
			sourceTree = "<group>";
		};
		8EC402F213BFF66F0001B66E /* Uploaders */ = {
			isa = PBXGroup;
			children = (
				8EC402FA13BFFAF00001B66E /* DropboxUploader.h */,
				8EC402FB13BFFAF00001B66E /* DropboxUploader.m */,
				8E282D6713C0EE65008E619D /* ImgurUploader.h */,
				8E282D6813C0EE65008E619D /* ImgurUploader.m */,
				8EC402FC13BFFAF00001B66E /* Uploader.h */,
				8EC402FD13BFFAF00001B66E /* Uploader.m */,
				C52B001F13D3B8A900D39676 /* UploaderFactory.h */,
				C52B002013D3B8A900D39676 /* UploaderFactory.m */,
				8EC402F413BFF78D0001B66E /* UploadManager.h */,
				8EC402F513BFF78D0001B66E /* UploadManager.m */,
			);
			path = Uploaders;
			sourceTree = "<group>";
		};
		8ED290E713A41A65005F10D3 /* Growler */ = {
			isa = PBXGroup;
			children = (
				8ED2910D13A41A65005F10D3 /* Growler.h */,
				8ED2910E13A41A65005F10D3 /* Growler.m */,
				8ED2910F13A41A65005F10D3 /* GrowlerGrowl.h */,
				8ED2911013A41A65005F10D3 /* GrowlerGrowl.m */,
			);
			path = Growler;
			sourceTree = "<group>";
		};
		8EFFCB5912D8F75A00201A9A /* Actions */ = {
			isa = PBXGroup;
			children = (
				8EFFCB5A12D8F75A00201A9A /* ImageRenamer.h */,
				8EFFCB5B12D8F75A00201A9A /* ImageRenamer.m */,
				8EFFCB5E12D8F75A00201A9A /* URLShortener.h */,
				8EFFCB5F12D8F75A00201A9A /* URLShortener.m */,
			);
			path = Actions;
			sourceTree = "<group>";
		};
		8EFFCB6B12D8F86C00201A9A /* Utilities */ = {
			isa = PBXGroup;
			children = (
				8E282D4613C0EA61008E619D /* ASIHTTPRequest */,
				8ED290E713A41A65005F10D3 /* Growler */,
				8E51825711E7CE3A00D15CAB /* FSRefConversions.h */,
				8E51825811E7CE3A00D15CAB /* FSRefConversions.m */,
				8E60861611E6D1B600881A1C /* Notifier.h */,
				8E60861711E6D1B600881A1C /* Notifier.m */,
				8EFFCB6C12D8F86C00201A9A /* NSString+URLParameters.h */,
				8EFFCB6D12D8F86C00201A9A /* NSString+URLParameters.m */,
				8EFFCB9512D8F98300201A9A /* NSData+Base64.h */,
				8EFFCB9612D8F98300201A9A /* NSData+Base64.m */,
				8E368D1413A5F51800EB0D90 /* NetworkReachabilityNotifier.h */,
				8E368D1513A5F51800EB0D90 /* NetworkReachabilityNotifier.m */,
				8E1D612D13E6235D00F44058 /* ExpirationChecker.m */,
			);
			path = Utilities;
			sourceTree = "<group>";
		};
/* End PBXGroup section */

/* Begin PBXNativeTarget section */
		8D1107260486CEB800E47090 /* GrabBox2 */ = {
			isa = PBXNativeTarget;
			buildConfigurationList = C01FCF4A08A954540054247B /* Build configuration list for PBXNativeTarget "GrabBox2" */;
			buildPhases = (
				8D11072C0486CEB800E47090 /* Sources */,
				8D11072E0486CEB800E47090 /* Frameworks */,
				8D1107290486CEB800E47090 /* Resources */,
				8E7B688B11EBD23900112165 /* Copy Supporting Frameworks */,
			);
			buildRules = (
			);
			dependencies = (
				8E3FEC7313E6340800A36E2D /* PBXTargetDependency */,
			);
			name = GrabBox2;
			productInstallPath = "$(HOME)/Applications";
			productName = GrabBox;
			productReference = 8D1107320486CEB800E47090 /* GrabBox2.app */;
			productType = "com.apple.product-type.application";
		};
		C55D245613DF392C003342D3 /* GrabBox2 Appstore */ = {
			isa = PBXNativeTarget;
			buildConfigurationList = C55D246D13DF392C003342D3 /* Build configuration list for PBXNativeTarget "GrabBox2 Appstore" */;
			buildPhases = (
				C55D245313DF392C003342D3 /* Sources */,
				C55D245413DF392C003342D3 /* Frameworks */,
				C55D245513DF392C003342D3 /* Resources */,
				C55D24A713DF42C2003342D3 /* Copy Supporting Frameworks */,
			);
			buildRules = (
			);
			dependencies = (
			);
			name = "GrabBox2 Appstore";
			productName = "GrabBox2 Appstore";
			productReference = C55D245713DF392C003342D3 /* GrabBox2 Appstore.app */;
			productType = "com.apple.product-type.application";
		};
/* End PBXNativeTarget section */

/* Begin PBXProject section */
		29B97313FDCFA39411CA2CEA /* Project object */ = {
			isa = PBXProject;
			attributes = {
				LastUpgradeCheck = 0420;
			};
			buildConfigurationList = C01FCF4E08A954540054247B /* Build configuration list for PBXProject "GrabBox2" */;
			compatibilityVersion = "Xcode 3.2";
			developmentRegion = English;
			hasScannedForEncodings = 1;
			knownRegions = (
				en,
				English,
			);
			mainGroup = 29B97314FDCFA39411CA2CEA /* GrabBox */;
			projectDirPath = "";
			projectRoot = "";
			targets = (
				8D1107260486CEB800E47090 /* GrabBox2 */,
				C55D245613DF392C003342D3 /* GrabBox2 Appstore */,
				8E7B689911EBD8BC00112165 /* Distribution */,
				8E3FEC6A13E6339C00A36E2D /* Update Expiration */,
			);
		};
/* End PBXProject section */

/* Begin PBXResourcesBuildPhase section */
		8D1107290486CEB800E47090 /* Resources */ = {
			isa = PBXResourcesBuildPhase;
			buildActionMask = 2147483647;
			files = (
				8D11072B0486CEB800E47090 /* InfoPlist.strings in Resources */,
				8E49CF4D11ED14640041CE70 /* ImageRenamer.xib in Resources */,
				8EF627D913B050980013A4B4 /* Defaults.plist in Resources */,
				8EF627E613B050CE0013A4B4 /* donate.png in Resources */,
				8EF627E713B050CE0013A4B4 /* dropbox.png in Resources */,
				8EF627E813B050CE0013A4B4 /* give_feedback.png in Resources */,
				8EF627EA13B050CE0013A4B4 /* howto.png in Resources */,
				8EF627EB13B050CE0013A4B4 /* icontrans.png in Resources */,
				8EF627EE13B050CE0013A4B4 /* menuicon.png in Resources */,
				8EF627EF13B050CE0013A4B4 /* menuiconInverted.png in Resources */,
				8EF627F013B050CE0013A4B4 /* switch_to_menubar.png in Resources */,
				C55D24BC13DF47E4003342D3 /* GrabBox2.icns in Resources */,
				8EF627F513B050DF0013A4B4 /* Credits.rtf in Resources */,
				8EF627F613B050DF0013A4B4 /* dsa_pub.pem in Resources */,
				8EF627F813B050DF0013A4B4 /* Growl Registration Ticket.growlRegDict in Resources */,
				8EF627FB13B0512A0013A4B4 /* MainMenu.xib in Resources */,
				C52B002313D3D47900D39676 /* HostSetup.xib in Resources */,
				C52B002913D3D84600D39676 /* imgur-small.png in Resources */,
				8E63965813DF8131002EC0E0 /* GrabBox2.entitlements in Resources */,
				8E1D613213E625AF00F44058 /* expired.png in Resources */,
				C561388F153868450035C08E /* DropboxAuthView.xib in Resources */,
				C561389215386B380035C08E /* API Request Authorization - Dropbox.jpg in Resources */,
				C561389515386C280035C08E /* WelcomeView.xib in Resources */,
			);
			runOnlyForDeploymentPostprocessing = 0;
		};
		C55D245513DF392C003342D3 /* Resources */ = {
			isa = PBXResourcesBuildPhase;
			buildActionMask = 2147483647;
			files = (
				C55D24BA13DF4460003342D3 /* Credits.rtf in Resources */,
				C55D24AB13DF43BE003342D3 /* Defaults.plist in Resources */,
				C55D24AC13DF43BE003342D3 /* Growl Registration Ticket.growlRegDict in Resources */,
				C55D24AD13DF43BE003342D3 /* InfoPlist.strings in Resources */,
				C55D24AE13DF43BE003342D3 /* MainMenu.xib in Resources */,
				C55D24AF13DF43BE003342D3 /* ImageRenamer.xib in Resources */,
				C55D24B013DF43BE003342D3 /* HostSetup.xib in Resources */,
				C55D24BB13DF47DA003342D3 /* GrabBox2.icns in Resources */,
				C55D24B113DF43FB003342D3 /* imgur-small.png in Resources */,
				C55D24B213DF43FB003342D3 /* donate.png in Resources */,
				C55D24B313DF43FB003342D3 /* dropbox.png in Resources */,
				C55D24B413DF43FB003342D3 /* give_feedback.png in Resources */,
				C55D24B513DF43FB003342D3 /* howto.png in Resources */,
				C55D24B613DF43FB003342D3 /* icontrans.png in Resources */,
				C55D24B713DF43FB003342D3 /* menuicon.png in Resources */,
				C55D24B813DF43FB003342D3 /* menuiconInverted.png in Resources */,
				C55D24B913DF43FB003342D3 /* switch_to_menubar.png in Resources */,
				8E1D613313E625AF00F44058 /* expired.png in Resources */,
				C5613890153868450035C08E /* DropboxAuthView.xib in Resources */,
				C561389315386B380035C08E /* API Request Authorization - Dropbox.jpg in Resources */,
				C561389615386C280035C08E /* WelcomeView.xib in Resources */,
			);
			runOnlyForDeploymentPostprocessing = 0;
		};
/* End PBXResourcesBuildPhase section */

/* Begin PBXShellScriptBuildPhase section */
		8E3FEC6D13E6339C00A36E2D /* ShellScript */ = {
			isa = PBXShellScriptBuildPhase;
			buildActionMask = 2147483647;
			files = (
			);
			inputPaths = (
			);
			outputPaths = (
			);
			runOnlyForDeploymentPostprocessing = 0;
			shellPath = /bin/bash;
			shellScript = "set -o errexit\n\ntouch $SRCROOT/Utilities/ExpirationChecker.m";
			showEnvVarsInLog = 0;
		};
		8E7B68A111EBD8CE00112165 /* ShellScript */ = {
			isa = PBXShellScriptBuildPhase;
			buildActionMask = 2147483647;
			files = (
			);
			inputPaths = (
			);
			outputPaths = (
			);
			runOnlyForDeploymentPostprocessing = 0;
			shellPath = /bin/bash;
			shellScript = "set -o errexit\n\n[[ -z \"$BUILD_STYLE\" ]] && BUILD_STYLE=$CONFIGURATION\n\n[ $BUILD_STYLE = Release ] || { echo Distribution target requires \"'Release'\" build style; false; }\n\nCFBundleVersion=$(/usr/bin/env git describe --long --match 'v*' | cut -c2- | sed s/-/./g)\nCFBundleShortVersionString=$(/usr/bin/env git describe --match 'v*' | cut -c2- | sed 's/-/./; s/-.*$//')\n\ndomain=\"$BUILT_PRODUCTS_DIR/$PROJECT_NAME.app/Contents/Info\"\n\ndefaults write \"$domain\" CFBundleVersion -string \"$CFBundleVersion\"\ndefaults write \"$domain\" CFBundleShortVersionString -string \"$CFBundleShortVersionString\"\nplutil -convert xml1 -s \"$domain.plist\"\n\nVERSION=$(defaults read \"$BUILT_PRODUCTS_DIR/$PROJECT_NAME.app/Contents/Info\" CFBundleVersion)\nARCHIVE_FILENAME=\"$PROJECT_NAME $CFBundleShortVersionString.zip\"\nKEYCHAIN_PRIVKEY_NAME=\"GrabBox Sparkle Private Key\"\nWD=$PWD\nRELEASEINFO_FILENAME=\"../releases/$CFBundleShortVersionString.yaml\"\n\nif [ ! -f \"$WD/webpage/$RELEASEINFO_FILENAME\" ]; then\n    echo \"Missing releaseinfo: $WD/webpage/$RELEASEINFO_FILENAME\"\n    exit 1\nfi\n\ncd \"$BUILT_PRODUCTS_DIR\"\n\nrm -f \"$PROJECT_NAME\"*.zip\nditto -ck --keepParent \"$PROJECT_NAME.app\" \"$ARCHIVE_FILENAME\"\n\nSIZE=$(stat -f %z \"$ARCHIVE_FILENAME\")\nPUBDATE=$(LC_TIME=en_US date +\"%a, %d %b %G %T %z\")\nSIGNATURE=$(\n\topenssl dgst -sha1 -binary < \"$ARCHIVE_FILENAME\" \\\n\t| openssl dgst -dss1 -sign <(security find-generic-password -g -s \"$KEYCHAIN_PRIVKEY_NAME\" 2>&1 1>/dev/null | perl -pe '($_) = /\"(.+)\"/; s/\\\\012/\\n/g' | perl -MXML::LibXML -e 'print XML::LibXML->new()->parse_file(\"-\")->findvalue(q(//string[preceding-sibling::key[1] = \"NOTE\"]))') \\\n\t| openssl enc -base64\n)\n\n[ $SIGNATURE ] || { echo Unable to load signing private key with name \"'$KEYCHAIN_PRIVKEY_NAME'\" from keychain; false; }\n\nmv \"$HOME/Projects/GrabBox/build/Release/$ARCHIVE_FILENAME\" \"$WD/webpage/updates/\"\n\necho \"cd '$WD/webpage'\"\necho cat \\> \\\"$RELEASEINFO_FILENAME\\\"\nperl -ple 's#(date:\\s+)(.*)#$1'\"$PUBDATE\"'#; s#(signature:\\s+)(.*)#$1'\"$SIGNATURE\"'#' \"$WD/webpage/$RELEASEINFO_FILENAME\"\necho\necho ./generate appcast \\> appcast2beta.xml\necho ./generate releasenotes \\> releasenotes2beta.html\necho scp \"'updates/$ARCHIVE_FILENAME'\" arachnophobia:grabbox/updates/\necho scp appcast2beta.xml releasenotes2beta.html arachnophobia:grabbox/";
			showEnvVarsInLog = 0;
		};
/* End PBXShellScriptBuildPhase section */

/* Begin PBXSourcesBuildPhase section */
		8D11072C0486CEB800E47090 /* Sources */ = {
			isa = PBXSourcesBuildPhase;
			buildActionMask = 2147483647;
			files = (
				8D11072D0486CEB800E47090 /* main.m in Sources */,
				256AC3DA0F4B6AC300CF3369 /* GrabBoxAppDelegate.m in Sources */,
				8E60861811E6D1B600881A1C /* Notifier.m in Sources */,
				8E51825911E7CE3A00D15CAB /* FSRefConversions.m in Sources */,
				8E4A50A011E9155500A0A743 /* InformationGatherer.m in Sources */,
				8E7B6C2511EC433B00112165 /* Preferences.m in Sources */,
				8EAAE7F41256675800798872 /* Menubar.m in Sources */,
				8EFFCB6012D8F75A00201A9A /* ImageRenamer.m in Sources */,
				8EFFCB6212D8F75A00201A9A /* URLShortener.m in Sources */,
				8EFFCB6E12D8F86C00201A9A /* NSString+URLParameters.m in Sources */,
				8EFFCB9712D8F98300201A9A /* NSData+Base64.m in Sources */,
				8ED2912813A41A66005F10D3 /* Growler.m in Sources */,
				8ED2912913A41A66005F10D3 /* GrowlerGrowl.m in Sources */,
				8E368D1613A5F51800EB0D90 /* NetworkReachabilityNotifier.m in Sources */,
				8EC402F613BFF78D0001B66E /* UploadManager.m in Sources */,
				8EC402FE13BFFAF00001B66E /* DropboxUploader.m in Sources */,
				8EC402FF13BFFAF00001B66E /* Uploader.m in Sources */,
				8E282D5213C0EA61008E619D /* ASIDataCompressor.m in Sources */,
				8E282D5313C0EA61008E619D /* ASIDataDecompressor.m in Sources */,
				8E282D5413C0EA61008E619D /* ASIFormDataRequest.m in Sources */,
				8E282D5513C0EA61008E619D /* ASIInputStream.m in Sources */,
				8E282D5913C0EA85008E619D /* ASIHTTPRequest.m in Sources */,
				8E282D6913C0EE65008E619D /* ImgurUploader.m in Sources */,
				C52B002113D3B8A900D39676 /* UploaderFactory.m in Sources */,
				8E1D612E13E6235D00F44058 /* ExpirationChecker.m in Sources */,
				C561389A15389D0A0035C08E /* WelcomeViewController.m in Sources */,
				C56138A11538A1980035C08E /* DropboxAuthViewController.m in Sources */,
			);
			runOnlyForDeploymentPostprocessing = 0;
		};
		C55D245313DF392C003342D3 /* Sources */ = {
			isa = PBXSourcesBuildPhase;
			buildActionMask = 2147483647;
			files = (
				C55D247113DF39BD003342D3 /* main.m in Sources */,
				C55D247213DF39C5003342D3 /* GrabBoxAppDelegate.m in Sources */,
				C55D247313DF39C5003342D3 /* InformationGatherer.m in Sources */,
				C55D247413DF39D9003342D3 /* ImageRenamer.m in Sources */,
				C55D247513DF39D9003342D3 /* URLShortener.m in Sources */,
				C55D247613DF39D9003342D3 /* Menubar.m in Sources */,
				C55D247713DF39D9003342D3 /* Preferences.m in Sources */,
				C55D247813DF39D9003342D3 /* DropboxUploader.m in Sources */,
				C55D247913DF39D9003342D3 /* ImgurUploader.m in Sources */,
				C55D247A13DF39D9003342D3 /* Uploader.m in Sources */,
				C55D247B13DF39D9003342D3 /* UploaderFactory.m in Sources */,
				C55D247C13DF39D9003342D3 /* UploadManager.m in Sources */,
				C55D247D13DF39DD003342D3 /* ASIDataCompressor.m in Sources */,
				C55D247E13DF39DD003342D3 /* ASIDataDecompressor.m in Sources */,
				C55D247F13DF39DD003342D3 /* ASIFormDataRequest.m in Sources */,
				C55D248013DF39DD003342D3 /* ASIHTTPRequest.m in Sources */,
				C55D248113DF39DD003342D3 /* ASIInputStream.m in Sources */,
				C55D248213DF39DF003342D3 /* Growler.m in Sources */,
				C55D248313DF39DF003342D3 /* GrowlerGrowl.m in Sources */,
				C55D248913DF39E6003342D3 /* FSRefConversions.m in Sources */,
				C55D248A13DF39E6003342D3 /* Notifier.m in Sources */,
				C55D248B13DF39E6003342D3 /* NSString+URLParameters.m in Sources */,
				C55D248C13DF39E6003342D3 /* NSData+Base64.m in Sources */,
				C55D248D13DF39E6003342D3 /* NetworkReachabilityNotifier.m in Sources */,
				8E1D612F13E6235D00F44058 /* ExpirationChecker.m in Sources */,
				C561389B15389D0A0035C08E /* WelcomeViewController.m in Sources */,
				C56138A21538A1980035C08E /* DropboxAuthViewController.m in Sources */,
			);
			runOnlyForDeploymentPostprocessing = 0;
		};
/* End PBXSourcesBuildPhase section */

/* Begin PBXTargetDependency section */
		8E3FEC7313E6340800A36E2D /* PBXTargetDependency */ = {
			isa = PBXTargetDependency;
			target = 8E3FEC6A13E6339C00A36E2D /* Update Expiration */;
			targetProxy = 8E3FEC7213E6340800A36E2D /* PBXContainerItemProxy */;
		};
		8E7B689D11EBD8C000112165 /* PBXTargetDependency */ = {
			isa = PBXTargetDependency;
			target = 8D1107260486CEB800E47090 /* GrabBox2 */;
			targetProxy = 8E7B689C11EBD8C000112165 /* PBXContainerItemProxy */;
		};
/* End PBXTargetDependency section */

/* Begin PBXVariantGroup section */
		089C165CFE840E0CC02AAC07 /* InfoPlist.strings */ = {
			isa = PBXVariantGroup;
			children = (
				089C165DFE840E0CC02AAC07 /* English */,
			);
			name = InfoPlist.strings;
			sourceTree = "<group>";
		};
		8E49CF4B11ED14640041CE70 /* ImageRenamer.xib */ = {
			isa = PBXVariantGroup;
			children = (
				8E49CF4C11ED14640041CE70 /* English */,
			);
			name = ImageRenamer.xib;
			sourceTree = "<group>";
		};
		8EF627F913B0512A0013A4B4 /* MainMenu.xib */ = {
			isa = PBXVariantGroup;
			children = (
				8EF627FA13B0512A0013A4B4 /* English */,
			);
			name = MainMenu.xib;
			sourceTree = "<group>";
		};
/* End PBXVariantGroup section */

/* Begin XCBuildConfiguration section */
		8E256850129C5B5100DE3ACD /* Debug for distribution */ = {
			isa = XCBuildConfiguration;
			buildSettings = {
				ARCHS = "$(ARCHS_STANDARD_32_64_BIT)";
				CODE_SIGN_IDENTITY = "3rd Party Mac Developer Application: Joergen Pedersen Tjernoe";
				GCC_C_LANGUAGE_STANDARD = gnu99;
				GCC_PRECOMPILE_PREFIX_HEADER = YES;
				GCC_PREFIX_HEADER = GrabBox_Prefix.pch;
				GCC_PREPROCESSOR_DEFINITIONS = "DEBUG=1";
				GCC_WARN_ABOUT_RETURN_TYPE = YES;
				GCC_WARN_UNUSED_VARIABLE = YES;
				INFOPLIST_OTHER_PREPROCESSOR_FLAGS = "-C";
				INFOPLIST_PREPROCESS = YES;
				INFOPLIST_PREPROCESSOR_DEFINITIONS = "$(GCC_PREPROCESSOR_DEFINITIONS)";
				LD_RUNPATH_SEARCH_PATHS = "@loader_path/../Frameworks";
				MACOSX_DEPLOYMENT_TARGET = 10.5;
				SDKROOT = "";
			};
			name = "Debug for distribution";
		};
		8E256851129C5B5100DE3ACD /* Debug for distribution */ = {
			isa = XCBuildConfiguration;
			buildSettings = {
				ALWAYS_SEARCH_USER_PATHS = NO;
				CODE_SIGN_ENTITLEMENTS = Resources/GrabBox2.entitlements;
				COPY_PHASE_STRIP = NO;
				FRAMEWORK_SEARCH_PATHS = (
					"$(inherited)",
					"\"$(SRCROOT)\"",
					"\"$(SRCROOT)/Frameworks\"",
					"\"$(DEVELOPER_DIR)/SDKs/MacOSX10.6.sdk/System/Library/Frameworks\"",
				);
				GCC_DYNAMIC_NO_PIC = NO;
				INFOPLIST_FILE = "Resources/GrabBox2-Info.plist";
				INSTALL_PATH = "$(HOME)/Applications";
				LIBRARY_SEARCH_PATHS = (
					"$(inherited)",
					"\"$(DEVELOPER_DIR)/SDKs/MacOSX10.6.sdk/usr/lib\"",
				);
				PRODUCT_NAME = GrabBox2;
			};
			name = "Debug for distribution";
		};
		8E256852129C5B5100DE3ACD /* Debug for distribution */ = {
			isa = XCBuildConfiguration;
			buildSettings = {
				COPY_PHASE_STRIP = NO;
				GCC_DYNAMIC_NO_PIC = NO;
				GCC_OPTIMIZATION_LEVEL = 0;
				PRODUCT_NAME = Distribution;
			};
			name = "Debug for distribution";
		};
		8E3FEC6F13E6339C00A36E2D /* Debug */ = {
			isa = XCBuildConfiguration;
			buildSettings = {
				PRODUCT_NAME = "Update Expiration";
			};
			name = Debug;
		};
		8E3FEC7013E6339C00A36E2D /* Debug for distribution */ = {
			isa = XCBuildConfiguration;
			buildSettings = {
				PRODUCT_NAME = "Update Expiration";
			};
			name = "Debug for distribution";
		};
		8E3FEC7113E6339C00A36E2D /* Release */ = {
			isa = XCBuildConfiguration;
			buildSettings = {
				PRODUCT_NAME = "Update Expiration";
			};
			name = Release;
		};
		8E7B689A11EBD8BD00112165 /* Debug */ = {
			isa = XCBuildConfiguration;
			buildSettings = {
				COPY_PHASE_STRIP = NO;
				GCC_DYNAMIC_NO_PIC = NO;
				GCC_OPTIMIZATION_LEVEL = 0;
				PRODUCT_NAME = Distribution;
			};
			name = Debug;
		};
		8E7B689B11EBD8BD00112165 /* Release */ = {
			isa = XCBuildConfiguration;
			buildSettings = {
				COPY_PHASE_STRIP = YES;
				DEBUG_INFORMATION_FORMAT = "dwarf-with-dsym";
				PRODUCT_NAME = Distribution;
				ZERO_LINK = NO;
			};
			name = Release;
		};
		C01FCF4B08A954540054247B /* Debug */ = {
			isa = XCBuildConfiguration;
			buildSettings = {
				ALWAYS_SEARCH_USER_PATHS = NO;
				CODE_SIGN_ENTITLEMENTS = Resources/GrabBox2.entitlements;
				COPY_PHASE_STRIP = NO;
				FRAMEWORK_SEARCH_PATHS = (
					"$(inherited)",
					"\"$(SRCROOT)\"",
					"\"$(SRCROOT)/Frameworks\"",
					"\"$(DEVELOPER_DIR)/SDKs/MacOSX10.6.sdk/System/Library/Frameworks\"",
				);
				GCC_DYNAMIC_NO_PIC = NO;
				INFOPLIST_FILE = "Resources/GrabBox2-Info.plist";
				INSTALL_PATH = "$(HOME)/Applications";
				LIBRARY_SEARCH_PATHS = (
					"$(inherited)",
					"\"$(DEVELOPER_DIR)/SDKs/MacOSX10.6.sdk/usr/lib\"",
				);
				PRODUCT_NAME = GrabBox2;
			};
			name = Debug;
		};
		C01FCF4C08A954540054247B /* Release */ = {
			isa = XCBuildConfiguration;
			buildSettings = {
				ALWAYS_SEARCH_USER_PATHS = NO;
				CODE_SIGN_ENTITLEMENTS = Resources/GrabBox2.entitlements;
				FRAMEWORK_SEARCH_PATHS = (
					"$(inherited)",
					"\"$(SRCROOT)\"",
					"\"$(SRCROOT)/Frameworks\"",
					"\"$(DEVELOPER_DIR)/SDKs/MacOSX10.6.sdk/System/Library/Frameworks\"",
				);
				INFOPLIST_FILE = "Resources/GrabBox2-Info.plist";
				INSTALL_PATH = "$(HOME)/Applications";
				LIBRARY_SEARCH_PATHS = (
					"$(inherited)",
					"\"$(DEVELOPER_DIR)/SDKs/MacOSX10.6.sdk/usr/lib\"",
				);
				PRODUCT_NAME = GrabBox2;
			};
			name = Release;
		};
		C01FCF4F08A954540054247B /* Debug */ = {
			isa = XCBuildConfiguration;
			buildSettings = {
				ARCHS = "$(ARCHS_STANDARD_32_64_BIT)";
				CODE_SIGN_IDENTITY = "3rd Party Mac Developer Application";
				GCC_C_LANGUAGE_STANDARD = gnu99;
				GCC_PRECOMPILE_PREFIX_HEADER = YES;
				GCC_PREFIX_HEADER = GrabBox_Prefix.pch;
				GCC_PREPROCESSOR_DEFINITIONS = (
					"DEBUG=1",
					"NO_LICENSE=1",
				);
				GCC_WARN_ABOUT_RETURN_TYPE = YES;
				GCC_WARN_UNUSED_VARIABLE = YES;
				INFOPLIST_OTHER_PREPROCESSOR_FLAGS = "-C";
				INFOPLIST_PREPROCESS = YES;
				INFOPLIST_PREPROCESSOR_DEFINITIONS = "$(GCC_PREPROCESSOR_DEFINITIONS)";
				LD_RUNPATH_SEARCH_PATHS = "@loader_path/../Frameworks";
				MACOSX_DEPLOYMENT_TARGET = 10.5;
				ONLY_ACTIVE_ARCH = YES;
				SDKROOT = "";
			};
			name = Debug;
		};
		C01FCF5008A954540054247B /* Release */ = {
			isa = XCBuildConfiguration;
			buildSettings = {
				ARCHS = "$(ARCHS_STANDARD_32_64_BIT)";
				CODE_SIGN_IDENTITY = "3rd Party Mac Developer Application: Joergen Pedersen Tjernoe";
				DEBUG_INFORMATION_FORMAT = "dwarf-with-dsym";
				GCC_C_LANGUAGE_STANDARD = gnu99;
				GCC_PRECOMPILE_PREFIX_HEADER = YES;
				GCC_PREFIX_HEADER = GrabBox_Prefix.pch;
				GCC_WARN_ABOUT_RETURN_TYPE = YES;
				GCC_WARN_UNUSED_VARIABLE = YES;
				INFOPLIST_OTHER_PREPROCESSOR_FLAGS = "-C";
				INFOPLIST_PREPROCESS = YES;
				INFOPLIST_PREPROCESSOR_DEFINITIONS = "$(GCC_PREPROCESSOR_DEFINITIONS)";
				LD_RUNPATH_SEARCH_PATHS = "@loader_path/../Frameworks";
				MACOSX_DEPLOYMENT_TARGET = 10.5;
				SDKROOT = "";
			};
			name = Release;
		};
		C55D246E13DF392C003342D3 /* Debug */ = {
			isa = XCBuildConfiguration;
			buildSettings = {
				ALWAYS_SEARCH_USER_PATHS = NO;
				CODE_SIGN_ENTITLEMENTS = Resources/GrabBox2.entitlements;
				COPY_PHASE_STRIP = NO;
				FRAMEWORK_SEARCH_PATHS = (
					"$(inherited)",
					"\"$(SRCROOT)/Frameworks\"",
				);
				GCC_DYNAMIC_NO_PIC = NO;
				GCC_ENABLE_OBJC_EXCEPTIONS = YES;
				GCC_OPTIMIZATION_LEVEL = 0;
				GCC_PRECOMPILE_PREFIX_HEADER = YES;
				GCC_PREPROCESSOR_DEFINITIONS = (
					"MAC_APP_STORE=1",
					"$(GCC_PREPROCESSOR_DEFINITIONS)",
				);
				GCC_SYMBOLS_PRIVATE_EXTERN = NO;
				GCC_VERSION = com.apple.compilers.llvm.clang.1_0;
				GCC_WARN_64_TO_32_BIT_CONVERSION = YES;
				INFOPLIST_FILE = "Resources/GrabBox2-Info.plist";
				MACOSX_DEPLOYMENT_TARGET = 10.6;
				PRODUCT_NAME = "$(TARGET_NAME)";
				SDKROOT = macosx;
				WRAPPER_EXTENSION = app;
			};
			name = Debug;
		};
		C55D246F13DF392C003342D3 /* Debug for distribution */ = {
			isa = XCBuildConfiguration;
			buildSettings = {
				ALWAYS_SEARCH_USER_PATHS = NO;
				CODE_SIGN_ENTITLEMENTS = Resources/GrabBox2.entitlements;
				COPY_PHASE_STRIP = NO;
				FRAMEWORK_SEARCH_PATHS = (
					"$(inherited)",
					"\"$(SRCROOT)/Frameworks\"",
				);
				GCC_DYNAMIC_NO_PIC = NO;
				GCC_ENABLE_OBJC_EXCEPTIONS = YES;
				GCC_OPTIMIZATION_LEVEL = 0;
				GCC_PRECOMPILE_PREFIX_HEADER = YES;
				GCC_PREPROCESSOR_DEFINITIONS = (
					"MAC_APP_STORE=1",
					"$(GCC_PREPROCESSOR_DEFINITIONS)",
				);
				GCC_SYMBOLS_PRIVATE_EXTERN = NO;
				GCC_VERSION = com.apple.compilers.llvm.clang.1_0;
				GCC_WARN_64_TO_32_BIT_CONVERSION = YES;
				INFOPLIST_FILE = "Resources/GrabBox2-Info.plist";
				MACOSX_DEPLOYMENT_TARGET = 10.6;
				PRODUCT_NAME = "$(TARGET_NAME)";
				SDKROOT = macosx;
				WRAPPER_EXTENSION = app;
			};
			name = "Debug for distribution";
		};
		C55D247013DF392C003342D3 /* Release */ = {
			isa = XCBuildConfiguration;
			buildSettings = {
				ALWAYS_SEARCH_USER_PATHS = NO;
				CODE_SIGN_ENTITLEMENTS = Resources/GrabBox2.entitlements;
				COPY_PHASE_STRIP = YES;
				DEBUG_INFORMATION_FORMAT = "dwarf-with-dsym";
				FRAMEWORK_SEARCH_PATHS = (
					"$(inherited)",
					"\"$(SRCROOT)/Frameworks\"",
				);
				GCC_ENABLE_OBJC_EXCEPTIONS = YES;
				GCC_PRECOMPILE_PREFIX_HEADER = YES;
				GCC_PREPROCESSOR_DEFINITIONS = (
					"MAC_APP_STORE=1",
					"$(GCC_PREPROCESSOR_DEFINITIONS)",
				);
				GCC_VERSION = com.apple.compilers.llvm.clang.1_0;
				GCC_WARN_64_TO_32_BIT_CONVERSION = YES;
				INFOPLIST_FILE = "Resources/GrabBox2-Info.plist";
				MACOSX_DEPLOYMENT_TARGET = 10.6;
				PRODUCT_NAME = GrabBox2;
				SDKROOT = macosx;
				WRAPPER_EXTENSION = app;
			};
			name = Release;
		};
/* End XCBuildConfiguration section */

/* Begin XCConfigurationList section */
		8E3FEC6E13E6339C00A36E2D /* Build configuration list for PBXAggregateTarget "Update Expiration" */ = {
			isa = XCConfigurationList;
			buildConfigurations = (
				8E3FEC6F13E6339C00A36E2D /* Debug */,
				8E3FEC7013E6339C00A36E2D /* Debug for distribution */,
				8E3FEC7113E6339C00A36E2D /* Release */,
			);
			defaultConfigurationIsVisible = 0;
			defaultConfigurationName = Release;
		};
		8E7B68AC11EBD8D500112165 /* Build configuration list for PBXAggregateTarget "Distribution" */ = {
			isa = XCConfigurationList;
			buildConfigurations = (
				8E7B689A11EBD8BD00112165 /* Debug */,
				8E256852129C5B5100DE3ACD /* Debug for distribution */,
				8E7B689B11EBD8BD00112165 /* Release */,
			);
			defaultConfigurationIsVisible = 0;
			defaultConfigurationName = Release;
		};
		C01FCF4A08A954540054247B /* Build configuration list for PBXNativeTarget "GrabBox2" */ = {
			isa = XCConfigurationList;
			buildConfigurations = (
				C01FCF4B08A954540054247B /* Debug */,
				8E256851129C5B5100DE3ACD /* Debug for distribution */,
				C01FCF4C08A954540054247B /* Release */,
			);
			defaultConfigurationIsVisible = 0;
			defaultConfigurationName = Release;
		};
		C01FCF4E08A954540054247B /* Build configuration list for PBXProject "GrabBox2" */ = {
			isa = XCConfigurationList;
			buildConfigurations = (
				C01FCF4F08A954540054247B /* Debug */,
				8E256850129C5B5100DE3ACD /* Debug for distribution */,
				C01FCF5008A954540054247B /* Release */,
			);
			defaultConfigurationIsVisible = 0;
			defaultConfigurationName = Release;
		};
		C55D246D13DF392C003342D3 /* Build configuration list for PBXNativeTarget "GrabBox2 Appstore" */ = {
			isa = XCConfigurationList;
			buildConfigurations = (
				C55D246E13DF392C003342D3 /* Debug */,
				C55D246F13DF392C003342D3 /* Debug for distribution */,
				C55D247013DF392C003342D3 /* Release */,
			);
			defaultConfigurationIsVisible = 0;
			defaultConfigurationName = Release;
		};
/* End XCConfigurationList section */
	};
	rootObject = 29B97313FDCFA39411CA2CEA /* Project object */;
}
